PODS:
  - Alamofire (3.1.5)
  - AMap3DMap (3.3.0)
  - AMapLocation (1.1.1)
  - AMapSearch (3.2.0)
  - Bugly (1.4.7)
  - Kingfisher (2.0.0)
  - Realm (0.97.0):
    - Realm/Headers (= 0.97.0)
  - Realm/Headers (0.97.0)
  - RealmSwift (0.97.0):
    - Realm (= 0.97.0)
  - Reveal-iOS-SDK (1.6.2)
  - RongCloudIMKit (2.4.5)
  - RxBlocking (2.1.0):
    - RxSwift (~> 2.0)
  - RxCocoa (2.1.0):
    - RxSwift (~> 2.0)
  - RxSwift (2.1.0)
  - SwiftyJSON (2.3.2)

DEPENDENCIES:
  - Alamofire
  - AMap3DMap
  - AMapLocation
  - AMapSearch
  - Bugly
  - Kingfisher
  - RealmSwift
  - Reveal-iOS-SDK
  - RongCloudIMKit
  - RxBlocking
  - RxCocoa
  - RxSwift
  - SwiftyJSON

SPEC CHECKSUMS:
  Alamofire: 5f730ba29fd113b7ddd71c1e65d0c630acf5d7b0
  AMap3DMap: be6d5c4f239b41b7fa3589871779cc5614f4eb27
  AMapLocation: fc0245146ef90811f9590d428e9035a2a64f4526
  AMapSearch: a885f0702578a441a22cb66fa74f8918c6d19e6f
  Bugly: 363ada47fabfc670a30e4d2a3c147ea2d20bba0e
  Kingfisher: 67d280b39e878afbd467c80953924a61950c45e4
  Realm: b498a6fb9d288b171ff98d0e2d4384c295be8990
  RealmSwift: d014810dec75c9a3f1a33926d2dabfed855c582c
  Reveal-iOS-SDK: e2250b3c155bcfac53ae223ddc1f76d08f206c33
  RongCloudIMKit: 2f877b6826c0f98c91a217b4df5f3c0d46987394
  RxBlocking: fa297def258d85c5beae9ed507f94645260b3747
  RxCocoa: 79b5feb8378545336e756a0a33fcf5e95050b71c
  RxSwift: 110fb07f81c17c2c3b3254d168363057b1880d18
  SwiftyJSON: 04ccea08915aa0109039157c7974cf0298da292a

COCOAPODS: 0.39.0
