// !$*UTF8*$!
{
	archiveVersion = 1;
	classes = {
	};
	objectVersion = 46;
	objects = {

/* Begin PBXBuildFile section */
		1F89CDF53FF0F74A74327388 /* Pods.framework in Frameworks */ = {isa = PBXBuildFile; fileRef = 04AEEC4067984AC3FB0D501E /* Pods.framework */; settings = {ATTRIBUTES = (Weak, ); }; };
		C8516DDC1AE2127A00BB0FF4 /* Images.xcassets in Resources */ = {isa = PBXBuildFile; fileRef = C8516DDB1AE2127A00BB0FF4 /* Images.xcassets */; };
		C8516DDE1AE240C500BB0FF4 /* CarIconEditViewController.swift in Sources */ = {isa = PBXBuildFile; fileRef = C8516DDD1AE240C500BB0FF4 /* CarIconEditViewController.swift */; };
		C867FC6C1AD8FCAF00F99592 /* AppDelegate.swift in Sources */ = {isa = PBXBuildFile; fileRef = C867FC6B1AD8FCAF00F99592 /* AppDelegate.swift */; };
		C867FC731AD8FCAF00F99592 /* Main.storyboard in Resources */ = {isa = PBXBuildFile; fileRef = C867FC711AD8FCAF00F99592 /* Main.storyboard */; };
		C867FC781AD8FCAF00F99592 /* LaunchScreen.xib in Resources */ = {isa = PBXBuildFile; fileRef = C867FC761AD8FCAF00F99592 /* LaunchScreen.xib */; };
		C867FC841AD8FCB000F99592 /* GetCarSwiftTests.swift in Sources */ = {isa = PBXBuildFile; fileRef = C867FC831AD8FCB000F99592 /* GetCarSwiftTests.swift */; };
		C867FD1E1AD9071900F99592 /* Globals.swift in Sources */ = {isa = PBXBuildFile; fileRef = C867FD1D1AD9071900F99592 /* Globals.swift */; };
		C867FD211AD909E400F99592 /* LoginViewController.swift in Sources */ = {isa = PBXBuildFile; fileRef = C867FD201AD909E400F99592 /* LoginViewController.swift */; };
		C88D822F1AE27E4900DBC0C1 /* Utils.swift in Sources */ = {isa = PBXBuildFile; fileRef = C88D822E1AE27E4900DBC0C1 /* Utils.swift */; };
		C8C6B4271ADFE6C500059523 /* InfoEditViewController.swift in Sources */ = {isa = PBXBuildFile; fileRef = C8C6B4261ADFE6C500059523 /* InfoEditViewController.swift */; };
		C8E2B8381AD92727003B07FE /* CommonTableViewCell.swift in Sources */ = {isa = PBXBuildFile; fileRef = C8E2B8371AD92727003B07FE /* CommonTableViewCell.swift */; };
		C8E2B83B1AD92B27003B07FE /* CarBarViewController.swift in Sources */ = {isa = PBXBuildFile; fileRef = C8E2B83A1AD92B27003B07FE /* CarBarViewController.swift */; };
		C8E2B83D1AD92D73003B07FE /* PostCell.swift in Sources */ = {isa = PBXBuildFile; fileRef = C8E2B83C1AD92D73003B07FE /* PostCell.swift */; };
		C8E2B8401AD93527003B07FE /* IntroduceViewController.swift in Sources */ = {isa = PBXBuildFile; fileRef = C8E2B83F1AD93527003B07FE /* IntroduceViewController.swift */; };
		C8E2B8421AD93BC6003B07FE /* IntroduceCotentView.swift in Sources */ = {isa = PBXBuildFile; fileRef = C8E2B8411AD93BC6003B07FE /* IntroduceCotentView.swift */; };
		C8E2B8441AD93C00003B07FE /* IntroduceContentView.xib in Resources */ = {isa = PBXBuildFile; fileRef = C8E2B8431AD93C00003B07FE /* IntroduceContentView.xib */; };
		C8E2B8481AD95103003B07FE /* ModifyViewController.swift in Sources */ = {isa = PBXBuildFile; fileRef = C8E2B8471AD95103003B07FE /* ModifyViewController.swift */; };
		C8E2B84B1AD95AD6003B07FE /* AccountCell.swift in Sources */ = {isa = PBXBuildFile; fileRef = C8E2B84A1AD95AD6003B07FE /* AccountCell.swift */; };
		C8E2B84D1AD95AE8003B07FE /* PersonInfoCell.swift in Sources */ = {isa = PBXBuildFile; fileRef = C8E2B84C1AD95AE8003B07FE /* PersonInfoCell.swift */; };
		C8E2B84F1AD95C5E003B07FE /* MineViewController.swift in Sources */ = {isa = PBXBuildFile; fileRef = C8E2B84E1AD95C5E003B07FE /* MineViewController.swift */; };
		C8E2B8511AD967D6003B07FE /* MyCarViewController.swift in Sources */ = {isa = PBXBuildFile; fileRef = C8E2B8501AD967D6003B07FE /* MyCarViewController.swift */; };
		C8E2B8531AD96B47003B07FE /* PersonInfoViewController.swift in Sources */ = {isa = PBXBuildFile; fileRef = C8E2B8521AD96B47003B07FE /* PersonInfoViewController.swift */; };
		C8E2B8561AD96F31003B07FE /* MapViewController.swift in Sources */ = {isa = PBXBuildFile; fileRef = C8E2B8551AD96F31003B07FE /* MapViewController.swift */; };
/* End PBXBuildFile section */

/* Begin PBXContainerItemProxy section */
		C867FC7E1AD8FCB000F99592 /* PBXContainerItemProxy */ = {
			isa = PBXContainerItemProxy;
			containerPortal = C867FC5E1AD8FCAF00F99592 /* Project object */;
			proxyType = 1;
			remoteGlobalIDString = C867FC651AD8FCAF00F99592;
			remoteInfo = GetCarSwift;
		};
/* End PBXContainerItemProxy section */

/* Begin PBXFileReference section */
		04AEEC4067984AC3FB0D501E /* Pods.framework */ = {isa = PBXFileReference; explicitFileType = wrapper.framework; includeInIndex = 0; path = Pods.framework; sourceTree = BUILT_PRODUCTS_DIR; };
		2591A49849DBEB4D222DB56B /* Pods.debug.xcconfig */ = {isa = PBXFileReference; includeInIndex = 1; lastKnownFileType = text.xcconfig; name = Pods.debug.xcconfig; path = "Pods/Target Support Files/Pods/Pods.debug.xcconfig"; sourceTree = "<group>"; };
		C8516DDB1AE2127A00BB0FF4 /* Images.xcassets */ = {isa = PBXFileReference; lastKnownFileType = folder.assetcatalog; path = Images.xcassets; sourceTree = "<group>"; };
		C8516DDD1AE240C500BB0FF4 /* CarIconEditViewController.swift */ = {isa = PBXFileReference; fileEncoding = 4; lastKnownFileType = sourcecode.swift; path = CarIconEditViewController.swift; sourceTree = "<group>"; };
		C867FC661AD8FCAF00F99592 /* GetCarSwift.app */ = {isa = PBXFileReference; explicitFileType = wrapper.application; includeInIndex = 0; path = GetCarSwift.app; sourceTree = BUILT_PRODUCTS_DIR; };
		C867FC6A1AD8FCAF00F99592 /* Info.plist */ = {isa = PBXFileReference; lastKnownFileType = text.plist.xml; path = Info.plist; sourceTree = "<group>"; };
		C867FC6B1AD8FCAF00F99592 /* AppDelegate.swift */ = {isa = PBXFileReference; lastKnownFileType = sourcecode.swift; path = AppDelegate.swift; sourceTree = "<group>"; };
		C867FC721AD8FCAF00F99592 /* Base */ = {isa = PBXFileReference; lastKnownFileType = file.storyboard; name = Base; path = Base.lproj/Main.storyboard; sourceTree = "<group>"; };
		C867FC771AD8FCAF00F99592 /* Base */ = {isa = PBXFileReference; lastKnownFileType = file.xib; name = Base; path = Base.lproj/LaunchScreen.xib; sourceTree = "<group>"; };
		C867FC7D1AD8FCB000F99592 /* GetCarSwiftTests.xctest */ = {isa = PBXFileReference; explicitFileType = wrapper.cfbundle; includeInIndex = 0; path = GetCarSwiftTests.xctest; sourceTree = BUILT_PRODUCTS_DIR; };
		C867FC821AD8FCB000F99592 /* Info.plist */ = {isa = PBXFileReference; lastKnownFileType = text.plist.xml; path = Info.plist; sourceTree = "<group>"; };
		C867FC831AD8FCB000F99592 /* GetCarSwiftTests.swift */ = {isa = PBXFileReference; lastKnownFileType = sourcecode.swift; path = GetCarSwiftTests.swift; sourceTree = "<group>"; };
		C867FD1D1AD9071900F99592 /* Globals.swift */ = {isa = PBXFileReference; fileEncoding = 4; lastKnownFileType = sourcecode.swift; path = Globals.swift; sourceTree = "<group>"; };
		C867FD201AD909E400F99592 /* LoginViewController.swift */ = {isa = PBXFileReference; fileEncoding = 4; lastKnownFileType = sourcecode.swift; path = LoginViewController.swift; sourceTree = "<group>"; };
		C88D822E1AE27E4900DBC0C1 /* Utils.swift */ = {isa = PBXFileReference; fileEncoding = 4; lastKnownFileType = sourcecode.swift; path = Utils.swift; sourceTree = "<group>"; };
		C8C6B4261ADFE6C500059523 /* InfoEditViewController.swift */ = {isa = PBXFileReference; fileEncoding = 4; lastKnownFileType = sourcecode.swift; path = InfoEditViewController.swift; sourceTree = "<group>"; };
		C8E2B8351AD9262F003B07FE /* GetCarSwift-Bridging-Header.h */ = {isa = PBXFileReference; fileEncoding = 4; lastKnownFileType = sourcecode.c.h; path = "GetCarSwift-Bridging-Header.h"; sourceTree = SOURCE_ROOT; };
		C8E2B8371AD92727003B07FE /* CommonTableViewCell.swift */ = {isa = PBXFileReference; fileEncoding = 4; lastKnownFileType = sourcecode.swift; path = CommonTableViewCell.swift; sourceTree = "<group>"; };
		C8E2B83A1AD92B27003B07FE /* CarBarViewController.swift */ = {isa = PBXFileReference; fileEncoding = 4; lastKnownFileType = sourcecode.swift; path = CarBarViewController.swift; sourceTree = "<group>"; };
		C8E2B83C1AD92D73003B07FE /* PostCell.swift */ = {isa = PBXFileReference; fileEncoding = 4; lastKnownFileType = sourcecode.swift; path = PostCell.swift; sourceTree = "<group>"; };
		C8E2B83F1AD93527003B07FE /* IntroduceViewController.swift */ = {isa = PBXFileReference; fileEncoding = 4; lastKnownFileType = sourcecode.swift; path = IntroduceViewController.swift; sourceTree = "<group>"; };
		C8E2B8411AD93BC6003B07FE /* IntroduceCotentView.swift */ = {isa = PBXFileReference; fileEncoding = 4; lastKnownFileType = sourcecode.swift; path = IntroduceCotentView.swift; sourceTree = "<group>"; };
		C8E2B8431AD93C00003B07FE /* IntroduceContentView.xib */ = {isa = PBXFileReference; fileEncoding = 4; lastKnownFileType = file.xib; path = IntroduceContentView.xib; sourceTree = "<group>"; };
		C8E2B8471AD95103003B07FE /* ModifyViewController.swift */ = {isa = PBXFileReference; fileEncoding = 4; lastKnownFileType = sourcecode.swift; path = ModifyViewController.swift; sourceTree = "<group>"; };
		C8E2B84A1AD95AD6003B07FE /* AccountCell.swift */ = {isa = PBXFileReference; fileEncoding = 4; lastKnownFileType = sourcecode.swift; path = AccountCell.swift; sourceTree = "<group>"; };
		C8E2B84C1AD95AE8003B07FE /* PersonInfoCell.swift */ = {isa = PBXFileReference; fileEncoding = 4; lastKnownFileType = sourcecode.swift; path = PersonInfoCell.swift; sourceTree = "<group>"; };
		C8E2B84E1AD95C5E003B07FE /* MineViewController.swift */ = {isa = PBXFileReference; fileEncoding = 4; lastKnownFileType = sourcecode.swift; path = MineViewController.swift; sourceTree = "<group>"; };
		C8E2B8501AD967D6003B07FE /* MyCarViewController.swift */ = {isa = PBXFileReference; fileEncoding = 4; lastKnownFileType = sourcecode.swift; path = MyCarViewController.swift; sourceTree = "<group>"; };
		C8E2B8521AD96B47003B07FE /* PersonInfoViewController.swift */ = {isa = PBXFileReference; fileEncoding = 4; lastKnownFileType = sourcecode.swift; path = PersonInfoViewController.swift; sourceTree = "<group>"; };
		C8E2B8551AD96F31003B07FE /* MapViewController.swift */ = {isa = PBXFileReference; fileEncoding = 4; lastKnownFileType = sourcecode.swift; path = MapViewController.swift; sourceTree = "<group>"; };
		CA5016465B25C5FAE0F8AB81 /* Pods.release.xcconfig */ = {isa = PBXFileReference; includeInIndex = 1; lastKnownFileType = text.xcconfig; name = Pods.release.xcconfig; path = "Pods/Target Support Files/Pods/Pods.release.xcconfig"; sourceTree = "<group>"; };
/* End PBXFileReference section */

/* Begin PBXFrameworksBuildPhase section */
		C867FC631AD8FCAF00F99592 /* Frameworks */ = {
			isa = PBXFrameworksBuildPhase;
			buildActionMask = 2147483647;
			files = (
				1F89CDF53FF0F74A74327388 /* Pods.framework in Frameworks */,
			);
			runOnlyForDeploymentPostprocessing = 0;
		};
		C867FC7A1AD8FCB000F99592 /* Frameworks */ = {
			isa = PBXFrameworksBuildPhase;
			buildActionMask = 2147483647;
			files = (
			);
			runOnlyForDeploymentPostprocessing = 0;
		};
/* End PBXFrameworksBuildPhase section */

/* Begin PBXGroup section */
		2C2ECC4D086E66923F2F9980 /* Frameworks */ = {
			isa = PBXGroup;
			children = (
				04AEEC4067984AC3FB0D501E /* Pods.framework */,
			);
			name = Frameworks;
			sourceTree = "<group>";
		};
		81D0F4EBD1681097402E1E81 /* Pods */ = {
			isa = PBXGroup;
			children = (
				2591A49849DBEB4D222DB56B /* Pods.debug.xcconfig */,
				CA5016465B25C5FAE0F8AB81 /* Pods.release.xcconfig */,
			);
			name = Pods;
			sourceTree = "<group>";
		};
		C867FC5D1AD8FCAF00F99592 = {
			isa = PBXGroup;
			children = (
				C867FC681AD8FCAF00F99592 /* GetCarSwift */,
				C867FC801AD8FCB000F99592 /* GetCarSwiftTests */,
				C867FC671AD8FCAF00F99592 /* Products */,
				81D0F4EBD1681097402E1E81 /* Pods */,
				2C2ECC4D086E66923F2F9980 /* Frameworks */,
			);
			sourceTree = "<group>";
		};
		C867FC671AD8FCAF00F99592 /* Products */ = {
			isa = PBXGroup;
			children = (
				C867FC661AD8FCAF00F99592 /* GetCarSwift.app */,
				C867FC7D1AD8FCB000F99592 /* GetCarSwiftTests.xctest */,
			);
			name = Products;
			sourceTree = "<group>";
		};
		C867FC681AD8FCAF00F99592 /* GetCarSwift */ = {
			isa = PBXGroup;
			children = (
				C8E2B8541AD96F19003B07FE /* Map */,
				C8E2B8491AD95AB2003B07FE /* Mine */,
				C8E2B83E1AD93412003B07FE /* Modification */,
				C8E2B8391AD92AFA003B07FE /* CarBar */,
				C8E2B8361AD926C7003B07FE /* Common */,
				C867FD1F1AD909B300F99592 /* Login */,
				C867FC6B1AD8FCAF00F99592 /* AppDelegate.swift */,
				C867FC711AD8FCAF00F99592 /* Main.storyboard */,
				C867FC761AD8FCAF00F99592 /* LaunchScreen.xib */,
				C8516DDB1AE2127A00BB0FF4 /* Images.xcassets */,
				C867FC691AD8FCAF00F99592 /* Supporting Files */,
				C867FD1D1AD9071900F99592 /* Globals.swift */,
				C88D822E1AE27E4900DBC0C1 /* Utils.swift */,
			);
			path = GetCarSwift;
			sourceTree = "<group>";
		};
		C867FC691AD8FCAF00F99592 /* Supporting Files */ = {
			isa = PBXGroup;
			children = (
				C8E2B8351AD9262F003B07FE /* GetCarSwift-Bridging-Header.h */,
				C867FC6A1AD8FCAF00F99592 /* Info.plist */,
			);
			name = "Supporting Files";
			sourceTree = "<group>";
		};
		C867FC801AD8FCB000F99592 /* GetCarSwiftTests */ = {
			isa = PBXGroup;
			children = (
				C867FC831AD8FCB000F99592 /* GetCarSwiftTests.swift */,
				C867FC811AD8FCB000F99592 /* Supporting Files */,
			);
			path = GetCarSwiftTests;
			sourceTree = "<group>";
		};
		C867FC811AD8FCB000F99592 /* Supporting Files */ = {
			isa = PBXGroup;
			children = (
				C867FC821AD8FCB000F99592 /* Info.plist */,
			);
			name = "Supporting Files";
			sourceTree = "<group>";
		};
		C867FD1F1AD909B300F99592 /* Login */ = {
			isa = PBXGroup;
			children = (
				C867FD201AD909E400F99592 /* LoginViewController.swift */,
			);
			name = Login;
			sourceTree = "<group>";
		};
		C8E2B8361AD926C7003B07FE /* Common */ = {
			isa = PBXGroup;
			children = (
				C8E2B8371AD92727003B07FE /* CommonTableViewCell.swift */,
			);
			name = Common;
			sourceTree = "<group>";
		};
		C8E2B8391AD92AFA003B07FE /* CarBar */ = {
			isa = PBXGroup;
			children = (
				C8E2B83A1AD92B27003B07FE /* CarBarViewController.swift */,
				C8E2B83C1AD92D73003B07FE /* PostCell.swift */,
			);
			name = CarBar;
			sourceTree = "<group>";
		};
		C8E2B83E1AD93412003B07FE /* Modification */ = {
			isa = PBXGroup;
			children = (
				C8E2B83F1AD93527003B07FE /* IntroduceViewController.swift */,
				C8E2B8411AD93BC6003B07FE /* IntroduceCotentView.swift */,
				C8E2B8431AD93C00003B07FE /* IntroduceContentView.xib */,
				C8E2B8471AD95103003B07FE /* ModifyViewController.swift */,
			);
			name = Modification;
			sourceTree = "<group>";
		};
		C8E2B8491AD95AB2003B07FE /* Mine */ = {
			isa = PBXGroup;
			children = (
				C8E2B84A1AD95AD6003B07FE /* AccountCell.swift */,
				C8E2B84C1AD95AE8003B07FE /* PersonInfoCell.swift */,
				C8E2B84E1AD95C5E003B07FE /* MineViewController.swift */,
				C8E2B8501AD967D6003B07FE /* MyCarViewController.swift */,
				C8E2B8521AD96B47003B07FE /* PersonInfoViewController.swift */,
				C8C6B4261ADFE6C500059523 /* InfoEditViewController.swift */,
				C8516DDD1AE240C500BB0FF4 /* CarIconEditViewController.swift */,
			);
			name = Mine;
			sourceTree = "<group>";
		};
		C8E2B8541AD96F19003B07FE /* Map */ = {
			isa = PBXGroup;
			children = (
				C8E2B8551AD96F31003B07FE /* MapViewController.swift */,
			);
			name = Map;
			sourceTree = "<group>";
		};
/* End PBXGroup section */

/* Begin PBXNativeTarget section */
		C867FC651AD8FCAF00F99592 /* GetCarSwift */ = {
			isa = PBXNativeTarget;
			buildConfigurationList = C867FC871AD8FCB000F99592 /* Build configuration list for PBXNativeTarget "GetCarSwift" */;
			buildPhases = (
				A39134E7639604D174AC67F4 /* Check Pods Manifest.lock */,
				C867FC621AD8FCAF00F99592 /* Sources */,
				C867FC631AD8FCAF00F99592 /* Frameworks */,
				C867FC641AD8FCAF00F99592 /* Resources */,
				E429BE8D7B81680B2CAE4DC7 /* Copy Pods Resources */,
				92A358D3148D7E3C6F9B8BDC /* Embed Pods Frameworks */,
			);
			buildRules = (
			);
			dependencies = (
			);
			name = GetCarSwift;
			productName = GetCarSwift;
			productReference = C867FC661AD8FCAF00F99592 /* GetCarSwift.app */;
			productType = "com.apple.product-type.application";
		};
		C867FC7C1AD8FCB000F99592 /* GetCarSwiftTests */ = {
			isa = PBXNativeTarget;
			buildConfigurationList = C867FC8A1AD8FCB000F99592 /* Build configuration list for PBXNativeTarget "GetCarSwiftTests" */;
			buildPhases = (
				C867FC791AD8FCB000F99592 /* Sources */,
				C867FC7A1AD8FCB000F99592 /* Frameworks */,
				C867FC7B1AD8FCB000F99592 /* Resources */,
			);
			buildRules = (
			);
			dependencies = (
				C867FC7F1AD8FCB000F99592 /* PBXTargetDependency */,
			);
			name = GetCarSwiftTests;
			productName = GetCarSwiftTests;
			productReference = C867FC7D1AD8FCB000F99592 /* GetCarSwiftTests.xctest */;
			productType = "com.apple.product-type.bundle.unit-test";
		};
/* End PBXNativeTarget section */

/* Begin PBXProject section */
		C867FC5E1AD8FCAF00F99592 /* Project object */ = {
			isa = PBXProject;
			attributes = {
				LastUpgradeCheck = 0620;
				ORGANIZATIONNAME = "&#21608;&#25996;&#20339;";
				TargetAttributes = {
					C867FC651AD8FCAF00F99592 = {
						CreatedOnToolsVersion = 6.2;
						DevelopmentTeam = TH2Q5PL4G4;
					};
					C867FC7C1AD8FCB000F99592 = {
						CreatedOnToolsVersion = 6.2;
						TestTargetID = C867FC651AD8FCAF00F99592;
					};
				};
			};
			buildConfigurationList = C867FC611AD8FCAF00F99592 /* Build configuration list for PBXProject "GetCarSwift" */;
			compatibilityVersion = "Xcode 3.2";
			developmentRegion = English;
			hasScannedForEncodings = 0;
			knownRegions = (
				en,
				Base,
			);
			mainGroup = C867FC5D1AD8FCAF00F99592;
			productRefGroup = C867FC671AD8FCAF00F99592 /* Products */;
			projectDirPath = "";
			projectRoot = "";
			targets = (
				C867FC651AD8FCAF00F99592 /* GetCarSwift */,
				C867FC7C1AD8FCB000F99592 /* GetCarSwiftTests */,
			);
		};
/* End PBXProject section */

/* Begin PBXResourcesBuildPhase section */
		C867FC641AD8FCAF00F99592 /* Resources */ = {
			isa = PBXResourcesBuildPhase;
			buildActionMask = 2147483647;
			files = (
				C867FC731AD8FCAF00F99592 /* Main.storyboard in Resources */,
				C8E2B8441AD93C00003B07FE /* IntroduceContentView.xib in Resources */,
				C867FC781AD8FCAF00F99592 /* LaunchScreen.xib in Resources */,
				C8516DDC1AE2127A00BB0FF4 /* Images.xcassets in Resources */,
			);
			runOnlyForDeploymentPostprocessing = 0;
		};
		C867FC7B1AD8FCB000F99592 /* Resources */ = {
			isa = PBXResourcesBuildPhase;
			buildActionMask = 2147483647;
			files = (
			);
			runOnlyForDeploymentPostprocessing = 0;
		};
/* End PBXResourcesBuildPhase section */

/* Begin PBXShellScriptBuildPhase section */
		92A358D3148D7E3C6F9B8BDC /* Embed Pods Frameworks */ = {
			isa = PBXShellScriptBuildPhase;
			buildActionMask = 2147483647;
			files = (
			);
			inputPaths = (
			);
			name = "Embed Pods Frameworks";
			outputPaths = (
			);
			runOnlyForDeploymentPostprocessing = 0;
			shellPath = /bin/sh;
			shellScript = "\"${SRCROOT}/Pods/Target Support Files/Pods/Pods-frameworks.sh\"\n";
			showEnvVarsInLog = 0;
		};
		A39134E7639604D174AC67F4 /* Check Pods Manifest.lock */ = {
			isa = PBXShellScriptBuildPhase;
			buildActionMask = 2147483647;
			files = (
			);
			inputPaths = (
			);
			name = "Check Pods Manifest.lock";
			outputPaths = (
			);
			runOnlyForDeploymentPostprocessing = 0;
			shellPath = /bin/sh;
			shellScript = "diff \"${PODS_ROOT}/../Podfile.lock\" \"${PODS_ROOT}/Manifest.lock\" > /dev/null\nif [[ $? != 0 ]] ; then\n    cat << EOM\nerror: The sandbox is not in sync with the Podfile.lock. Run 'pod install' or update your CocoaPods installation.\nEOM\n    exit 1\nfi\n";
			showEnvVarsInLog = 0;
		};
		E429BE8D7B81680B2CAE4DC7 /* Copy Pods Resources */ = {
			isa = PBXShellScriptBuildPhase;
			buildActionMask = 2147483647;
			files = (
			);
			inputPaths = (
			);
			name = "Copy Pods Resources";
			outputPaths = (
			);
			runOnlyForDeploymentPostprocessing = 0;
			shellPath = /bin/sh;
			shellScript = "\"${SRCROOT}/Pods/Target Support Files/Pods/Pods-resources.sh\"\n";
			showEnvVarsInLog = 0;
		};
/* End PBXShellScriptBuildPhase section */

/* Begin PBXSourcesBuildPhase section */
		C867FC621AD8FCAF00F99592 /* Sources */ = {
			isa = PBXSourcesBuildPhase;
			buildActionMask = 2147483647;
			files = (
				C8E2B8381AD92727003B07FE /* CommonTableViewCell.swift in Sources */,
				C8E2B84B1AD95AD6003B07FE /* AccountCell.swift in Sources */,
				C8516DDE1AE240C500BB0FF4 /* CarIconEditViewController.swift in Sources */,
				C8E2B8421AD93BC6003B07FE /* IntroduceCotentView.swift in Sources */,
				C8E2B8401AD93527003B07FE /* IntroduceViewController.swift in Sources */,
				C867FD211AD909E400F99592 /* LoginViewController.swift in Sources */,
				C8E2B8531AD96B47003B07FE /* PersonInfoViewController.swift in Sources */,
				C867FC6C1AD8FCAF00F99592 /* AppDelegate.swift in Sources */,
				C8E2B8511AD967D6003B07FE /* MyCarViewController.swift in Sources */,
				C88D822F1AE27E4900DBC0C1 /* Utils.swift in Sources */,
				C8C6B4271ADFE6C500059523 /* InfoEditViewController.swift in Sources */,
				C867FD1E1AD9071900F99592 /* Globals.swift in Sources */,
				C8E2B84D1AD95AE8003B07FE /* PersonInfoCell.swift in Sources */,
				C8E2B83B1AD92B27003B07FE /* CarBarViewController.swift in Sources */,
				C8E2B8481AD95103003B07FE /* ModifyViewController.swift in Sources */,
				C8E2B83D1AD92D73003B07FE /* PostCell.swift in Sources */,
				C8E2B8561AD96F31003B07FE /* MapViewController.swift in Sources */,
				C8E2B84F1AD95C5E003B07FE /* MineViewController.swift in Sources */,
			);
			runOnlyForDeploymentPostprocessing = 0;
		};
		C867FC791AD8FCB000F99592 /* Sources */ = {
			isa = PBXSourcesBuildPhase;
			buildActionMask = 2147483647;
			files = (
				C867FC841AD8FCB000F99592 /* GetCarSwiftTests.swift in Sources */,
			);
			runOnlyForDeploymentPostprocessing = 0;
		};
/* End PBXSourcesBuildPhase section */

/* Begin PBXTargetDependency section */
		C867FC7F1AD8FCB000F99592 /* PBXTargetDependency */ = {
			isa = PBXTargetDependency;
			target = C867FC651AD8FCAF00F99592 /* GetCarSwift */;
			targetProxy = C867FC7E1AD8FCB000F99592 /* PBXContainerItemProxy */;
		};
/* End PBXTargetDependency section */

/* Begin PBXVariantGroup section */
		C867FC711AD8FCAF00F99592 /* Main.storyboard */ = {
			isa = PBXVariantGroup;
			children = (
				C867FC721AD8FCAF00F99592 /* Base */,
			);
			name = Main.storyboard;
			sourceTree = "<group>";
		};
		C867FC761AD8FCAF00F99592 /* LaunchScreen.xib */ = {
			isa = PBXVariantGroup;
			children = (
				C867FC771AD8FCAF00F99592 /* Base */,
			);
			name = LaunchScreen.xib;
			sourceTree = "<group>";
		};
/* End PBXVariantGroup section */

/* Begin XCBuildConfiguration section */
		C867FC851AD8FCB000F99592 /* Debug */ = {
			isa = XCBuildConfiguration;
			buildSettings = {
				ALWAYS_SEARCH_USER_PATHS = NO;
				CLANG_CXX_LANGUAGE_STANDARD = "gnu++0x";
				CLANG_CXX_LIBRARY = "libc++";
				CLANG_ENABLE_MODULES = YES;
				CLANG_ENABLE_OBJC_ARC = YES;
				CLANG_WARN_BOOL_CONVERSION = YES;
				CLANG_WARN_CONSTANT_CONVERSION = YES;
				CLANG_WARN_DIRECT_OBJC_ISA_USAGE = YES_ERROR;
				CLANG_WARN_EMPTY_BODY = YES;
				CLANG_WARN_ENUM_CONVERSION = YES;
				CLANG_WARN_INT_CONVERSION = YES;
				CLANG_WARN_OBJC_ROOT_CLASS = YES_ERROR;
				CLANG_WARN_UNREACHABLE_CODE = YES;
				CLANG_WARN__DUPLICATE_METHOD_MATCH = YES;
				"CODE_SIGN_IDENTITY[sdk=iphoneos*]" = "iPhone Developer";
				COPY_PHASE_STRIP = NO;
				ENABLE_STRICT_OBJC_MSGSEND = YES;
				GCC_C_LANGUAGE_STANDARD = gnu99;
				GCC_DYNAMIC_NO_PIC = NO;
				GCC_OPTIMIZATION_LEVEL = 0;
				GCC_PREPROCESSOR_DEFINITIONS = (
					"DEBUG=1",
					"$(inherited)",
				);
				GCC_SYMBOLS_PRIVATE_EXTERN = NO;
				GCC_WARN_64_TO_32_BIT_CONVERSION = YES;
				GCC_WARN_ABOUT_RETURN_TYPE = YES_ERROR;
				GCC_WARN_UNDECLARED_SELECTOR = YES;
				GCC_WARN_UNINITIALIZED_AUTOS = YES_AGGRESSIVE;
				GCC_WARN_UNUSED_FUNCTION = YES;
				GCC_WARN_UNUSED_VARIABLE = YES;
				IPHONEOS_DEPLOYMENT_TARGET = 8.0;
				MTL_ENABLE_DEBUG_INFO = YES;
				ONLY_ACTIVE_ARCH = YES;
				SDKROOT = iphoneos;
				SWIFT_OPTIMIZATION_LEVEL = "-Onone";
			};
			name = Debug;
		};
		C867FC861AD8FCB000F99592 /* Release */ = {
			isa = XCBuildConfiguration;
			buildSettings = {
				ALWAYS_SEARCH_USER_PATHS = NO;
				CLANG_CXX_LANGUAGE_STANDARD = "gnu++0x";
				CLANG_CXX_LIBRARY = "libc++";
				CLANG_ENABLE_MODULES = YES;
				CLANG_ENABLE_OBJC_ARC = YES;
				CLANG_WARN_BOOL_CONVERSION = YES;
				CLANG_WARN_CONSTANT_CONVERSION = YES;
				CLANG_WARN_DIRECT_OBJC_ISA_USAGE = YES_ERROR;
				CLANG_WARN_EMPTY_BODY = YES;
				CLANG_WARN_ENUM_CONVERSION = YES;
				CLANG_WARN_INT_CONVERSION = YES;
				CLANG_WARN_OBJC_ROOT_CLASS = YES_ERROR;
				CLANG_WARN_UNREACHABLE_CODE = YES;
				CLANG_WARN__DUPLICATE_METHOD_MATCH = YES;
				"CODE_SIGN_IDENTITY[sdk=iphoneos*]" = "iPhone Developer";
				COPY_PHASE_STRIP = NO;
				ENABLE_NS_ASSERTIONS = NO;
				ENABLE_STRICT_OBJC_MSGSEND = YES;
				GCC_C_LANGUAGE_STANDARD = gnu99;
				GCC_WARN_64_TO_32_BIT_CONVERSION = YES;
				GCC_WARN_ABOUT_RETURN_TYPE = YES_ERROR;
				GCC_WARN_UNDECLARED_SELECTOR = YES;
				GCC_WARN_UNINITIALIZED_AUTOS = YES_AGGRESSIVE;
				GCC_WARN_UNUSED_FUNCTION = YES;
				GCC_WARN_UNUSED_VARIABLE = YES;
				IPHONEOS_DEPLOYMENT_TARGET = 8.0;
				MTL_ENABLE_DEBUG_INFO = NO;
				SDKROOT = iphoneos;
				VALIDATE_PRODUCT = YES;
			};
			name = Release;
		};
		C867FC881AD8FCB000F99592 /* Debug */ = {
			isa = XCBuildConfiguration;
			baseConfigurationReference = 2591A49849DBEB4D222DB56B /* Pods.debug.xcconfig */;
			buildSettings = {
				ASSETCATALOG_COMPILER_APPICON_NAME = AppIcon;
				CODE_SIGN_IDENTITY = "iPhone Developer";
				"CODE_SIGN_IDENTITY[sdk=iphoneos*]" = "iPhone Developer";
				FRAMEWORK_SEARCH_PATHS = (
					"$(inherited)",
					"$(PROJECT_DIR)/GetCarSwift/Amap",
				);
				INFOPLIST_FILE = GetCarSwift/Info.plist;
				IPHONEOS_DEPLOYMENT_TARGET = 8.0;
				LD_RUNPATH_SEARCH_PATHS = "$(inherited) @executable_path/Frameworks";
				PRODUCT_NAME = "$(TARGET_NAME)";
				SWIFT_OBJC_BRIDGING_HEADER = "GetCarSwift-Bridging-Header.h";
				TARGETED_DEVICE_FAMILY = 1;
			};
			name = Debug;
		};
		C867FC891AD8FCB000F99592 /* Release */ = {
			isa = XCBuildConfiguration;
			baseConfigurationReference = CA5016465B25C5FAE0F8AB81 /* Pods.release.xcconfig */;
			buildSettings = {
				ASSETCATALOG_COMPILER_APPICON_NAME = AppIcon;
				CODE_SIGN_IDENTITY = "iPhone Developer";
				FRAMEWORK_SEARCH_PATHS = (
					"$(inherited)",
					"$(PROJECT_DIR)/GetCarSwift/Amap",
				);
				INFOPLIST_FILE = GetCarSwift/Info.plist;
				IPHONEOS_DEPLOYMENT_TARGET = 8.0;
				LD_RUNPATH_SEARCH_PATHS = "$(inherited) @executable_path/Frameworks";
				PRODUCT_NAME = "$(TARGET_NAME)";
				SWIFT_OBJC_BRIDGING_HEADER = "GetCarSwift-Bridging-Header.h";
				TARGETED_DEVICE_FAMILY = 1;
			};
			name = Release;
		};
		C867FC8B1AD8FCB000F99592 /* Debug */ = {
			isa = XCBuildConfiguration;
			buildSettings = {
				BUNDLE_LOADER = "$(TEST_HOST)";
				FRAMEWORK_SEARCH_PATHS = (
					"$(SDKROOT)/Developer/Library/Frameworks",
					"$(inherited)",
				);
				GCC_PREPROCESSOR_DEFINITIONS = (
					"DEBUG=1",
					"$(inherited)",
				);
				INFOPLIST_FILE = GetCarSwiftTests/Info.plist;
				LD_RUNPATH_SEARCH_PATHS = "$(inherited) @executable_path/Frameworks @loader_path/Frameworks";
				PRODUCT_NAME = "$(TARGET_NAME)";
				TEST_HOST = "$(BUILT_PRODUCTS_DIR)/GetCarSwift.app/GetCarSwift";
			};
			name = Debug;
		};
		C867FC8C1AD8FCB000F99592 /* Release */ = {
			isa = XCBuildConfiguration;
			buildSettings = {
				BUNDLE_LOADER = "$(TEST_HOST)";
				FRAMEWORK_SEARCH_PATHS = (
					"$(SDKROOT)/Developer/Library/Frameworks",
					"$(inherited)",
				);
				INFOPLIST_FILE = GetCarSwiftTests/Info.plist;
				LD_RUNPATH_SEARCH_PATHS = "$(inherited) @executable_path/Frameworks @loader_path/Frameworks";
				PRODUCT_NAME = "$(TARGET_NAME)";
				TEST_HOST = "$(BUILT_PRODUCTS_DIR)/GetCarSwift.app/GetCarSwift";
			};
			name = Release;
		};
/* End XCBuildConfiguration section */

/* Begin XCConfigurationList section */
		C867FC611AD8FCAF00F99592 /* Build configuration list for PBXProject "GetCarSwift" */ = {
			isa = XCConfigurationList;
			buildConfigurations = (
				C867FC851AD8FCB000F99592 /* Debug */,
				C867FC861AD8FCB000F99592 /* Release */,
			);
			defaultConfigurationIsVisible = 0;
			defaultConfigurationName = Release;
		};
		C867FC871AD8FCB000F99592 /* Build configuration list for PBXNativeTarget "GetCarSwift" */ = {
			isa = XCConfigurationList;
			buildConfigurations = (
				C867FC881AD8FCB000F99592 /* Debug */,
				C867FC891AD8FCB000F99592 /* Release */,
			);
			defaultConfigurationIsVisible = 0;
			defaultConfigurationName = Release;
		};
		C867FC8A1AD8FCB000F99592 /* Build configuration list for PBXNativeTarget "GetCarSwiftTests" */ = {
			isa = XCConfigurationList;
			buildConfigurations = (
				C867FC8B1AD8FCB000F99592 /* Debug */,
				C867FC8C1AD8FCB000F99592 /* Release */,
			);
			defaultConfigurationIsVisible = 0;
			defaultConfigurationName = Release;
		};
/* End XCConfigurationList section */
	};
	rootObject = C867FC5E1AD8FCAF00F99592 /* Project object */;
}
