// !$*UTF8*$!
{
	archiveVersion = 1;
	classes = {
	};
	objectVersion = 46;
	objects = {

/* Begin PBXBuildFile section */
		8BDEB0BF1D070B851F236536 /* ModStoreViewController.swift in Sources */ = {isa = PBXBuildFile; fileRef = 8BDEB55F0179E0E5E7C46AE9 /* ModStoreViewController.swift */; };
		8BDEB205A577B64759FAFA59 /* ModDoctorViewController.swift in Sources */ = {isa = PBXBuildFile; fileRef = 8BDEB87F625FA83CA0BD8E93 /* ModDoctorViewController.swift */; };
		8BDEB3B5FC58B55C2CF87286 /* TrackDetailViewModel.swift in Sources */ = {isa = PBXBuildFile; fileRef = 8BDEB806B0A1F2B26FCB9098 /* TrackDetailViewModel.swift */; };
		8BDEB72CC5630B87A9209A2C /* ModIntroContentViewController.swift in Sources */ = {isa = PBXBuildFile; fileRef = 8BDEB65E7FBAE27567EAB061 /* ModIntroContentViewController.swift */; };
		8BDEBA96983C7719658CADA4 /* Mod.storyboard in Resources */ = {isa = PBXBuildFile; fileRef = 8BDEB3E592343A2B219B8F2F /* Mod.storyboard */; };
		8BDEBB8B6756B6040FFDF28F /* ModViewController.swift in Sources */ = {isa = PBXBuildFile; fileRef = 8BDEBDB2B8219B464510356E /* ModViewController.swift */; };
		8BDEBF70FD74AF40A34401AF /* TrackViewController.swift in Sources */ = {isa = PBXBuildFile; fileRef = 8BDEB3D1209592E2AE2E6A85 /* TrackViewController.swift */; };
		98795095F455188C9BEBB8DD /* Pods.framework in Frameworks */ = {isa = PBXBuildFile; fileRef = 0FA7E7F32B82B982261BC1FB /* Pods.framework */; };
		C804B90C1B80840100AEC003 /* WebViewController.swift in Sources */ = {isa = PBXBuildFile; fileRef = C804B90B1B80840100AEC003 /* WebViewController.swift */; };
		C80881E21B6D2190002A1CE9 /* FIR.swift in Sources */ = {isa = PBXBuildFile; fileRef = C80881E11B6D2190002A1CE9 /* FIR.swift */; };
		C80B6B371BB672780017D7E3 /* Trace.storyboard in Resources */ = {isa = PBXBuildFile; fileRef = C80B6B361BB672780017D7E3 /* Trace.storyboard */; };
		C80B6B3C1BB674AF0017D7E3 /* MainViewController.swift in Sources */ = {isa = PBXBuildFile; fileRef = C80B6B3B1BB674AF0017D7E3 /* MainViewController.swift */; };
		C80B6B401BB6790A0017D7E3 /* CarBar.storyboard in Resources */ = {isa = PBXBuildFile; fileRef = C80B6B3F1BB6790A0017D7E3 /* CarBar.storyboard */; };
		C80B6B421BB679150017D7E3 /* Mine.storyboard in Resources */ = {isa = PBXBuildFile; fileRef = C80B6B411BB679150017D7E3 /* Mine.storyboard */; };
		C80FCD1E1B8CC3FC001F5A93 /* AddPlayerTableViewController.swift in Sources */ = {isa = PBXBuildFile; fileRef = C80FCD1D1B8CC3FC001F5A93 /* AddPlayerTableViewController.swift */; };
		C82821F21BECD7D100FC5E95 /* LetsgoDigital-Regular.ttf in Resources */ = {isa = PBXBuildFile; fileRef = C82821F01BECD54D00FC5E95 /* LetsgoDigital-Regular.ttf */; };
		C828823C1B9219620091F624 /* UIImageView.swift in Sources */ = {isa = PBXBuildFile; fileRef = C828823B1B9219620091F624 /* UIImageView.swift */; };
		C84408F81BB43C720088D046 /* LoginViewModel.swift in Sources */ = {isa = PBXBuildFile; fileRef = C84408F71BB43C720088D046 /* LoginViewModel.swift */; };
		C84408FB1BB43D410088D046 /* Login.storyboard in Resources */ = {isa = PBXBuildFile; fileRef = C84408FA1BB43D410088D046 /* Login.storyboard */; };
		C844F4011BE73DE1008AFC8B /* File.swift in Sources */ = {isa = PBXBuildFile; fileRef = C844F4001BE73DE1008AFC8B /* File.swift */; };
		C848F1B71B778626008DAC69 /* TrackingViewController.swift in Sources */ = {isa = PBXBuildFile; fileRef = C848F1B61B778626008DAC69 /* TrackingViewController.swift */; };
		C84FE8CA1B7A360000F8EC74 /* CarTableViewController.swift in Sources */ = {isa = PBXBuildFile; fileRef = C84FE8C91B7A360000F8EC74 /* CarTableViewController.swift */; };
		C8516DDC1AE2127A00BB0FF4 /* Images.xcassets in Resources */ = {isa = PBXBuildFile; fileRef = C8516DDB1AE2127A00BB0FF4 /* Images.xcassets */; };
		C8516DDE1AE240C500BB0FF4 /* CarIconEditViewController.swift in Sources */ = {isa = PBXBuildFile; fileRef = C8516DDD1AE240C500BB0FF4 /* CarIconEditViewController.swift */; };
		C85263911B6E2BEF00E43FE0 /* KMPlaceholderTextView.swift in Sources */ = {isa = PBXBuildFile; fileRef = C85263901B6E2BEF00E43FE0 /* KMPlaceholderTextView.swift */; };
		C85B349D1BB7C5C500435320 /* UIButton.swift in Sources */ = {isa = PBXBuildFile; fileRef = C85B349C1BB7C5C500435320 /* UIButton.swift */; };
		C85DD70E1B072ABF00A658B6 /* CarInfoViewController.swift in Sources */ = {isa = PBXBuildFile; fileRef = C85DD70D1B072ABF00A658B6 /* CarInfoViewController.swift */; };
		C860F4001BEAF96300B17004 /* TestViewController.swift in Sources */ = {isa = PBXBuildFile; fileRef = C860F3FF1BEAF96300B17004 /* TestViewController.swift */; };
		C867FC6C1AD8FCAF00F99592 /* AppDelegate.swift in Sources */ = {isa = PBXBuildFile; fileRef = C867FC6B1AD8FCAF00F99592 /* AppDelegate.swift */; };
		C867FC841AD8FCB000F99592 /* GetCarSwiftTests.swift in Sources */ = {isa = PBXBuildFile; fileRef = C867FC831AD8FCB000F99592 /* GetCarSwiftTests.swift */; };
		C867FD1E1AD9071900F99592 /* Res.swift in Sources */ = {isa = PBXBuildFile; fileRef = C867FD1D1AD9071900F99592 /* Res.swift */; };
		C867FD211AD909E400F99592 /* LoginViewController.swift in Sources */ = {isa = PBXBuildFile; fileRef = C867FD201AD909E400F99592 /* LoginViewController.swift */; };
		C86FE32B1BA3CC130037CD7F /* Main.storyboard in Resources */ = {isa = PBXBuildFile; fileRef = C867FC711AD8FCAF00F99592 /* Main.storyboard */; };
		C86FE32C1BA3CC130037CD7F /* LaunchScreen.xib in Resources */ = {isa = PBXBuildFile; fileRef = C867FC761AD8FCAF00F99592 /* LaunchScreen.xib */; };
		C87AAD8E1B7CE3F000084EA0 /* CarRightTableViewController.swift in Sources */ = {isa = PBXBuildFile; fileRef = C87AAD8D1B7CE3F000084EA0 /* CarRightTableViewController.swift */; };
		C87DA9C91B08C66600AA47AF /* AddCarViewController.swift in Sources */ = {isa = PBXBuildFile; fileRef = C87DA9C81B08C66600AA47AF /* AddCarViewController.swift */; };
		C87DA9CB1B08CEAB00AA47AF /* BrandsViewController.swift in Sources */ = {isa = PBXBuildFile; fileRef = C87DA9CA1B08CEAB00AA47AF /* BrandsViewController.swift */; };
		C880DA771B78D21900F5E24D /* Nearby.swift in Sources */ = {isa = PBXBuildFile; fileRef = C880DA761B78D21900F5E24D /* Nearby.swift */; };
		C880DA7B1B78E8F500F5E24D /* RegisterViewController.swift in Sources */ = {isa = PBXBuildFile; fileRef = C880DA7A1B78E8F500F5E24D /* RegisterViewController.swift */; };
		C88D822F1AE27E4900DBC0C1 /* UIImage.swift in Sources */ = {isa = PBXBuildFile; fileRef = C88D822E1AE27E4900DBC0C1 /* UIImage.swift */; };
		C88D896B1BDF797700AA4425 /* R.generated.swift in Sources */ = {isa = PBXBuildFile; fileRef = C88D896A1BDF797700AA4425 /* R.generated.swift */; };
		C89079341B7E161D002D18E0 /* CarTableNavigationController.swift in Sources */ = {isa = PBXBuildFile; fileRef = C89079331B7E161D002D18E0 /* CarTableNavigationController.swift */; };
		C894A3321B7F783D00D853C9 /* CarInfo.swift in Sources */ = {isa = PBXBuildFile; fileRef = C894A3311B7F783D00D853C9 /* CarInfo.swift */; };
		C894F5FB1BA440B300645DA3 /* UITableView.swift in Sources */ = {isa = PBXBuildFile; fileRef = C894F5FA1BA440B300645DA3 /* UITableView.swift */; };
		C89791DD1B9F04280027D6A5 /* Comment.swift in Sources */ = {isa = PBXBuildFile; fileRef = C89791DC1B9F04280027D6A5 /* Comment.swift */; };
		C89884371B0650F5009634E1 /* BgChoiceViewController.swift in Sources */ = {isa = PBXBuildFile; fileRef = C89884361B0650F5009634E1 /* BgChoiceViewController.swift */; };
		C89A05C31B6E058C00620C85 /* GaikeService.swift in Sources */ = {isa = PBXBuildFile; fileRef = C89A05C21B6E058C00620C85 /* GaikeService.swift */; };
		C89A05C71B6E125400620C85 /* TraceViewController.swift in Sources */ = {isa = PBXBuildFile; fileRef = C89A05C61B6E125400620C85 /* TraceViewController.swift */; };
		C89A05CA1B6E166400620C85 /* SwiftPages.swift in Sources */ = {isa = PBXBuildFile; fileRef = C89A05C91B6E166400620C85 /* SwiftPages.swift */; };
		C89A05CC1B6E195600620C85 /* DataViewController.swift in Sources */ = {isa = PBXBuildFile; fileRef = C89A05CB1B6E195600620C85 /* DataViewController.swift */; };
		C8A4C34D1B04EF0B006D6DBD /* MyHomepaeViewController.swift in Sources */ = {isa = PBXBuildFile; fileRef = C8A4C34C1B04EF0B006D6DBD /* MyHomepaeViewController.swift */; };
		C8AEC1F71B982D2C002F39EB /* TrackDetailViewController.swift in Sources */ = {isa = PBXBuildFile; fileRef = C8AEC1F61B982D2C002F39EB /* TrackDetailViewController.swift */; };
		C8AEC2041B985B5C002F39EB /* NSDate.swift in Sources */ = {isa = PBXBuildFile; fileRef = C8AEC2031B985B5C002F39EB /* NSDate.swift */; };
		C8AEC2131B996F41002F39EB /* NSAttributedString.swift in Sources */ = {isa = PBXBuildFile; fileRef = C8AEC2121B996F41002F39EB /* NSAttributedString.swift */; };
		C8C2C08C1B8B527D006095DC /* MatchViewController.swift in Sources */ = {isa = PBXBuildFile; fileRef = C8C2C08B1B8B527D006095DC /* MatchViewController.swift */; };
		C8C2C0911B8B5DEE006095DC /* CLLocationCoordinate2D.swift in Sources */ = {isa = PBXBuildFile; fileRef = C8C2C08D1B8B5DEE006095DC /* CLLocationCoordinate2D.swift */; };
		C8C2C0921B8B5DEE006095DC /* JSON.swift in Sources */ = {isa = PBXBuildFile; fileRef = C8C2C08E1B8B5DEE006095DC /* JSON.swift */; };
		C8C2C0931B8B5DEE006095DC /* String.swift in Sources */ = {isa = PBXBuildFile; fileRef = C8C2C08F1B8B5DEE006095DC /* String.swift */; };
		C8C2C0941B8B5DEE006095DC /* UIColor.swift in Sources */ = {isa = PBXBuildFile; fileRef = C8C2C0901B8B5DEE006095DC /* UIColor.swift */; };
		C8C6B4271ADFE6C500059523 /* InfoEditViewController.swift in Sources */ = {isa = PBXBuildFile; fileRef = C8C6B4261ADFE6C500059523 /* InfoEditViewController.swift */; };
		C8D1C4F11BB637A000F131BC /* RegisterViewModel.swift in Sources */ = {isa = PBXBuildFile; fileRef = C8D1C4F01BB637A000F131BC /* RegisterViewModel.swift */; };
		C8D1C5001BB6413300F131BC /* CarTableViewModel.swift in Sources */ = {isa = PBXBuildFile; fileRef = C8D1C4FF1BB6413300F131BC /* CarTableViewModel.swift */; };
		C8D6B1EF1B0E2F3000A2ED60 /* PostViewController.swift in Sources */ = {isa = PBXBuildFile; fileRef = C8D6B1EE1B0E2F3000A2ED60 /* PostViewController.swift */; };
		C8D6CAE61B8F511700A417CF /* UIViewController.swift in Sources */ = {isa = PBXBuildFile; fileRef = C8D6CAE51B8F511700A417CF /* UIViewController.swift */; };
		C8D6D7091B8E14B5006A068E /* PopupViewController.swift in Sources */ = {isa = PBXBuildFile; fileRef = C8D6D7081B8E14B5006A068E /* PopupViewController.swift */; };
		C8E2B8381AD92727003B07FE /* CommonTableViewCell.swift in Sources */ = {isa = PBXBuildFile; fileRef = C8E2B8371AD92727003B07FE /* CommonTableViewCell.swift */; };
		C8E2B83B1AD92B27003B07FE /* CarBarViewController.swift in Sources */ = {isa = PBXBuildFile; fileRef = C8E2B83A1AD92B27003B07FE /* CarBarViewController.swift */; };
		C8E2B83D1AD92D73003B07FE /* PostCell.swift in Sources */ = {isa = PBXBuildFile; fileRef = C8E2B83C1AD92D73003B07FE /* PostCell.swift */; };
		C8E2B84B1AD95AD6003B07FE /* AccountCell.swift in Sources */ = {isa = PBXBuildFile; fileRef = C8E2B84A1AD95AD6003B07FE /* AccountCell.swift */; };
		C8E2B84D1AD95AE8003B07FE /* PersonInfoCell.swift in Sources */ = {isa = PBXBuildFile; fileRef = C8E2B84C1AD95AE8003B07FE /* PersonInfoCell.swift */; };
		C8E2B84F1AD95C5E003B07FE /* MineViewController.swift in Sources */ = {isa = PBXBuildFile; fileRef = C8E2B84E1AD95C5E003B07FE /* MineViewController.swift */; };
		C8E2B8531AD96B47003B07FE /* PersonInfoViewController.swift in Sources */ = {isa = PBXBuildFile; fileRef = C8E2B8521AD96B47003B07FE /* PersonInfoViewController.swift */; };
		C8E2B8561AD96F31003B07FE /* MapViewController.swift in Sources */ = {isa = PBXBuildFile; fileRef = C8E2B8551AD96F31003B07FE /* MapViewController.swift */; };
		C8E335531BB44910005449B2 /* ViewProxy.swift in Sources */ = {isa = PBXBuildFile; fileRef = C8E335521BB44910005449B2 /* ViewProxy.swift */; };
		C8EEB65D1BB2D3D300BB5704 /* Praise.swift in Sources */ = {isa = PBXBuildFile; fileRef = C8EEB65C1BB2D3D300BB5704 /* Praise.swift */; };
		C8EEB65F1BB2D84D00BB5704 /* Comments.swift in Sources */ = {isa = PBXBuildFile; fileRef = C8EEB65E1BB2D84D00BB5704 /* Comments.swift */; };
		C8F2BD7F1BE074CB00424EEA /* ENSideMenu.swift in Sources */ = {isa = PBXBuildFile; fileRef = C8F2BD7D1BE074CB00424EEA /* ENSideMenu.swift */; };
		C8F2BD801BE074CB00424EEA /* ENSideMenuNavigationController.swift in Sources */ = {isa = PBXBuildFile; fileRef = C8F2BD7E1BE074CB00424EEA /* ENSideMenuNavigationController.swift */; };
		C8F333581BB6C32900F4EFB2 /* DeviceDataService.swift in Sources */ = {isa = PBXBuildFile; fileRef = C8F333571BB6C32900F4EFB2 /* DeviceDataService.swift */; };
		C8F333681BB6DA6600F4EFB2 /* Async.swift in Sources */ = {isa = PBXBuildFile; fileRef = C8F333671BB6DA6600F4EFB2 /* Async.swift */; };
		C8F3336B1BB6DE7F00F4EFB2 /* MapViewModel.swift in Sources */ = {isa = PBXBuildFile; fileRef = C8F3336A1BB6DE7F00F4EFB2 /* MapViewModel.swift */; };
		C8F9CD6F1B7246BB0003AF1B /* User.swift in Sources */ = {isa = PBXBuildFile; fileRef = C8F9CD6E1B7246BB0003AF1B /* User.swift */; };
		C8F9CD711B725CDD0003AF1B /* Toast.swift in Sources */ = {isa = PBXBuildFile; fileRef = C8F9CD701B725CDD0003AF1B /* Toast.swift */; };
/* End PBXBuildFile section */

/* Begin PBXContainerItemProxy section */
		C867FC7E1AD8FCB000F99592 /* PBXContainerItemProxy */ = {
			isa = PBXContainerItemProxy;
			containerPortal = C867FC5E1AD8FCAF00F99592 /* Project object */;
			proxyType = 1;
			remoteGlobalIDString = C867FC651AD8FCAF00F99592;
			remoteInfo = GetCarSwift;
		};
/* End PBXContainerItemProxy section */

/* Begin PBXCopyFilesBuildPhase section */
		C8CD8E0B1B91E85B0050DF90 /* Embed Frameworks */ = {
			isa = PBXCopyFilesBuildPhase;
			buildActionMask = 2147483647;
			dstPath = "";
			dstSubfolderSpec = 10;
			files = (
			);
			name = "Embed Frameworks";
			runOnlyForDeploymentPostprocessing = 0;
		};
/* End PBXCopyFilesBuildPhase section */

/* Begin PBXFileReference section */
		0FA7E7F32B82B982261BC1FB /* Pods.framework */ = {isa = PBXFileReference; explicitFileType = wrapper.framework; includeInIndex = 0; path = Pods.framework; sourceTree = BUILT_PRODUCTS_DIR; };
		379E7426878B39BF90F73D64 /* Pods.release.xcconfig */ = {isa = PBXFileReference; includeInIndex = 1; lastKnownFileType = text.xcconfig; name = Pods.release.xcconfig; path = "Pods/Target Support Files/Pods/Pods.release.xcconfig"; sourceTree = "<group>"; };
		8BDEB3D1209592E2AE2E6A85 /* TrackViewController.swift */ = {isa = PBXFileReference; fileEncoding = 4; lastKnownFileType = sourcecode.swift; path = TrackViewController.swift; sourceTree = "<group>"; };
		8BDEB3E592343A2B219B8F2F /* Mod.storyboard */ = {isa = PBXFileReference; lastKnownFileType = file.storyboard; path = Mod.storyboard; sourceTree = "<group>"; };
		8BDEB55F0179E0E5E7C46AE9 /* ModStoreViewController.swift */ = {isa = PBXFileReference; fileEncoding = 4; lastKnownFileType = sourcecode.swift; path = ModStoreViewController.swift; sourceTree = "<group>"; };
		8BDEB65E7FBAE27567EAB061 /* ModIntroContentViewController.swift */ = {isa = PBXFileReference; fileEncoding = 4; lastKnownFileType = sourcecode.swift; path = ModIntroContentViewController.swift; sourceTree = "<group>"; };
		8BDEB806B0A1F2B26FCB9098 /* TrackDetailViewModel.swift */ = {isa = PBXFileReference; fileEncoding = 4; lastKnownFileType = sourcecode.swift; path = TrackDetailViewModel.swift; sourceTree = "<group>"; };
		8BDEB87F625FA83CA0BD8E93 /* ModDoctorViewController.swift */ = {isa = PBXFileReference; fileEncoding = 4; lastKnownFileType = sourcecode.swift; path = ModDoctorViewController.swift; sourceTree = "<group>"; };
		8BDEBDB2B8219B464510356E /* ModViewController.swift */ = {isa = PBXFileReference; fileEncoding = 4; lastKnownFileType = sourcecode.swift; path = ModViewController.swift; sourceTree = "<group>"; };
		AF89B3959372DB5712543292 /* Pods.debug.xcconfig */ = {isa = PBXFileReference; includeInIndex = 1; lastKnownFileType = text.xcconfig; name = Pods.debug.xcconfig; path = "Pods/Target Support Files/Pods/Pods.debug.xcconfig"; sourceTree = "<group>"; };
		C804B90B1B80840100AEC003 /* WebViewController.swift */ = {isa = PBXFileReference; fileEncoding = 4; lastKnownFileType = sourcecode.swift; path = WebViewController.swift; sourceTree = "<group>"; };
		C80881E11B6D2190002A1CE9 /* FIR.swift */ = {isa = PBXFileReference; fileEncoding = 4; lastKnownFileType = sourcecode.swift; path = FIR.swift; sourceTree = "<group>"; };
		C80B6B361BB672780017D7E3 /* Trace.storyboard */ = {isa = PBXFileReference; fileEncoding = 4; lastKnownFileType = file.storyboard; path = Trace.storyboard; sourceTree = "<group>"; };
		C80B6B3B1BB674AF0017D7E3 /* MainViewController.swift */ = {isa = PBXFileReference; fileEncoding = 4; lastKnownFileType = sourcecode.swift; path = MainViewController.swift; sourceTree = "<group>"; };
		C80B6B3F1BB6790A0017D7E3 /* CarBar.storyboard */ = {isa = PBXFileReference; fileEncoding = 4; lastKnownFileType = file.storyboard; path = CarBar.storyboard; sourceTree = "<group>"; };
		C80B6B411BB679150017D7E3 /* Mine.storyboard */ = {isa = PBXFileReference; fileEncoding = 4; lastKnownFileType = file.storyboard; path = Mine.storyboard; sourceTree = "<group>"; };
		C80FCD1D1B8CC3FC001F5A93 /* AddPlayerTableViewController.swift */ = {isa = PBXFileReference; fileEncoding = 4; lastKnownFileType = sourcecode.swift; path = AddPlayerTableViewController.swift; sourceTree = "<group>"; };
		C82821F01BECD54D00FC5E95 /* LetsgoDigital-Regular.ttf */ = {isa = PBXFileReference; lastKnownFileType = file; path = "LetsgoDigital-Regular.ttf"; sourceTree = "<group>"; };
		C828823B1B9219620091F624 /* UIImageView.swift */ = {isa = PBXFileReference; fileEncoding = 4; lastKnownFileType = sourcecode.swift; path = UIImageView.swift; sourceTree = "<group>"; };
		C84408F71BB43C720088D046 /* LoginViewModel.swift */ = {isa = PBXFileReference; fileEncoding = 4; lastKnownFileType = sourcecode.swift; path = LoginViewModel.swift; sourceTree = "<group>"; };
		C84408FA1BB43D410088D046 /* Login.storyboard */ = {isa = PBXFileReference; fileEncoding = 4; lastKnownFileType = file.storyboard; path = Login.storyboard; sourceTree = "<group>"; };
		C844F4001BE73DE1008AFC8B /* File.swift */ = {isa = PBXFileReference; fileEncoding = 4; lastKnownFileType = sourcecode.swift; path = File.swift; sourceTree = "<group>"; };
		C848F1B61B778626008DAC69 /* TrackingViewController.swift */ = {isa = PBXFileReference; fileEncoding = 4; lastKnownFileType = sourcecode.swift; path = TrackingViewController.swift; sourceTree = "<group>"; };
		C84FE8C91B7A360000F8EC74 /* CarTableViewController.swift */ = {isa = PBXFileReference; fileEncoding = 4; lastKnownFileType = sourcecode.swift; path = CarTableViewController.swift; sourceTree = "<group>"; };
		C8516DDB1AE2127A00BB0FF4 /* Images.xcassets */ = {isa = PBXFileReference; lastKnownFileType = folder.assetcatalog; path = Images.xcassets; sourceTree = "<group>"; };
		C8516DDD1AE240C500BB0FF4 /* CarIconEditViewController.swift */ = {isa = PBXFileReference; fileEncoding = 4; lastKnownFileType = sourcecode.swift; path = CarIconEditViewController.swift; sourceTree = "<group>"; };
		C85263901B6E2BEF00E43FE0 /* KMPlaceholderTextView.swift */ = {isa = PBXFileReference; fileEncoding = 4; lastKnownFileType = sourcecode.swift; path = KMPlaceholderTextView.swift; sourceTree = "<group>"; };
		C85B349C1BB7C5C500435320 /* UIButton.swift */ = {isa = PBXFileReference; fileEncoding = 4; lastKnownFileType = sourcecode.swift; path = UIButton.swift; sourceTree = "<group>"; };
		C85DD70D1B072ABF00A658B6 /* CarInfoViewController.swift */ = {isa = PBXFileReference; fileEncoding = 4; lastKnownFileType = sourcecode.swift; path = CarInfoViewController.swift; sourceTree = "<group>"; };
		C860F3FF1BEAF96300B17004 /* TestViewController.swift */ = {isa = PBXFileReference; fileEncoding = 4; lastKnownFileType = sourcecode.swift; path = TestViewController.swift; sourceTree = "<group>"; };
		C867FC661AD8FCAF00F99592 /* GetCarSwift.app */ = {isa = PBXFileReference; explicitFileType = wrapper.application; includeInIndex = 0; path = GetCarSwift.app; sourceTree = BUILT_PRODUCTS_DIR; };
		C867FC6A1AD8FCAF00F99592 /* Info.plist */ = {isa = PBXFileReference; lastKnownFileType = text.plist.xml; path = Info.plist; sourceTree = "<group>"; };
		C867FC6B1AD8FCAF00F99592 /* AppDelegate.swift */ = {isa = PBXFileReference; lastKnownFileType = sourcecode.swift; path = AppDelegate.swift; sourceTree = "<group>"; };
		C867FC721AD8FCAF00F99592 /* Base */ = {isa = PBXFileReference; lastKnownFileType = file.storyboard; name = Base; path = Base.lproj/Main.storyboard; sourceTree = "<group>"; };
		C867FC771AD8FCAF00F99592 /* Base */ = {isa = PBXFileReference; lastKnownFileType = file.xib; name = Base; path = Base.lproj/LaunchScreen.xib; sourceTree = "<group>"; };
		C867FC7D1AD8FCB000F99592 /* GetCarSwiftTests.xctest */ = {isa = PBXFileReference; explicitFileType = wrapper.cfbundle; includeInIndex = 0; path = GetCarSwiftTests.xctest; sourceTree = BUILT_PRODUCTS_DIR; };
		C867FC821AD8FCB000F99592 /* Info.plist */ = {isa = PBXFileReference; lastKnownFileType = text.plist.xml; path = Info.plist; sourceTree = "<group>"; };
		C867FC831AD8FCB000F99592 /* GetCarSwiftTests.swift */ = {isa = PBXFileReference; lastKnownFileType = sourcecode.swift; path = GetCarSwiftTests.swift; sourceTree = "<group>"; };
		C867FD1D1AD9071900F99592 /* Res.swift */ = {isa = PBXFileReference; fileEncoding = 4; lastKnownFileType = sourcecode.swift; path = Res.swift; sourceTree = "<group>"; };
		C867FD201AD909E400F99592 /* LoginViewController.swift */ = {isa = PBXFileReference; fileEncoding = 4; lastKnownFileType = sourcecode.swift; path = LoginViewController.swift; sourceTree = "<group>"; };
		C86F854F1B8215A100C7DC7C /* CoreMotion.framework */ = {isa = PBXFileReference; lastKnownFileType = wrapper.framework; name = CoreMotion.framework; path = System/Library/Frameworks/CoreMotion.framework; sourceTree = SDKROOT; };
		C87AAD8D1B7CE3F000084EA0 /* CarRightTableViewController.swift */ = {isa = PBXFileReference; fileEncoding = 4; lastKnownFileType = sourcecode.swift; path = CarRightTableViewController.swift; sourceTree = "<group>"; };
		C87DA9C81B08C66600AA47AF /* AddCarViewController.swift */ = {isa = PBXFileReference; fileEncoding = 4; lastKnownFileType = sourcecode.swift; path = AddCarViewController.swift; sourceTree = "<group>"; };
		C87DA9CA1B08CEAB00AA47AF /* BrandsViewController.swift */ = {isa = PBXFileReference; fileEncoding = 4; lastKnownFileType = sourcecode.swift; path = BrandsViewController.swift; sourceTree = "<group>"; };
		C880DA761B78D21900F5E24D /* Nearby.swift */ = {isa = PBXFileReference; fileEncoding = 4; lastKnownFileType = sourcecode.swift; path = Nearby.swift; sourceTree = "<group>"; };
		C880DA7A1B78E8F500F5E24D /* RegisterViewController.swift */ = {isa = PBXFileReference; fileEncoding = 4; lastKnownFileType = sourcecode.swift; path = RegisterViewController.swift; sourceTree = "<group>"; };
		C88D822E1AE27E4900DBC0C1 /* UIImage.swift */ = {isa = PBXFileReference; fileEncoding = 4; lastKnownFileType = sourcecode.swift; path = UIImage.swift; sourceTree = "<group>"; };
		C88D896A1BDF797700AA4425 /* R.generated.swift */ = {isa = PBXFileReference; fileEncoding = 4; lastKnownFileType = sourcecode.swift; path = R.generated.swift; sourceTree = SOURCE_ROOT; };
		C89079331B7E161D002D18E0 /* CarTableNavigationController.swift */ = {isa = PBXFileReference; fileEncoding = 4; lastKnownFileType = sourcecode.swift; path = CarTableNavigationController.swift; sourceTree = "<group>"; };
		C894A3311B7F783D00D853C9 /* CarInfo.swift */ = {isa = PBXFileReference; fileEncoding = 4; lastKnownFileType = sourcecode.swift; path = CarInfo.swift; sourceTree = "<group>"; };
		C894F5FA1BA440B300645DA3 /* UITableView.swift */ = {isa = PBXFileReference; fileEncoding = 4; lastKnownFileType = sourcecode.swift; path = UITableView.swift; sourceTree = "<group>"; };
		C89791DC1B9F04280027D6A5 /* Comment.swift */ = {isa = PBXFileReference; fileEncoding = 4; lastKnownFileType = sourcecode.swift; path = Comment.swift; sourceTree = "<group>"; };
		C89884361B0650F5009634E1 /* BgChoiceViewController.swift */ = {isa = PBXFileReference; fileEncoding = 4; lastKnownFileType = sourcecode.swift; path = BgChoiceViewController.swift; sourceTree = "<group>"; };
		C89A05C21B6E058C00620C85 /* GaikeService.swift */ = {isa = PBXFileReference; fileEncoding = 4; lastKnownFileType = sourcecode.swift; path = GaikeService.swift; sourceTree = "<group>"; };
		C89A05C61B6E125400620C85 /* TraceViewController.swift */ = {isa = PBXFileReference; fileEncoding = 4; lastKnownFileType = sourcecode.swift; path = TraceViewController.swift; sourceTree = "<group>"; };
		C89A05C91B6E166400620C85 /* SwiftPages.swift */ = {isa = PBXFileReference; fileEncoding = 4; lastKnownFileType = sourcecode.swift; path = SwiftPages.swift; sourceTree = "<group>"; };
		C89A05CB1B6E195600620C85 /* DataViewController.swift */ = {isa = PBXFileReference; fileEncoding = 4; lastKnownFileType = sourcecode.swift; path = DataViewController.swift; sourceTree = "<group>"; };
		C8A4C34C1B04EF0B006D6DBD /* MyHomepaeViewController.swift */ = {isa = PBXFileReference; fileEncoding = 4; lastKnownFileType = sourcecode.swift; path = MyHomepaeViewController.swift; sourceTree = "<group>"; };
		C8AEC1F61B982D2C002F39EB /* TrackDetailViewController.swift */ = {isa = PBXFileReference; fileEncoding = 4; lastKnownFileType = sourcecode.swift; path = TrackDetailViewController.swift; sourceTree = "<group>"; };
		C8AEC2031B985B5C002F39EB /* NSDate.swift */ = {isa = PBXFileReference; fileEncoding = 4; lastKnownFileType = sourcecode.swift; path = NSDate.swift; sourceTree = "<group>"; };
		C8AEC2121B996F41002F39EB /* NSAttributedString.swift */ = {isa = PBXFileReference; fileEncoding = 4; lastKnownFileType = sourcecode.swift; path = NSAttributedString.swift; sourceTree = "<group>"; };
		C8C2C08B1B8B527D006095DC /* MatchViewController.swift */ = {isa = PBXFileReference; fileEncoding = 4; lastKnownFileType = sourcecode.swift; path = MatchViewController.swift; sourceTree = "<group>"; };
		C8C2C08D1B8B5DEE006095DC /* CLLocationCoordinate2D.swift */ = {isa = PBXFileReference; fileEncoding = 4; lastKnownFileType = sourcecode.swift; path = CLLocationCoordinate2D.swift; sourceTree = "<group>"; };
		C8C2C08E1B8B5DEE006095DC /* JSON.swift */ = {isa = PBXFileReference; fileEncoding = 4; lastKnownFileType = sourcecode.swift; path = JSON.swift; sourceTree = "<group>"; };
		C8C2C08F1B8B5DEE006095DC /* String.swift */ = {isa = PBXFileReference; fileEncoding = 4; lastKnownFileType = sourcecode.swift; path = String.swift; sourceTree = "<group>"; };
		C8C2C0901B8B5DEE006095DC /* UIColor.swift */ = {isa = PBXFileReference; fileEncoding = 4; lastKnownFileType = sourcecode.swift; path = UIColor.swift; sourceTree = "<group>"; };
		C8C2C09B1B8B5EEE006095DC /* GetCarSwift-Bridging-Header.h */ = {isa = PBXFileReference; fileEncoding = 4; lastKnownFileType = sourcecode.c.h; path = "GetCarSwift-Bridging-Header.h"; sourceTree = "<group>"; };
		C8C6B4261ADFE6C500059523 /* InfoEditViewController.swift */ = {isa = PBXFileReference; fileEncoding = 4; lastKnownFileType = sourcecode.swift; path = InfoEditViewController.swift; sourceTree = "<group>"; };
		C8D1C4F01BB637A000F131BC /* RegisterViewModel.swift */ = {isa = PBXFileReference; fileEncoding = 4; lastKnownFileType = sourcecode.swift; path = RegisterViewModel.swift; sourceTree = "<group>"; };
		C8D1C4FF1BB6413300F131BC /* CarTableViewModel.swift */ = {isa = PBXFileReference; fileEncoding = 4; lastKnownFileType = sourcecode.swift; path = CarTableViewModel.swift; sourceTree = "<group>"; };
		C8D6B1EE1B0E2F3000A2ED60 /* PostViewController.swift */ = {isa = PBXFileReference; fileEncoding = 4; lastKnownFileType = sourcecode.swift; path = PostViewController.swift; sourceTree = "<group>"; };
		C8D6CAE51B8F511700A417CF /* UIViewController.swift */ = {isa = PBXFileReference; fileEncoding = 4; lastKnownFileType = sourcecode.swift; path = UIViewController.swift; sourceTree = "<group>"; };
		C8D6D7081B8E14B5006A068E /* PopupViewController.swift */ = {isa = PBXFileReference; fileEncoding = 4; lastKnownFileType = sourcecode.swift; path = PopupViewController.swift; sourceTree = "<group>"; };
		C8E2B8371AD92727003B07FE /* CommonTableViewCell.swift */ = {isa = PBXFileReference; fileEncoding = 4; lastKnownFileType = sourcecode.swift; path = CommonTableViewCell.swift; sourceTree = "<group>"; };
		C8E2B83A1AD92B27003B07FE /* CarBarViewController.swift */ = {isa = PBXFileReference; fileEncoding = 4; lastKnownFileType = sourcecode.swift; path = CarBarViewController.swift; sourceTree = "<group>"; };
		C8E2B83C1AD92D73003B07FE /* PostCell.swift */ = {isa = PBXFileReference; fileEncoding = 4; lastKnownFileType = sourcecode.swift; path = PostCell.swift; sourceTree = "<group>"; };
		C8E2B84A1AD95AD6003B07FE /* AccountCell.swift */ = {isa = PBXFileReference; fileEncoding = 4; lastKnownFileType = sourcecode.swift; path = AccountCell.swift; sourceTree = "<group>"; };
		C8E2B84C1AD95AE8003B07FE /* PersonInfoCell.swift */ = {isa = PBXFileReference; fileEncoding = 4; lastKnownFileType = sourcecode.swift; path = PersonInfoCell.swift; sourceTree = "<group>"; };
		C8E2B84E1AD95C5E003B07FE /* MineViewController.swift */ = {isa = PBXFileReference; fileEncoding = 4; lastKnownFileType = sourcecode.swift; path = MineViewController.swift; sourceTree = "<group>"; };
		C8E2B8521AD96B47003B07FE /* PersonInfoViewController.swift */ = {isa = PBXFileReference; fileEncoding = 4; lastKnownFileType = sourcecode.swift; path = PersonInfoViewController.swift; sourceTree = "<group>"; };
		C8E2B8551AD96F31003B07FE /* MapViewController.swift */ = {isa = PBXFileReference; fileEncoding = 4; lastKnownFileType = sourcecode.swift; path = MapViewController.swift; sourceTree = "<group>"; };
		C8E335521BB44910005449B2 /* ViewProxy.swift */ = {isa = PBXFileReference; fileEncoding = 4; lastKnownFileType = sourcecode.swift; path = ViewProxy.swift; sourceTree = "<group>"; };
		C8E335611BB45413005449B2 /* GetCarPlayground.playground */ = {isa = PBXFileReference; lastKnownFileType = file.playground; path = GetCarPlayground.playground; sourceTree = SOURCE_ROOT; };
		C8EEB65C1BB2D3D300BB5704 /* Praise.swift */ = {isa = PBXFileReference; fileEncoding = 4; lastKnownFileType = sourcecode.swift; path = Praise.swift; sourceTree = "<group>"; };
		C8EEB65E1BB2D84D00BB5704 /* Comments.swift */ = {isa = PBXFileReference; fileEncoding = 4; lastKnownFileType = sourcecode.swift; path = Comments.swift; sourceTree = "<group>"; };
		C8F2BD7D1BE074CB00424EEA /* ENSideMenu.swift */ = {isa = PBXFileReference; fileEncoding = 4; lastKnownFileType = sourcecode.swift; path = ENSideMenu.swift; sourceTree = "<group>"; };
		C8F2BD7E1BE074CB00424EEA /* ENSideMenuNavigationController.swift */ = {isa = PBXFileReference; fileEncoding = 4; lastKnownFileType = sourcecode.swift; path = ENSideMenuNavigationController.swift; sourceTree = "<group>"; };
		C8F333571BB6C32900F4EFB2 /* DeviceDataService.swift */ = {isa = PBXFileReference; fileEncoding = 4; lastKnownFileType = sourcecode.swift; path = DeviceDataService.swift; sourceTree = "<group>"; };
		C8F333671BB6DA6600F4EFB2 /* Async.swift */ = {isa = PBXFileReference; fileEncoding = 4; lastKnownFileType = sourcecode.swift; path = Async.swift; sourceTree = "<group>"; };
		C8F3336A1BB6DE7F00F4EFB2 /* MapViewModel.swift */ = {isa = PBXFileReference; fileEncoding = 4; lastKnownFileType = sourcecode.swift; path = MapViewModel.swift; sourceTree = "<group>"; };
		C8F9CD6E1B7246BB0003AF1B /* User.swift */ = {isa = PBXFileReference; fileEncoding = 4; lastKnownFileType = sourcecode.swift; path = User.swift; sourceTree = "<group>"; };
		C8F9CD701B725CDD0003AF1B /* Toast.swift */ = {isa = PBXFileReference; fileEncoding = 4; lastKnownFileType = sourcecode.swift; path = Toast.swift; sourceTree = "<group>"; };
/* End PBXFileReference section */

/* Begin PBXFrameworksBuildPhase section */
		C867FC631AD8FCAF00F99592 /* Frameworks */ = {
			isa = PBXFrameworksBuildPhase;
			buildActionMask = 2147483647;
			files = (
				98795095F455188C9BEBB8DD /* Pods.framework in Frameworks */,
			);
			runOnlyForDeploymentPostprocessing = 0;
		};
		C867FC7A1AD8FCB000F99592 /* Frameworks */ = {
			isa = PBXFrameworksBuildPhase;
			buildActionMask = 2147483647;
			files = (
			);
			runOnlyForDeploymentPostprocessing = 0;
		};
/* End PBXFrameworksBuildPhase section */

/* Begin PBXGroup section */
		2C2ECC4D086E66923F2F9980 /* Frameworks */ = {
			isa = PBXGroup;
			children = (
				C86F854F1B8215A100C7DC7C /* CoreMotion.framework */,
				0FA7E7F32B82B982261BC1FB /* Pods.framework */,
			);
			name = Frameworks;
			sourceTree = "<group>";
		};
		8BDEB006326E9E3DED7B8762 /* carbar */ = {
			isa = PBXGroup;
			children = (
				C8E2B83A1AD92B27003B07FE /* CarBarViewController.swift */,
				C8E2B83C1AD92D73003B07FE /* PostCell.swift */,
				C8D6B1EE1B0E2F3000A2ED60 /* PostViewController.swift */,
				C8AEC1F61B982D2C002F39EB /* TrackDetailViewController.swift */,
				8BDEB3D1209592E2AE2E6A85 /* TrackViewController.swift */,
			);
			name = carbar;
			sourceTree = "<group>";
		};
		8BDEBA9465805C8CC88C3130 /* mod */ = {
			isa = PBXGroup;
			children = (
				8BDEB87F625FA83CA0BD8E93 /* ModDoctorViewController.swift */,
				8BDEB65E7FBAE27567EAB061 /* ModIntroContentViewController.swift */,
				8BDEB55F0179E0E5E7C46AE9 /* ModStoreViewController.swift */,
				8BDEBDB2B8219B464510356E /* ModViewController.swift */,
			);
			name = mod;
			sourceTree = "<group>";
		};
		8BDEBDF395FABF0B9500EB3E /* carbar */ = {
			isa = PBXGroup;
			children = (
				8BDEB806B0A1F2B26FCB9098 /* TrackDetailViewModel.swift */,
			);
			name = carbar;
			sourceTree = "<group>";
		};
		C80881E01B6D2171002A1CE9 /* servicce */ = {
			isa = PBXGroup;
			children = (
				C8F333571BB6C32900F4EFB2 /* DeviceDataService.swift */,
				C89A05C21B6E058C00620C85 /* GaikeService.swift */,
			);
			name = servicce;
			sourceTree = "<group>";
		};
		C80B6B281BB672560017D7E3 /* trace */ = {
			isa = PBXGroup;
			children = (
				C89A05CB1B6E195600620C85 /* DataViewController.swift */,
				C8E2B8551AD96F31003B07FE /* MapViewController.swift */,
				C89A05C61B6E125400620C85 /* TraceViewController.swift */,
			);
			name = trace;
			sourceTree = "<group>";
		};
		C842765F1BB188D60041C3F9 /* Model */ = {
			isa = PBXGroup;
			children = (
				C894A3311B7F783D00D853C9 /* CarInfo.swift */,
				C89791DC1B9F04280027D6A5 /* Comment.swift */,
				C8EEB65E1BB2D84D00BB5704 /* Comments.swift */,
				C80881E11B6D2190002A1CE9 /* FIR.swift */,
				C880DA761B78D21900F5E24D /* Nearby.swift */,
				C8EEB65C1BB2D3D300BB5704 /* Praise.swift */,
				C8F9CD6E1B7246BB0003AF1B /* User.swift */,
			);
			name = Model;
			sourceTree = "<group>";
		};
		C84408E91BB43C590088D046 /* ViewModel */ = {
			isa = PBXGroup;
			children = (
				8BDEBDF395FABF0B9500EB3E /* carbar */,
				C8D1C5021BB64F5D00F131BC /* login */,
				C8F333691BB6DDB900F4EFB2 /* trace */,
				C8E335521BB44910005449B2 /* ViewProxy.swift */,
			);
			name = ViewModel;
			sourceTree = "<group>";
		};
		C84408F91BB43D2B0088D046 /* View */ = {
			isa = PBXGroup;
			children = (
				C860F3FE1BE882FF00B17004 /* storyboard */,
				8BDEB006326E9E3DED7B8762 /* carbar */,
				C8D1C5011BB64F4100F131BC /* login */,
				C85B34AC1BB7DAA400435320 /* mine */,
				8BDEBA9465805C8CC88C3130 /* mod */,
				C80B6B281BB672560017D7E3 /* trace */,
				C8E2B8361AD926C7003B07FE /* Widget */,
				C80B6B3B1BB674AF0017D7E3 /* MainViewController.swift */,
			);
			name = View;
			sourceTree = "<group>";
		};
		C85B34AC1BB7DAA400435320 /* mine */ = {
			isa = PBXGroup;
			children = (
				C80FCD1D1B8CC3FC001F5A93 /* AddPlayerTableViewController.swift */,
				C8C2C08B1B8B527D006095DC /* MatchViewController.swift */,
				C8E2B84A1AD95AD6003B07FE /* AccountCell.swift */,
				C87DA9C81B08C66600AA47AF /* AddCarViewController.swift */,
				C89884361B0650F5009634E1 /* BgChoiceViewController.swift */,
				C87DA9CA1B08CEAB00AA47AF /* BrandsViewController.swift */,
				C8516DDD1AE240C500BB0FF4 /* CarIconEditViewController.swift */,
				C85DD70D1B072ABF00A658B6 /* CarInfoViewController.swift */,
				C8C6B4261ADFE6C500059523 /* InfoEditViewController.swift */,
				C8E2B84E1AD95C5E003B07FE /* MineViewController.swift */,
				C8A4C34C1B04EF0B006D6DBD /* MyHomepaeViewController.swift */,
				C8E2B84C1AD95AE8003B07FE /* PersonInfoCell.swift */,
				C8E2B8521AD96B47003B07FE /* PersonInfoViewController.swift */,
				C848F1B61B778626008DAC69 /* TrackingViewController.swift */,
				C860F3FF1BEAF96300B17004 /* TestViewController.swift */,
			);
			name = mine;
			sourceTree = "<group>";
		};
		C860F3FE1BE882FF00B17004 /* storyboard */ = {
			isa = PBXGroup;
			children = (
				C867FC711AD8FCAF00F99592 /* Main.storyboard */,
				C80B6B3F1BB6790A0017D7E3 /* CarBar.storyboard */,
				C84408FA1BB43D410088D046 /* Login.storyboard */,
				C80B6B411BB679150017D7E3 /* Mine.storyboard */,
				8BDEB3E592343A2B219B8F2F /* Mod.storyboard */,
				C80B6B361BB672780017D7E3 /* Trace.storyboard */,
			);
			name = storyboard;
			sourceTree = "<group>";
		};
		C867FC5D1AD8FCAF00F99592 = {
			isa = PBXGroup;
			children = (
				C8E335611BB45413005449B2 /* GetCarPlayground.playground */,
				C867FC681AD8FCAF00F99592 /* GetCarSwift */,
				C867FC801AD8FCB000F99592 /* GetCarSwiftTests */,
				2C2ECC4D086E66923F2F9980 /* Frameworks */,
				C867FC671AD8FCAF00F99592 /* Products */,
				D726EAD8677BF61B80C23841 /* Pods */,
			);
			sourceTree = "<group>";
		};
		C867FC671AD8FCAF00F99592 /* Products */ = {
			isa = PBXGroup;
			children = (
				C867FC661AD8FCAF00F99592 /* GetCarSwift.app */,
				C867FC7D1AD8FCB000F99592 /* GetCarSwiftTests.xctest */,
			);
			name = Products;
			sourceTree = "<group>";
		};
		C867FC681AD8FCAF00F99592 /* GetCarSwift */ = {
			isa = PBXGroup;
			children = (
				C867FC6B1AD8FCAF00F99592 /* AppDelegate.swift */,
				C881F02F1B7B86BD00E062B6 /* Assets */,
				C8AEC2051B985BAB002F39EB /* Extension */,
				C842765F1BB188D60041C3F9 /* Model */,
				C80881E01B6D2171002A1CE9 /* servicce */,
				C867FC691AD8FCAF00F99592 /* Supporting Files */,
				C8F333661BB6DA1B00F4EFB2 /* Utils */,
				C84408F91BB43D2B0088D046 /* View */,
				C84408E91BB43C590088D046 /* ViewModel */,
			);
			path = GetCarSwift;
			sourceTree = "<group>";
		};
		C867FC691AD8FCAF00F99592 /* Supporting Files */ = {
			isa = PBXGroup;
			children = (
				C88D896A1BDF797700AA4425 /* R.generated.swift */,
				C8C2C09B1B8B5EEE006095DC /* GetCarSwift-Bridging-Header.h */,
				C867FC6A1AD8FCAF00F99592 /* Info.plist */,
			);
			name = "Supporting Files";
			sourceTree = "<group>";
		};
		C867FC801AD8FCB000F99592 /* GetCarSwiftTests */ = {
			isa = PBXGroup;
			children = (
				C867FC831AD8FCB000F99592 /* GetCarSwiftTests.swift */,
				C867FC811AD8FCB000F99592 /* Supporting Files */,
			);
			path = GetCarSwiftTests;
			sourceTree = "<group>";
		};
		C867FC811AD8FCB000F99592 /* Supporting Files */ = {
			isa = PBXGroup;
			children = (
				C867FC821AD8FCB000F99592 /* Info.plist */,
			);
			name = "Supporting Files";
			sourceTree = "<group>";
		};
		C881F02F1B7B86BD00E062B6 /* Assets */ = {
			isa = PBXGroup;
			children = (
				C82821F01BECD54D00FC5E95 /* LetsgoDigital-Regular.ttf */,
				C8516DDB1AE2127A00BB0FF4 /* Images.xcassets */,
				C867FC761AD8FCAF00F99592 /* LaunchScreen.xib */,
			);
			name = Assets;
			sourceTree = "<group>";
		};
		C8AEC2051B985BAB002F39EB /* Extension */ = {
			isa = PBXGroup;
			children = (
				C8C2C08D1B8B5DEE006095DC /* CLLocationCoordinate2D.swift */,
				C8C2C08E1B8B5DEE006095DC /* JSON.swift */,
				C8AEC2121B996F41002F39EB /* NSAttributedString.swift */,
				C8AEC2031B985B5C002F39EB /* NSDate.swift */,
				C8C2C08F1B8B5DEE006095DC /* String.swift */,
				C85B349C1BB7C5C500435320 /* UIButton.swift */,
				C8C2C0901B8B5DEE006095DC /* UIColor.swift */,
				C88D822E1AE27E4900DBC0C1 /* UIImage.swift */,
				C828823B1B9219620091F624 /* UIImageView.swift */,
				C894F5FA1BA440B300645DA3 /* UITableView.swift */,
				C8D6CAE51B8F511700A417CF /* UIViewController.swift */,
			);
			name = Extension;
			sourceTree = "<group>";
		};
		C8CD8DEC1B91DEED0050DF90 /* ENSideMenu */ = {
			isa = PBXGroup;
			children = (
				C8F2BD7D1BE074CB00424EEA /* ENSideMenu.swift */,
				C8F2BD7E1BE074CB00424EEA /* ENSideMenuNavigationController.swift */,
			);
			name = ENSideMenu;
			sourceTree = "<group>";
		};
		C8D1C5011BB64F4100F131BC /* login */ = {
			isa = PBXGroup;
			children = (
				C87AAD8D1B7CE3F000084EA0 /* CarRightTableViewController.swift */,
				C89079331B7E161D002D18E0 /* CarTableNavigationController.swift */,
				C84FE8C91B7A360000F8EC74 /* CarTableViewController.swift */,
				C867FD201AD909E400F99592 /* LoginViewController.swift */,
				C880DA7A1B78E8F500F5E24D /* RegisterViewController.swift */,
			);
			name = login;
			sourceTree = "<group>";
		};
		C8D1C5021BB64F5D00F131BC /* login */ = {
			isa = PBXGroup;
			children = (
				C8D1C4FF1BB6413300F131BC /* CarTableViewModel.swift */,
				C84408F71BB43C720088D046 /* LoginViewModel.swift */,
				C8D1C4F01BB637A000F131BC /* RegisterViewModel.swift */,
			);
			name = login;
			sourceTree = "<group>";
		};
		C8E2B8361AD926C7003B07FE /* Widget */ = {
			isa = PBXGroup;
			children = (
				C8CD8DEC1B91DEED0050DF90 /* ENSideMenu */,
				C85263901B6E2BEF00E43FE0 /* KMPlaceholderTextView.swift */,
				C8F9CD701B725CDD0003AF1B /* Toast.swift */,
				C89A05C91B6E166400620C85 /* SwiftPages.swift */,
				C8E2B8371AD92727003B07FE /* CommonTableViewCell.swift */,
				C804B90B1B80840100AEC003 /* WebViewController.swift */,
				C8D6D7081B8E14B5006A068E /* PopupViewController.swift */,
			);
			name = Widget;
			sourceTree = "<group>";
		};
		C8F333661BB6DA1B00F4EFB2 /* Utils */ = {
			isa = PBXGroup;
			children = (
				C8F333671BB6DA6600F4EFB2 /* Async.swift */,
				C867FD1D1AD9071900F99592 /* Res.swift */,
				C844F4001BE73DE1008AFC8B /* File.swift */,
			);
			name = Utils;
			sourceTree = "<group>";
		};
		C8F333691BB6DDB900F4EFB2 /* trace */ = {
			isa = PBXGroup;
			children = (
				C8F3336A1BB6DE7F00F4EFB2 /* MapViewModel.swift */,
			);
			name = trace;
			sourceTree = "<group>";
		};
		D726EAD8677BF61B80C23841 /* Pods */ = {
			isa = PBXGroup;
			children = (
				AF89B3959372DB5712543292 /* Pods.debug.xcconfig */,
				379E7426878B39BF90F73D64 /* Pods.release.xcconfig */,
			);
			name = Pods;
			sourceTree = "<group>";
		};
/* End PBXGroup section */

/* Begin PBXNativeTarget section */
		C867FC651AD8FCAF00F99592 /* GetCarSwift */ = {
			isa = PBXNativeTarget;
			buildConfigurationList = C867FC871AD8FCB000F99592 /* Build configuration list for PBXNativeTarget "GetCarSwift" */;
			buildPhases = (
				C527E00D7BEFF4362739B28B /* Check Pods Manifest.lock */,
				C8CD8E0B1B91E85B0050DF90 /* Embed Frameworks */,
				C88D89601BDF75E200AA4425 /* Generate R.swift */,
				C867FC621AD8FCAF00F99592 /* Sources */,
				C867FC631AD8FCAF00F99592 /* Frameworks */,
				C867FC641AD8FCAF00F99592 /* Resources */,
				C873F9551B835894007A2BB6 /* Bugly auto uploader */,
				6E6F9C2B6C3314D97F51B147 /* Embed Pods Frameworks */,
				917907DCB1C3F68F9978D874 /* Copy Pods Resources */,
			);
			buildRules = (
			);
			dependencies = (
			);
			name = GetCarSwift;
			productName = GetCarSwift;
			productReference = C867FC661AD8FCAF00F99592 /* GetCarSwift.app */;
			productType = "com.apple.product-type.application";
		};
		C867FC7C1AD8FCB000F99592 /* GetCarSwiftTests */ = {
			isa = PBXNativeTarget;
			buildConfigurationList = C867FC8A1AD8FCB000F99592 /* Build configuration list for PBXNativeTarget "GetCarSwiftTests" */;
			buildPhases = (
				C867FC791AD8FCB000F99592 /* Sources */,
				C867FC7A1AD8FCB000F99592 /* Frameworks */,
				C867FC7B1AD8FCB000F99592 /* Resources */,
			);
			buildRules = (
			);
			dependencies = (
				C867FC7F1AD8FCB000F99592 /* PBXTargetDependency */,
			);
			name = GetCarSwiftTests;
			productName = GetCarSwiftTests;
			productReference = C867FC7D1AD8FCB000F99592 /* GetCarSwiftTests.xctest */;
			productType = "com.apple.product-type.bundle.unit-test";
		};
/* End PBXNativeTarget section */

/* Begin PBXProject section */
		C867FC5E1AD8FCAF00F99592 /* Project object */ = {
			isa = PBXProject;
			attributes = {
				LastSwiftMigration = 0700;
				LastSwiftUpdateCheck = 0700;
				LastUpgradeCheck = 0700;
				ORGANIZATIONNAME = "周斌佳";
				TargetAttributes = {
					C867FC651AD8FCAF00F99592 = {
						CreatedOnToolsVersion = 6.2;
						DevelopmentTeam = H4MJ558LMP;
					};
					C867FC7C1AD8FCB000F99592 = {
						CreatedOnToolsVersion = 6.2;
						TestTargetID = C867FC651AD8FCAF00F99592;
					};
				};
			};
			buildConfigurationList = C867FC611AD8FCAF00F99592 /* Build configuration list for PBXProject "GetCarSwift" */;
			compatibilityVersion = "Xcode 3.2";
			developmentRegion = English;
			hasScannedForEncodings = 0;
			knownRegions = (
				en,
				Base,
			);
			mainGroup = C867FC5D1AD8FCAF00F99592;
			productRefGroup = C867FC671AD8FCAF00F99592 /* Products */;
			projectDirPath = "";
			projectRoot = "";
			targets = (
				C867FC651AD8FCAF00F99592 /* GetCarSwift */,
				C867FC7C1AD8FCB000F99592 /* GetCarSwiftTests */,
			);
		};
/* End PBXProject section */

/* Begin PBXResourcesBuildPhase section */
		C867FC641AD8FCAF00F99592 /* Resources */ = {
			isa = PBXResourcesBuildPhase;
			buildActionMask = 2147483647;
			files = (
				C82821F21BECD7D100FC5E95 /* LetsgoDigital-Regular.ttf in Resources */,
				C80B6B371BB672780017D7E3 /* Trace.storyboard in Resources */,
				C86FE32B1BA3CC130037CD7F /* Main.storyboard in Resources */,
				C86FE32C1BA3CC130037CD7F /* LaunchScreen.xib in Resources */,
				C80B6B421BB679150017D7E3 /* Mine.storyboard in Resources */,
				C80B6B401BB6790A0017D7E3 /* CarBar.storyboard in Resources */,
				C84408FB1BB43D410088D046 /* Login.storyboard in Resources */,
				C8516DDC1AE2127A00BB0FF4 /* Images.xcassets in Resources */,
				8BDEBA96983C7719658CADA4 /* Mod.storyboard in Resources */,
			);
			runOnlyForDeploymentPostprocessing = 0;
		};
		C867FC7B1AD8FCB000F99592 /* Resources */ = {
			isa = PBXResourcesBuildPhase;
			buildActionMask = 2147483647;
			files = (
			);
			runOnlyForDeploymentPostprocessing = 0;
		};
/* End PBXResourcesBuildPhase section */

/* Begin PBXShellScriptBuildPhase section */
		6E6F9C2B6C3314D97F51B147 /* Embed Pods Frameworks */ = {
			isa = PBXShellScriptBuildPhase;
			buildActionMask = 2147483647;
			files = (
			);
			inputPaths = (
			);
			name = "Embed Pods Frameworks";
			outputPaths = (
			);
			runOnlyForDeploymentPostprocessing = 0;
			shellPath = /bin/sh;
			shellScript = "\"${SRCROOT}/Pods/Target Support Files/Pods/Pods-frameworks.sh\"\n";
			showEnvVarsInLog = 0;
		};
		917907DCB1C3F68F9978D874 /* Copy Pods Resources */ = {
			isa = PBXShellScriptBuildPhase;
			buildActionMask = 2147483647;
			files = (
			);
			inputPaths = (
			);
			name = "Copy Pods Resources";
			outputPaths = (
			);
			runOnlyForDeploymentPostprocessing = 0;
			shellPath = /bin/sh;
			shellScript = "\"${SRCROOT}/Pods/Target Support Files/Pods/Pods-resources.sh\"\n";
			showEnvVarsInLog = 0;
		};
		C527E00D7BEFF4362739B28B /* Check Pods Manifest.lock */ = {
			isa = PBXShellScriptBuildPhase;
			buildActionMask = 2147483647;
			files = (
			);
			inputPaths = (
			);
			name = "Check Pods Manifest.lock";
			outputPaths = (
			);
			runOnlyForDeploymentPostprocessing = 0;
			shellPath = /bin/sh;
			shellScript = "diff \"${PODS_ROOT}/../Podfile.lock\" \"${PODS_ROOT}/Manifest.lock\" > /dev/null\nif [[ $? != 0 ]] ; then\n    cat << EOM\nerror: The sandbox is not in sync with the Podfile.lock. Run 'pod install' or update your CocoaPods installation.\nEOM\n    exit 1\nfi\n";
			showEnvVarsInLog = 0;
		};
		C873F9551B835894007A2BB6 /* Bugly auto uploader */ = {
			isa = PBXShellScriptBuildPhase;
			buildActionMask = 2147483647;
			files = (
			);
			inputPaths = (
			);
			name = "Bugly auto uploader";
			outputPaths = (
			);
			runOnlyForDeploymentPostprocessing = 0;
			shellPath = /bin/sh;
			shellScript = "#!/bin/sh\n\"${SRCROOT}/dSYM_upload.sh\"";
			showEnvVarsInLog = 0;
		};
		C88D89601BDF75E200AA4425 /* Generate R.swift */ = {
			isa = PBXShellScriptBuildPhase;
			buildActionMask = 12;
			files = (
			);
			inputPaths = (
			);
			name = "Generate R.swift";
			outputPaths = (
			);
			runOnlyForDeploymentPostprocessing = 0;
			shellPath = /bin/sh;
			shellScript = "\"$SRCROOT/rswift\" \"$SRCROOT\"";
		};
/* End PBXShellScriptBuildPhase section */

/* Begin PBXSourcesBuildPhase section */
		C867FC621AD8FCAF00F99592 /* Sources */ = {
			isa = PBXSourcesBuildPhase;
			buildActionMask = 2147483647;
			files = (
				C8F2BD7F1BE074CB00424EEA /* ENSideMenu.swift in Sources */,
				C8E2B8381AD92727003B07FE /* CommonTableViewCell.swift in Sources */,
				C8E2B84B1AD95AD6003B07FE /* AccountCell.swift in Sources */,
				C8516DDE1AE240C500BB0FF4 /* CarIconEditViewController.swift in Sources */,
				C8D6B1EF1B0E2F3000A2ED60 /* PostViewController.swift in Sources */,
				C80881E21B6D2190002A1CE9 /* FIR.swift in Sources */,
				C8AEC1F71B982D2C002F39EB /* TrackDetailViewController.swift in Sources */,
				C8C2C0911B8B5DEE006095DC /* CLLocationCoordinate2D.swift in Sources */,
				C84408F81BB43C720088D046 /* LoginViewModel.swift in Sources */,
				C848F1B71B778626008DAC69 /* TrackingViewController.swift in Sources */,
				C89A05C31B6E058C00620C85 /* GaikeService.swift in Sources */,
				C8D6CAE61B8F511700A417CF /* UIViewController.swift in Sources */,
				C8EEB65F1BB2D84D00BB5704 /* Comments.swift in Sources */,
				C87DA9C91B08C66600AA47AF /* AddCarViewController.swift in Sources */,
				C8F9CD6F1B7246BB0003AF1B /* User.swift in Sources */,
				C85263911B6E2BEF00E43FE0 /* KMPlaceholderTextView.swift in Sources */,
				C89A05C71B6E125400620C85 /* TraceViewController.swift in Sources */,
				C85B349D1BB7C5C500435320 /* UIButton.swift in Sources */,
				C8A4C34D1B04EF0B006D6DBD /* MyHomepaeViewController.swift in Sources */,
				C87DA9CB1B08CEAB00AA47AF /* BrandsViewController.swift in Sources */,
				C867FD211AD909E400F99592 /* LoginViewController.swift in Sources */,
				C8D6D7091B8E14B5006A068E /* PopupViewController.swift in Sources */,
				C87AAD8E1B7CE3F000084EA0 /* CarRightTableViewController.swift in Sources */,
				C8AEC2041B985B5C002F39EB /* NSDate.swift in Sources */,
				C8E2B8531AD96B47003B07FE /* PersonInfoViewController.swift in Sources */,
				C867FC6C1AD8FCAF00F99592 /* AppDelegate.swift in Sources */,
				C8F9CD711B725CDD0003AF1B /* Toast.swift in Sources */,
				C8C2C08C1B8B527D006095DC /* MatchViewController.swift in Sources */,
				C80FCD1E1B8CC3FC001F5A93 /* AddPlayerTableViewController.swift in Sources */,
				C85DD70E1B072ABF00A658B6 /* CarInfoViewController.swift in Sources */,
				C89A05CA1B6E166400620C85 /* SwiftPages.swift in Sources */,
				C89884371B0650F5009634E1 /* BgChoiceViewController.swift in Sources */,
				C88D822F1AE27E4900DBC0C1 /* UIImage.swift in Sources */,
				C880DA771B78D21900F5E24D /* Nearby.swift in Sources */,
				C860F4001BEAF96300B17004 /* TestViewController.swift in Sources */,
				C8D1C5001BB6413300F131BC /* CarTableViewModel.swift in Sources */,
				C844F4011BE73DE1008AFC8B /* File.swift in Sources */,
				C8C6B4271ADFE6C500059523 /* InfoEditViewController.swift in Sources */,
				C8AEC2131B996F41002F39EB /* NSAttributedString.swift in Sources */,
				C89A05CC1B6E195600620C85 /* DataViewController.swift in Sources */,
				C8F2BD801BE074CB00424EEA /* ENSideMenuNavigationController.swift in Sources */,
				C8EEB65D1BB2D3D300BB5704 /* Praise.swift in Sources */,
				C867FD1E1AD9071900F99592 /* Res.swift in Sources */,
				C894A3321B7F783D00D853C9 /* CarInfo.swift in Sources */,
				C89079341B7E161D002D18E0 /* CarTableNavigationController.swift in Sources */,
				C8E2B84D1AD95AE8003B07FE /* PersonInfoCell.swift in Sources */,
				C804B90C1B80840100AEC003 /* WebViewController.swift in Sources */,
				C8F333681BB6DA6600F4EFB2 /* Async.swift in Sources */,
				C8C2C0931B8B5DEE006095DC /* String.swift in Sources */,
				C84FE8CA1B7A360000F8EC74 /* CarTableViewController.swift in Sources */,
				C8D1C4F11BB637A000F131BC /* RegisterViewModel.swift in Sources */,
				C8E2B83B1AD92B27003B07FE /* CarBarViewController.swift in Sources */,
				C8C2C0941B8B5DEE006095DC /* UIColor.swift in Sources */,
				C8E2B83D1AD92D73003B07FE /* PostCell.swift in Sources */,
				C8F3336B1BB6DE7F00F4EFB2 /* MapViewModel.swift in Sources */,
				C80B6B3C1BB674AF0017D7E3 /* MainViewController.swift in Sources */,
				C894F5FB1BA440B300645DA3 /* UITableView.swift in Sources */,
				C8E2B8561AD96F31003B07FE /* MapViewController.swift in Sources */,
				C89791DD1B9F04280027D6A5 /* Comment.swift in Sources */,
				C88D896B1BDF797700AA4425 /* R.generated.swift in Sources */,
				C8E335531BB44910005449B2 /* ViewProxy.swift in Sources */,
				C880DA7B1B78E8F500F5E24D /* RegisterViewController.swift in Sources */,
				C8E2B84F1AD95C5E003B07FE /* MineViewController.swift in Sources */,
				C828823C1B9219620091F624 /* UIImageView.swift in Sources */,
				C8F333581BB6C32900F4EFB2 /* DeviceDataService.swift in Sources */,
				C8C2C0921B8B5DEE006095DC /* JSON.swift in Sources */,
				8BDEBB8B6756B6040FFDF28F /* ModViewController.swift in Sources */,
				8BDEB205A577B64759FAFA59 /* ModDoctorViewController.swift in Sources */,
				8BDEB72CC5630B87A9209A2C /* ModIntroContentViewController.swift in Sources */,
				8BDEB0BF1D070B851F236536 /* ModStoreViewController.swift in Sources */,
				8BDEBF70FD74AF40A34401AF /* TrackViewController.swift in Sources */,
				8BDEB3B5FC58B55C2CF87286 /* TrackDetailViewModel.swift in Sources */,
			);
			runOnlyForDeploymentPostprocessing = 0;
		};
		C867FC791AD8FCB000F99592 /* Sources */ = {
			isa = PBXSourcesBuildPhase;
			buildActionMask = 2147483647;
			files = (
				C867FC841AD8FCB000F99592 /* GetCarSwiftTests.swift in Sources */,
			);
			runOnlyForDeploymentPostprocessing = 0;
		};
/* End PBXSourcesBuildPhase section */

/* Begin PBXTargetDependency section */
		C867FC7F1AD8FCB000F99592 /* PBXTargetDependency */ = {
			isa = PBXTargetDependency;
			target = C867FC651AD8FCAF00F99592 /* GetCarSwift */;
			targetProxy = C867FC7E1AD8FCB000F99592 /* PBXContainerItemProxy */;
		};
/* End PBXTargetDependency section */

/* Begin PBXVariantGroup section */
		C867FC711AD8FCAF00F99592 /* Main.storyboard */ = {
			isa = PBXVariantGroup;
			children = (
				C867FC721AD8FCAF00F99592 /* Base */,
			);
			name = Main.storyboard;
			sourceTree = "<group>";
		};
		C867FC761AD8FCAF00F99592 /* LaunchScreen.xib */ = {
			isa = PBXVariantGroup;
			children = (
				C867FC771AD8FCAF00F99592 /* Base */,
			);
			name = LaunchScreen.xib;
			sourceTree = "<group>";
		};
/* End PBXVariantGroup section */

/* Begin XCBuildConfiguration section */
		C867FC851AD8FCB000F99592 /* Debug */ = {
			isa = XCBuildConfiguration;
			buildSettings = {
				ALWAYS_SEARCH_USER_PATHS = NO;
				CLANG_CXX_LANGUAGE_STANDARD = "gnu++0x";
				CLANG_CXX_LIBRARY = "libc++";
				CLANG_ENABLE_MODULES = YES;
				CLANG_ENABLE_OBJC_ARC = YES;
				CLANG_WARN_BOOL_CONVERSION = YES;
				CLANG_WARN_CONSTANT_CONVERSION = YES;
				CLANG_WARN_DIRECT_OBJC_ISA_USAGE = YES_ERROR;
				CLANG_WARN_EMPTY_BODY = YES;
				CLANG_WARN_ENUM_CONVERSION = YES;
				CLANG_WARN_INT_CONVERSION = YES;
				CLANG_WARN_OBJC_ROOT_CLASS = YES_ERROR;
				CLANG_WARN_UNREACHABLE_CODE = YES;
				CLANG_WARN__DUPLICATE_METHOD_MATCH = YES;
				"CODE_SIGN_IDENTITY[sdk=iphoneos*]" = "iPhone Developer";
				COPY_PHASE_STRIP = NO;
				EMBEDDED_CONTENT_CONTAINS_SWIFT = NO;
				ENABLE_BITCODE = NO;
				ENABLE_STRICT_OBJC_MSGSEND = YES;
				ENABLE_TESTABILITY = YES;
				GCC_C_LANGUAGE_STANDARD = gnu99;
				GCC_DYNAMIC_NO_PIC = NO;
				GCC_OPTIMIZATION_LEVEL = 0;
				GCC_PREPROCESSOR_DEFINITIONS = (
					"DEBUG=1",
					"$(inherited)",
				);
				GCC_SYMBOLS_PRIVATE_EXTERN = NO;
				GCC_WARN_64_TO_32_BIT_CONVERSION = YES;
				GCC_WARN_ABOUT_RETURN_TYPE = YES_ERROR;
				GCC_WARN_UNDECLARED_SELECTOR = YES;
				GCC_WARN_UNINITIALIZED_AUTOS = YES_AGGRESSIVE;
				GCC_WARN_UNUSED_FUNCTION = YES;
				GCC_WARN_UNUSED_VARIABLE = YES;
				IPHONEOS_DEPLOYMENT_TARGET = 8.0;
				MTL_ENABLE_DEBUG_INFO = YES;
				ONLY_ACTIVE_ARCH = YES;
				SDKROOT = iphoneos;
				SWIFT_OPTIMIZATION_LEVEL = "-Owholemodule";
			};
			name = Debug;
		};
		C867FC861AD8FCB000F99592 /* Release */ = {
			isa = XCBuildConfiguration;
			buildSettings = {
				ALWAYS_SEARCH_USER_PATHS = NO;
				CLANG_CXX_LANGUAGE_STANDARD = "gnu++0x";
				CLANG_CXX_LIBRARY = "libc++";
				CLANG_ENABLE_MODULES = YES;
				CLANG_ENABLE_OBJC_ARC = YES;
				CLANG_WARN_BOOL_CONVERSION = YES;
				CLANG_WARN_CONSTANT_CONVERSION = YES;
				CLANG_WARN_DIRECT_OBJC_ISA_USAGE = YES_ERROR;
				CLANG_WARN_EMPTY_BODY = YES;
				CLANG_WARN_ENUM_CONVERSION = YES;
				CLANG_WARN_INT_CONVERSION = YES;
				CLANG_WARN_OBJC_ROOT_CLASS = YES_ERROR;
				CLANG_WARN_UNREACHABLE_CODE = YES;
				CLANG_WARN__DUPLICATE_METHOD_MATCH = YES;
				"CODE_SIGN_IDENTITY[sdk=iphoneos*]" = "iPhone Developer";
				COPY_PHASE_STRIP = NO;
				EMBEDDED_CONTENT_CONTAINS_SWIFT = NO;
				ENABLE_BITCODE = NO;
				ENABLE_NS_ASSERTIONS = NO;
				ENABLE_STRICT_OBJC_MSGSEND = YES;
				GCC_C_LANGUAGE_STANDARD = gnu99;
				GCC_WARN_64_TO_32_BIT_CONVERSION = YES;
				GCC_WARN_ABOUT_RETURN_TYPE = YES_ERROR;
				GCC_WARN_UNDECLARED_SELECTOR = YES;
				GCC_WARN_UNINITIALIZED_AUTOS = YES_AGGRESSIVE;
				GCC_WARN_UNUSED_FUNCTION = YES;
				GCC_WARN_UNUSED_VARIABLE = YES;
				IPHONEOS_DEPLOYMENT_TARGET = 8.0;
				MTL_ENABLE_DEBUG_INFO = NO;
				SDKROOT = iphoneos;
				SWIFT_OPTIMIZATION_LEVEL = "-Owholemodule";
				VALIDATE_PRODUCT = YES;
			};
			name = Release;
		};
		C867FC881AD8FCB000F99592 /* Debug */ = {
			isa = XCBuildConfiguration;
			baseConfigurationReference = AF89B3959372DB5712543292 /* Pods.debug.xcconfig */;
			buildSettings = {
				ASSETCATALOG_COMPILER_APPICON_NAME = AppIcon;
				CODE_SIGN_IDENTITY = "iPhone Developer";
				"CODE_SIGN_IDENTITY[sdk=iphoneos*]" = "iPhone Developer";
				ENABLE_BITCODE = NO;
				FRAMEWORK_SEARCH_PATHS = (
					"$(inherited)",
					"$(PROJECT_DIR)",
					"$(PROJECT_DIR)/GetCarSwift",
				);
				GCC_OPTIMIZATION_LEVEL = 0;
				INFOPLIST_FILE = GetCarSwift/Info.plist;
				IPHONEOS_DEPLOYMENT_TARGET = 8.0;
				LD_RUNPATH_SEARCH_PATHS = "$(inherited) @executable_path/Frameworks";
				OTHER_CFLAGS = "$(inherited)";
				OTHER_SWIFT_FLAGS = "$(inherited) \"-D\" \"ADHOC\" \"-D\" \"DEBUG\"";
				PRODUCT_BUNDLE_IDENTIFIER = "com.gaike.$(PRODUCT_NAME:rfc1034identifier).test";
				PRODUCT_DISPLAY_NAME = "改客内测版";
				PRODUCT_NAME = "$(TARGET_NAME)";
				SWIFT_OBJC_BRIDGING_HEADER = "GetCarSwift/GetCarSwift-Bridging-Header.h";
				SWIFT_OPTIMIZATION_LEVEL = "-Onone";
				TARGETED_DEVICE_FAMILY = 1;
			};
			name = Debug;
		};
		C867FC891AD8FCB000F99592 /* Release */ = {
			isa = XCBuildConfiguration;
			baseConfigurationReference = 379E7426878B39BF90F73D64 /* Pods.release.xcconfig */;
			buildSettings = {
				ASSETCATALOG_COMPILER_APPICON_NAME = AppIcon;
				CODE_SIGN_IDENTITY = "iPhone Developer";
				"CODE_SIGN_IDENTITY[sdk=iphoneos*]" = "iPhone Developer";
				ENABLE_BITCODE = NO;
				FRAMEWORK_SEARCH_PATHS = (
					"$(inherited)",
					"$(PROJECT_DIR)",
					"$(PROJECT_DIR)/GetCarSwift",
				);
				GCC_OPTIMIZATION_LEVEL = fast;
				INFOPLIST_FILE = GetCarSwift/Info.plist;
				IPHONEOS_DEPLOYMENT_TARGET = 8.0;
				LD_RUNPATH_SEARCH_PATHS = "$(inherited) @executable_path/Frameworks";
				OTHER_CFLAGS = "$(inherited)";
				OTHER_SWIFT_FLAGS = "$(inherited) \"-D\" \"ADHOC\"";
				PRODUCT_BUNDLE_IDENTIFIER = "com.gaike.$(PRODUCT_NAME:rfc1034identifier).test";
				PRODUCT_DISPLAY_NAME = "改客内测版";
				PRODUCT_NAME = "$(TARGET_NAME)";
				PROVISIONING_PROFILE = "";
				SWIFT_OBJC_BRIDGING_HEADER = "GetCarSwift/GetCarSwift-Bridging-Header.h";
				SWIFT_OPTIMIZATION_LEVEL = "-Owholemodule";
				TARGETED_DEVICE_FAMILY = 1;
			};
			name = Release;
		};
		C867FC8B1AD8FCB000F99592 /* Debug */ = {
			isa = XCBuildConfiguration;
			buildSettings = {
				BUNDLE_LOADER = "$(TEST_HOST)";
				FRAMEWORK_SEARCH_PATHS = "$(inherited)";
				GCC_PREPROCESSOR_DEFINITIONS = (
					"DEBUG=1",
					"$(inherited)",
				);
				INFOPLIST_FILE = GetCarSwiftTests/Info.plist;
				LD_RUNPATH_SEARCH_PATHS = "$(inherited) @executable_path/Frameworks @loader_path/Frameworks";
				PRODUCT_BUNDLE_IDENTIFIER = "com.gaike.$(PRODUCT_NAME:rfc1034identifier)";
				PRODUCT_NAME = "$(TARGET_NAME)";
				TEST_HOST = "$(BUILT_PRODUCTS_DIR)/GetCarSwift.app/GetCarSwift";
			};
			name = Debug;
		};
		C867FC8C1AD8FCB000F99592 /* Release */ = {
			isa = XCBuildConfiguration;
			buildSettings = {
				BUNDLE_LOADER = "$(TEST_HOST)";
				FRAMEWORK_SEARCH_PATHS = "$(inherited)";
				INFOPLIST_FILE = GetCarSwiftTests/Info.plist;
				LD_RUNPATH_SEARCH_PATHS = "$(inherited) @executable_path/Frameworks @loader_path/Frameworks";
				PRODUCT_BUNDLE_IDENTIFIER = "com.gaike.$(PRODUCT_NAME:rfc1034identifier)";
				PRODUCT_NAME = "$(TARGET_NAME)";
				TEST_HOST = "$(BUILT_PRODUCTS_DIR)/GetCarSwift.app/GetCarSwift";
			};
			name = Release;
		};
/* End XCBuildConfiguration section */

/* Begin XCConfigurationList section */
		C867FC611AD8FCAF00F99592 /* Build configuration list for PBXProject "GetCarSwift" */ = {
			isa = XCConfigurationList;
			buildConfigurations = (
				C867FC851AD8FCB000F99592 /* Debug */,
				C867FC861AD8FCB000F99592 /* Release */,
			);
			defaultConfigurationIsVisible = 0;
			defaultConfigurationName = Release;
		};
		C867FC871AD8FCB000F99592 /* Build configuration list for PBXNativeTarget "GetCarSwift" */ = {
			isa = XCConfigurationList;
			buildConfigurations = (
				C867FC881AD8FCB000F99592 /* Debug */,
				C867FC891AD8FCB000F99592 /* Release */,
			);
			defaultConfigurationIsVisible = 0;
			defaultConfigurationName = Release;
		};
		C867FC8A1AD8FCB000F99592 /* Build configuration list for PBXNativeTarget "GetCarSwiftTests" */ = {
			isa = XCConfigurationList;
			buildConfigurations = (
				C867FC8B1AD8FCB000F99592 /* Debug */,
				C867FC8C1AD8FCB000F99592 /* Release */,
			);
			defaultConfigurationIsVisible = 0;
			defaultConfigurationName = Release;
		};
/* End XCConfigurationList section */
	};
	rootObject = C867FC5E1AD8FCAF00F99592 /* Project object */;
}
