// !$*UTF8*$!
{
	archiveVersion = 1;
	classes = {
	};
	objectVersion = 46;
	objects = {

/* Begin PBXBuildFile section */
		C804B90C1B80840100AEC003 /* WebViewController.swift in Sources */ = {isa = PBXBuildFile; fileRef = C804B90B1B80840100AEC003 /* WebViewController.swift */; };
		C80881E21B6D2190002A1CE9 /* FIR.swift in Sources */ = {isa = PBXBuildFile; fileRef = C80881E11B6D2190002A1CE9 /* FIR.swift */; };
		C80FCD1E1B8CC3FC001F5A93 /* AddPlayerTableViewController.swift in Sources */ = {isa = PBXBuildFile; fileRef = C80FCD1D1B8CC3FC001F5A93 /* AddPlayerTableViewController.swift */; };
		C828823C1B9219620091F624 /* UIImageView.swift in Sources */ = {isa = PBXBuildFile; fileRef = C828823B1B9219620091F624 /* UIImageView.swift */; };
		C842763D1BB185E70041C3F9 /* RxSwift.framework in Frameworks */ = {isa = PBXBuildFile; fileRef = C842762E1BB185930041C3F9 /* RxSwift.framework */; };
		C842763E1BB185E70041C3F9 /* RxSwift.framework in Embed Frameworks */ = {isa = PBXBuildFile; fileRef = C842762E1BB185930041C3F9 /* RxSwift.framework */; settings = {ATTRIBUTES = (CodeSignOnCopy, RemoveHeadersOnCopy, ); }; };
		C84276411BB185E70041C3F9 /* RxCocoa.framework in Frameworks */ = {isa = PBXBuildFile; fileRef = C84276321BB185930041C3F9 /* RxCocoa.framework */; };
		C84276421BB185E70041C3F9 /* RxCocoa.framework in Embed Frameworks */ = {isa = PBXBuildFile; fileRef = C84276321BB185930041C3F9 /* RxCocoa.framework */; settings = {ATTRIBUTES = (CodeSignOnCopy, RemoveHeadersOnCopy, ); }; };
		C84276451BB185E70041C3F9 /* RxBlocking.framework in Frameworks */ = {isa = PBXBuildFile; fileRef = C84276361BB185930041C3F9 /* RxBlocking.framework */; };
		C84276461BB185E70041C3F9 /* RxBlocking.framework in Embed Frameworks */ = {isa = PBXBuildFile; fileRef = C84276361BB185930041C3F9 /* RxBlocking.framework */; settings = {ATTRIBUTES = (CodeSignOnCopy, RemoveHeadersOnCopy, ); }; };
		C848F1B71B778626008DAC69 /* TrackingViewController.swift in Sources */ = {isa = PBXBuildFile; fileRef = C848F1B61B778626008DAC69 /* TrackingViewController.swift */; };
		C84FE8CA1B7A360000F8EC74 /* CarTableViewController.swift in Sources */ = {isa = PBXBuildFile; fileRef = C84FE8C91B7A360000F8EC74 /* CarTableViewController.swift */; };
		C8516DDC1AE2127A00BB0FF4 /* Images.xcassets in Resources */ = {isa = PBXBuildFile; fileRef = C8516DDB1AE2127A00BB0FF4 /* Images.xcassets */; };
		C8516DDE1AE240C500BB0FF4 /* CarIconEditViewController.swift in Sources */ = {isa = PBXBuildFile; fileRef = C8516DDD1AE240C500BB0FF4 /* CarIconEditViewController.swift */; };
		C85263911B6E2BEF00E43FE0 /* KMPlaceholderTextView.swift in Sources */ = {isa = PBXBuildFile; fileRef = C85263901B6E2BEF00E43FE0 /* KMPlaceholderTextView.swift */; };
		C8556C7B1BA33D2200623154 /* libc++.dylib in Frameworks */ = {isa = PBXBuildFile; fileRef = C8556C7A1BA33D2200623154 /* libc++.dylib */; };
		C8556C7D1BA33D2C00623154 /* libstdc++.6.0.9.dylib in Frameworks */ = {isa = PBXBuildFile; fileRef = C8556C7C1BA33D2C00623154 /* libstdc++.6.0.9.dylib */; };
		C8556C7F1BA33D3600623154 /* libz.dylib in Frameworks */ = {isa = PBXBuildFile; fileRef = C8556C7E1BA33D3600623154 /* libz.dylib */; };
		C85DD70E1B072ABF00A658B6 /* CarInfoViewController.swift in Sources */ = {isa = PBXBuildFile; fileRef = C85DD70D1B072ABF00A658B6 /* CarInfoViewController.swift */; };
		C865B4E61B765BFB00790A81 /* ModViewController.swift in Sources */ = {isa = PBXBuildFile; fileRef = C865B4E51B765BFB00790A81 /* ModViewController.swift */; };
		C86780011B7757300000D7DF /* ModStoreViewController.swift in Sources */ = {isa = PBXBuildFile; fileRef = C86780001B7757300000D7DF /* ModStoreViewController.swift */; };
		C867FC6C1AD8FCAF00F99592 /* AppDelegate.swift in Sources */ = {isa = PBXBuildFile; fileRef = C867FC6B1AD8FCAF00F99592 /* AppDelegate.swift */; };
		C867FC841AD8FCB000F99592 /* GetCarSwiftTests.swift in Sources */ = {isa = PBXBuildFile; fileRef = C867FC831AD8FCB000F99592 /* GetCarSwiftTests.swift */; };
		C867FD1E1AD9071900F99592 /* Globals.swift in Sources */ = {isa = PBXBuildFile; fileRef = C867FD1D1AD9071900F99592 /* Globals.swift */; };
		C867FD211AD909E400F99592 /* LoginViewController.swift in Sources */ = {isa = PBXBuildFile; fileRef = C867FD201AD909E400F99592 /* LoginViewController.swift */; };
		C86F85501B8215A100C7DC7C /* CoreMotion.framework in Frameworks */ = {isa = PBXBuildFile; fileRef = C86F854F1B8215A100C7DC7C /* CoreMotion.framework */; };
		C86F85521B82169B00C7DC7C /* CoreGraphics.framework in Frameworks */ = {isa = PBXBuildFile; fileRef = C86F85511B82169B00C7DC7C /* CoreGraphics.framework */; };
		C86F85541B8216A600C7DC7C /* QuartzCore.framework in Frameworks */ = {isa = PBXBuildFile; fileRef = C86F85531B8216A600C7DC7C /* QuartzCore.framework */; };
		C86F85581B8216BD00C7DC7C /* CoreLocation.framework in Frameworks */ = {isa = PBXBuildFile; fileRef = C86F85571B8216BD00C7DC7C /* CoreLocation.framework */; };
		C86F855A1B8216CD00C7DC7C /* CoreTelephony.framework in Frameworks */ = {isa = PBXBuildFile; fileRef = C86F85591B8216CD00C7DC7C /* CoreTelephony.framework */; };
		C86F855C1B8216D500C7DC7C /* SystemConfiguration.framework in Frameworks */ = {isa = PBXBuildFile; fileRef = C86F855B1B8216D500C7DC7C /* SystemConfiguration.framework */; };
		C86F855E1B82170400C7DC7C /* Security.framework in Frameworks */ = {isa = PBXBuildFile; fileRef = C86F855D1B82170400C7DC7C /* Security.framework */; };
		C86FE32B1BA3CC130037CD7F /* Main.storyboard in Resources */ = {isa = PBXBuildFile; fileRef = C867FC711AD8FCAF00F99592 /* Main.storyboard */; };
		C86FE32C1BA3CC130037CD7F /* LaunchScreen.xib in Resources */ = {isa = PBXBuildFile; fileRef = C867FC761AD8FCAF00F99592 /* LaunchScreen.xib */; };
		C87AAD8E1B7CE3F000084EA0 /* CarRightTableViewController.swift in Sources */ = {isa = PBXBuildFile; fileRef = C87AAD8D1B7CE3F000084EA0 /* CarRightTableViewController.swift */; };
		C87DA9C91B08C66600AA47AF /* AddCarViewController.swift in Sources */ = {isa = PBXBuildFile; fileRef = C87DA9C81B08C66600AA47AF /* AddCarViewController.swift */; };
		C87DA9CB1B08CEAB00AA47AF /* BrandsViewController.swift in Sources */ = {isa = PBXBuildFile; fileRef = C87DA9CA1B08CEAB00AA47AF /* BrandsViewController.swift */; };
		C880DA771B78D21900F5E24D /* Nearby.swift in Sources */ = {isa = PBXBuildFile; fileRef = C880DA761B78D21900F5E24D /* Nearby.swift */; };
		C880DA7B1B78E8F500F5E24D /* RegisterViewController.swift in Sources */ = {isa = PBXBuildFile; fileRef = C880DA7A1B78E8F500F5E24D /* RegisterViewController.swift */; };
		C88D822F1AE27E4900DBC0C1 /* UIImage.swift in Sources */ = {isa = PBXBuildFile; fileRef = C88D822E1AE27E4900DBC0C1 /* UIImage.swift */; };
		C89079341B7E161D002D18E0 /* CarTableNavigationController.swift in Sources */ = {isa = PBXBuildFile; fileRef = C89079331B7E161D002D18E0 /* CarTableNavigationController.swift */; };
		C894A3321B7F783D00D853C9 /* CarInfo.swift in Sources */ = {isa = PBXBuildFile; fileRef = C894A3311B7F783D00D853C9 /* CarInfo.swift */; };
		C894F5FB1BA440B300645DA3 /* UITableView.swift in Sources */ = {isa = PBXBuildFile; fileRef = C894F5FA1BA440B300645DA3 /* UITableView.swift */; };
		C89791DD1B9F04280027D6A5 /* Comment.swift in Sources */ = {isa = PBXBuildFile; fileRef = C89791DC1B9F04280027D6A5 /* Comment.swift */; };
		C89884371B0650F5009634E1 /* BgChoiceViewController.swift in Sources */ = {isa = PBXBuildFile; fileRef = C89884361B0650F5009634E1 /* BgChoiceViewController.swift */; };
		C89A05C31B6E058C00620C85 /* GaikeService.swift in Sources */ = {isa = PBXBuildFile; fileRef = C89A05C21B6E058C00620C85 /* GaikeService.swift */; };
		C89A05C71B6E125400620C85 /* TraceViewController.swift in Sources */ = {isa = PBXBuildFile; fileRef = C89A05C61B6E125400620C85 /* TraceViewController.swift */; };
		C89A05CA1B6E166400620C85 /* SwiftPages.swift in Sources */ = {isa = PBXBuildFile; fileRef = C89A05C91B6E166400620C85 /* SwiftPages.swift */; };
		C89A05CC1B6E195600620C85 /* DataViewController.swift in Sources */ = {isa = PBXBuildFile; fileRef = C89A05CB1B6E195600620C85 /* DataViewController.swift */; };
		C89D6A4A1B9DB0F200B0F69B /* ModIntroContentViewController.swift in Sources */ = {isa = PBXBuildFile; fileRef = C89D6A491B9DB0F200B0F69B /* ModIntroContentViewController.swift */; };
		C8A4C34D1B04EF0B006D6DBD /* MyHomepaeViewController.swift in Sources */ = {isa = PBXBuildFile; fileRef = C8A4C34C1B04EF0B006D6DBD /* MyHomepaeViewController.swift */; };
		C8AEC1F71B982D2C002F39EB /* TrackDetailViewController.swift in Sources */ = {isa = PBXBuildFile; fileRef = C8AEC1F61B982D2C002F39EB /* TrackDetailViewController.swift */; };
		C8AEC2021B983967002F39EB /* TrackViewController.swift in Sources */ = {isa = PBXBuildFile; fileRef = C8AEC2011B983967002F39EB /* TrackViewController.swift */; };
		C8AEC2041B985B5C002F39EB /* NSDate.swift in Sources */ = {isa = PBXBuildFile; fileRef = C8AEC2031B985B5C002F39EB /* NSDate.swift */; };
		C8AEC2131B996F41002F39EB /* NSAttributedString.swift in Sources */ = {isa = PBXBuildFile; fileRef = C8AEC2121B996F41002F39EB /* NSAttributedString.swift */; };
		C8C2C08C1B8B527D006095DC /* MatchViewController.swift in Sources */ = {isa = PBXBuildFile; fileRef = C8C2C08B1B8B527D006095DC /* MatchViewController.swift */; };
		C8C2C0911B8B5DEE006095DC /* CLLocationCoordinate2D.swift in Sources */ = {isa = PBXBuildFile; fileRef = C8C2C08D1B8B5DEE006095DC /* CLLocationCoordinate2D.swift */; };
		C8C2C0921B8B5DEE006095DC /* JSON.swift in Sources */ = {isa = PBXBuildFile; fileRef = C8C2C08E1B8B5DEE006095DC /* JSON.swift */; };
		C8C2C0931B8B5DEE006095DC /* String.swift in Sources */ = {isa = PBXBuildFile; fileRef = C8C2C08F1B8B5DEE006095DC /* String.swift */; };
		C8C2C0941B8B5DEE006095DC /* UIColor.swift in Sources */ = {isa = PBXBuildFile; fileRef = C8C2C0901B8B5DEE006095DC /* UIColor.swift */; };
		C8C2C0981B8B5EAE006095DC /* AMapSearchKit.framework in Frameworks */ = {isa = PBXBuildFile; fileRef = C8C2C0951B8B5EAE006095DC /* AMapSearchKit.framework */; };
		C8C2C0991B8B5EAE006095DC /* Bugly.framework in Frameworks */ = {isa = PBXBuildFile; fileRef = C8C2C0961B8B5EAE006095DC /* Bugly.framework */; };
		C8C2C09A1B8B5EAE006095DC /* MAMapKit.framework in Frameworks */ = {isa = PBXBuildFile; fileRef = C8C2C0971B8B5EAE006095DC /* MAMapKit.framework */; };
		C8C6B4271ADFE6C500059523 /* InfoEditViewController.swift in Sources */ = {isa = PBXBuildFile; fileRef = C8C6B4261ADFE6C500059523 /* InfoEditViewController.swift */; };
		C8CD8DEF1B91DF090050DF90 /* ENSideMenu.swift in Sources */ = {isa = PBXBuildFile; fileRef = C8CD8DED1B91DF090050DF90 /* ENSideMenu.swift */; };
		C8CD8DF01B91DF090050DF90 /* ENSideMenuNavigationController.swift in Sources */ = {isa = PBXBuildFile; fileRef = C8CD8DEE1B91DF090050DF90 /* ENSideMenuNavigationController.swift */; };
		C8CD8E071B91E85B0050DF90 /* SwiftyJSON.framework in Frameworks */ = {isa = PBXBuildFile; fileRef = C8CD8DE11B91DDE70050DF90 /* SwiftyJSON.framework */; };
		C8CD8E081B91E85B0050DF90 /* SwiftyJSON.framework in Embed Frameworks */ = {isa = PBXBuildFile; fileRef = C8CD8DE11B91DDE70050DF90 /* SwiftyJSON.framework */; settings = {ATTRIBUTES = (CodeSignOnCopy, RemoveHeadersOnCopy, ); }; };
		C8CD8E0C1B91E8660050DF90 /* Alamofire.framework in Frameworks */ = {isa = PBXBuildFile; fileRef = C8CD8DCC1B91CB900050DF90 /* Alamofire.framework */; };
		C8CD8E0D1B91E8660050DF90 /* Alamofire.framework in Embed Frameworks */ = {isa = PBXBuildFile; fileRef = C8CD8DCC1B91CB900050DF90 /* Alamofire.framework */; settings = {ATTRIBUTES = (CodeSignOnCopy, RemoveHeadersOnCopy, ); }; };
		C8CD8E1C1B91EABF0050DF90 /* Haneke.framework in Frameworks */ = {isa = PBXBuildFile; fileRef = C8CD8E171B91EAAE0050DF90 /* Haneke.framework */; };
		C8CD8E1D1B91EABF0050DF90 /* Haneke.framework in Embed Frameworks */ = {isa = PBXBuildFile; fileRef = C8CD8E171B91EAAE0050DF90 /* Haneke.framework */; settings = {ATTRIBUTES = (CodeSignOnCopy, RemoveHeadersOnCopy, ); }; };
		C8D6B1EF1B0E2F3000A2ED60 /* PostViewController.swift in Sources */ = {isa = PBXBuildFile; fileRef = C8D6B1EE1B0E2F3000A2ED60 /* PostViewController.swift */; };
		C8D6CAE61B8F511700A417CF /* UIViewController.swift in Sources */ = {isa = PBXBuildFile; fileRef = C8D6CAE51B8F511700A417CF /* UIViewController.swift */; };
		C8D6D7091B8E14B5006A068E /* PopupViewController.swift in Sources */ = {isa = PBXBuildFile; fileRef = C8D6D7081B8E14B5006A068E /* PopupViewController.swift */; };
		C8E2B8381AD92727003B07FE /* CommonTableViewCell.swift in Sources */ = {isa = PBXBuildFile; fileRef = C8E2B8371AD92727003B07FE /* CommonTableViewCell.swift */; };
		C8E2B83B1AD92B27003B07FE /* CarBarViewController.swift in Sources */ = {isa = PBXBuildFile; fileRef = C8E2B83A1AD92B27003B07FE /* CarBarViewController.swift */; };
		C8E2B83D1AD92D73003B07FE /* PostCell.swift in Sources */ = {isa = PBXBuildFile; fileRef = C8E2B83C1AD92D73003B07FE /* PostCell.swift */; };
		C8E2B8401AD93527003B07FE /* ModDoctorViewController.swift in Sources */ = {isa = PBXBuildFile; fileRef = C8E2B83F1AD93527003B07FE /* ModDoctorViewController.swift */; };
		C8E2B84B1AD95AD6003B07FE /* AccountCell.swift in Sources */ = {isa = PBXBuildFile; fileRef = C8E2B84A1AD95AD6003B07FE /* AccountCell.swift */; };
		C8E2B84D1AD95AE8003B07FE /* PersonInfoCell.swift in Sources */ = {isa = PBXBuildFile; fileRef = C8E2B84C1AD95AE8003B07FE /* PersonInfoCell.swift */; };
		C8E2B84F1AD95C5E003B07FE /* MineViewController.swift in Sources */ = {isa = PBXBuildFile; fileRef = C8E2B84E1AD95C5E003B07FE /* MineViewController.swift */; };
		C8E2B8531AD96B47003B07FE /* PersonInfoViewController.swift in Sources */ = {isa = PBXBuildFile; fileRef = C8E2B8521AD96B47003B07FE /* PersonInfoViewController.swift */; };
		C8E2B8561AD96F31003B07FE /* MapViewController.swift in Sources */ = {isa = PBXBuildFile; fileRef = C8E2B8551AD96F31003B07FE /* MapViewController.swift */; };
		C8EA68D01B8211C8003CD510 /* AMap.bundle in Resources */ = {isa = PBXBuildFile; fileRef = C8EA68CF1B8211C8003CD510 /* AMap.bundle */; };
		C8EEB65D1BB2D3D300BB5704 /* Praise.swift in Sources */ = {isa = PBXBuildFile; fileRef = C8EEB65C1BB2D3D300BB5704 /* Praise.swift */; settings = {ASSET_TAGS = (); }; };
		C8EEB65F1BB2D84D00BB5704 /* Comments.swift in Sources */ = {isa = PBXBuildFile; fileRef = C8EEB65E1BB2D84D00BB5704 /* Comments.swift */; settings = {ASSET_TAGS = (); }; };
		C8F9CD6F1B7246BB0003AF1B /* User.swift in Sources */ = {isa = PBXBuildFile; fileRef = C8F9CD6E1B7246BB0003AF1B /* User.swift */; };
		C8F9CD711B725CDD0003AF1B /* Toast.swift in Sources */ = {isa = PBXBuildFile; fileRef = C8F9CD701B725CDD0003AF1B /* Toast.swift */; };
/* End PBXBuildFile section */

/* Begin PBXContainerItemProxy section */
		C820570A1BAAFF2800E59A74 /* PBXContainerItemProxy */ = {
			isa = PBXContainerItemProxy;
			containerPortal = C8CD8DC31B91CB8F0050DF90 /* Alamofire.xcodeproj */;
			proxyType = 2;
			remoteGlobalIDString = E4202FE01B667AA100C997FB;
			remoteInfo = "Alamofire watchOS";
		};
		C82057121BAAFF2800E59A74 /* PBXContainerItemProxy */ = {
			isa = PBXContainerItemProxy;
			containerPortal = C8CD8DD91B91DDE60050DF90 /* SwiftyJSON.xcodeproj */;
			proxyType = 2;
			remoteGlobalIDString = E4D7CCE81B9465A700EE7221;
			remoteInfo = "SwiftyJSON watchOS";
		};
		C842762D1BB185930041C3F9 /* PBXContainerItemProxy */ = {
			isa = PBXContainerItemProxy;
			containerPortal = C842761B1BB185930041C3F9 /* Rx.xcodeproj */;
			proxyType = 2;
			remoteGlobalIDString = C8A56AD71AD7424700B4673B;
			remoteInfo = "RxSwift-iOS";
		};
		C842762F1BB185930041C3F9 /* PBXContainerItemProxy */ = {
			isa = PBXContainerItemProxy;
			containerPortal = C842761B1BB185930041C3F9 /* Rx.xcodeproj */;
			proxyType = 2;
			remoteGlobalIDString = C88BB8711B07E5ED0064D411;
			remoteInfo = "RxSwift-OSX";
		};
		C84276311BB185930041C3F9 /* PBXContainerItemProxy */ = {
			isa = PBXContainerItemProxy;
			containerPortal = C842761B1BB185930041C3F9 /* Rx.xcodeproj */;
			proxyType = 2;
			remoteGlobalIDString = C809396D1B8A71760088E94D;
			remoteInfo = "RxCocoa-iOS";
		};
		C84276331BB185930041C3F9 /* PBXContainerItemProxy */ = {
			isa = PBXContainerItemProxy;
			containerPortal = C842761B1BB185930041C3F9 /* Rx.xcodeproj */;
			proxyType = 2;
			remoteGlobalIDString = C80939E71B8A71840088E94D;
			remoteInfo = "RxCocoa-OSX";
		};
		C84276351BB185930041C3F9 /* PBXContainerItemProxy */ = {
			isa = PBXContainerItemProxy;
			containerPortal = C842761B1BB185930041C3F9 /* Rx.xcodeproj */;
			proxyType = 2;
			remoteGlobalIDString = C8093BC71B8A71F00088E94D;
			remoteInfo = "RxBlocking-iOS";
		};
		C84276371BB185930041C3F9 /* PBXContainerItemProxy */ = {
			isa = PBXContainerItemProxy;
			containerPortal = C842761B1BB185930041C3F9 /* Rx.xcodeproj */;
			proxyType = 2;
			remoteGlobalIDString = C8093C451B8A71FC0088E94D;
			remoteInfo = "RxBlocking-OSX";
		};
		C842763F1BB185E70041C3F9 /* PBXContainerItemProxy */ = {
			isa = PBXContainerItemProxy;
			containerPortal = C842761B1BB185930041C3F9 /* Rx.xcodeproj */;
			proxyType = 1;
			remoteGlobalIDString = C8A56AD61AD7424700B4673B;
			remoteInfo = "RxSwift-iOS";
		};
		C84276431BB185E70041C3F9 /* PBXContainerItemProxy */ = {
			isa = PBXContainerItemProxy;
			containerPortal = C842761B1BB185930041C3F9 /* Rx.xcodeproj */;
			proxyType = 1;
			remoteGlobalIDString = C80938F51B8A71760088E94D;
			remoteInfo = "RxCocoa-iOS";
		};
		C84276471BB185E70041C3F9 /* PBXContainerItemProxy */ = {
			isa = PBXContainerItemProxy;
			containerPortal = C842761B1BB185930041C3F9 /* Rx.xcodeproj */;
			proxyType = 1;
			remoteGlobalIDString = C8093B4B1B8A71F00088E94D;
			remoteInfo = "RxBlocking-iOS";
		};
		C867FC7E1AD8FCB000F99592 /* PBXContainerItemProxy */ = {
			isa = PBXContainerItemProxy;
			containerPortal = C867FC5E1AD8FCAF00F99592 /* Project object */;
			proxyType = 1;
			remoteGlobalIDString = C867FC651AD8FCAF00F99592;
			remoteInfo = GetCarSwift;
		};
		C8CD8DCB1B91CB900050DF90 /* PBXContainerItemProxy */ = {
			isa = PBXContainerItemProxy;
			containerPortal = C8CD8DC31B91CB8F0050DF90 /* Alamofire.xcodeproj */;
			proxyType = 2;
			remoteGlobalIDString = F8111E3319A95C8B0040E7D1;
			remoteInfo = "Alamofire iOS";
		};
		C8CD8DCD1B91CB900050DF90 /* PBXContainerItemProxy */ = {
			isa = PBXContainerItemProxy;
			containerPortal = C8CD8DC31B91CB8F0050DF90 /* Alamofire.xcodeproj */;
			proxyType = 2;
			remoteGlobalIDString = 4DD67C0B1A5C55C900ED2280;
			remoteInfo = "Alamofire OSX";
		};
		C8CD8DD11B91CB900050DF90 /* PBXContainerItemProxy */ = {
			isa = PBXContainerItemProxy;
			containerPortal = C8CD8DC31B91CB8F0050DF90 /* Alamofire.xcodeproj */;
			proxyType = 2;
			remoteGlobalIDString = F8111E3E19A95C8B0040E7D1;
			remoteInfo = "Alamofire iOS Tests";
		};
		C8CD8DD31B91CB900050DF90 /* PBXContainerItemProxy */ = {
			isa = PBXContainerItemProxy;
			containerPortal = C8CD8DC31B91CB8F0050DF90 /* Alamofire.xcodeproj */;
			proxyType = 2;
			remoteGlobalIDString = F829C6B21A7A94F100A2CD59;
			remoteInfo = "Alamofire OSX Tests";
		};
		C8CD8DE01B91DDE70050DF90 /* PBXContainerItemProxy */ = {
			isa = PBXContainerItemProxy;
			containerPortal = C8CD8DD91B91DDE60050DF90 /* SwiftyJSON.xcodeproj */;
			proxyType = 2;
			remoteGlobalIDString = 2E4FEFDB19575BE100351305;
			remoteInfo = "SwiftyJSON iOS";
		};
		C8CD8DE21B91DDE70050DF90 /* PBXContainerItemProxy */ = {
			isa = PBXContainerItemProxy;
			containerPortal = C8CD8DD91B91DDE60050DF90 /* SwiftyJSON.xcodeproj */;
			proxyType = 2;
			remoteGlobalIDString = 2E4FEFE619575BE100351305;
			remoteInfo = "SwiftyJSON iOS Tests";
		};
		C8CD8DE41B91DDE70050DF90 /* PBXContainerItemProxy */ = {
			isa = PBXContainerItemProxy;
			containerPortal = C8CD8DD91B91DDE60050DF90 /* SwiftyJSON.xcodeproj */;
			proxyType = 2;
			remoteGlobalIDString = 9C7DFC5B1A9102BD005AA3F7;
			remoteInfo = "SwiftyJSON OSX";
		};
		C8CD8DE61B91DDE70050DF90 /* PBXContainerItemProxy */ = {
			isa = PBXContainerItemProxy;
			containerPortal = C8CD8DD91B91DDE60050DF90 /* SwiftyJSON.xcodeproj */;
			proxyType = 2;
			remoteGlobalIDString = 9C7DFC651A9102BD005AA3F7;
			remoteInfo = "SwiftyJSON OSX Tests";
		};
		C8CD8E091B91E85B0050DF90 /* PBXContainerItemProxy */ = {
			isa = PBXContainerItemProxy;
			containerPortal = C8CD8DD91B91DDE60050DF90 /* SwiftyJSON.xcodeproj */;
			proxyType = 1;
			remoteGlobalIDString = 2E4FEFDA19575BE100351305;
			remoteInfo = "SwiftyJSON iOS";
		};
		C8CD8E0E1B91E8660050DF90 /* PBXContainerItemProxy */ = {
			isa = PBXContainerItemProxy;
			containerPortal = C8CD8DC31B91CB8F0050DF90 /* Alamofire.xcodeproj */;
			proxyType = 1;
			remoteGlobalIDString = F8111E3219A95C8B0040E7D1;
			remoteInfo = "Alamofire iOS";
		};
		C8CD8E161B91EAAE0050DF90 /* PBXContainerItemProxy */ = {
			isa = PBXContainerItemProxy;
			containerPortal = C8CD8E101B91EAAE0050DF90 /* Haneke.xcodeproj */;
			proxyType = 2;
			remoteGlobalIDString = A095C9561980418C00CD0F4C;
			remoteInfo = Haneke;
		};
		C8CD8E181B91EAAE0050DF90 /* PBXContainerItemProxy */ = {
			isa = PBXContainerItemProxy;
			containerPortal = C8CD8E101B91EAAE0050DF90 /* Haneke.xcodeproj */;
			proxyType = 2;
			remoteGlobalIDString = A095C9611980418C00CD0F4C;
			remoteInfo = HanekeTests;
		};
		C8CD8E1A1B91EAAE0050DF90 /* PBXContainerItemProxy */ = {
			isa = PBXContainerItemProxy;
			containerPortal = C8CD8E101B91EAAE0050DF90 /* Haneke.xcodeproj */;
			proxyType = 2;
			remoteGlobalIDString = A0026E9A19C9BFBC004DE0C6;
			remoteInfo = HanekeDemo;
		};
		C8CD8E1E1B91EABF0050DF90 /* PBXContainerItemProxy */ = {
			isa = PBXContainerItemProxy;
			containerPortal = C8CD8E101B91EAAE0050DF90 /* Haneke.xcodeproj */;
			proxyType = 1;
			remoteGlobalIDString = A095C9551980418C00CD0F4C;
			remoteInfo = Haneke;
		};
/* End PBXContainerItemProxy section */

/* Begin PBXCopyFilesBuildPhase section */
		C8CD8E0B1B91E85B0050DF90 /* Embed Frameworks */ = {
			isa = PBXCopyFilesBuildPhase;
			buildActionMask = 2147483647;
			dstPath = "";
			dstSubfolderSpec = 10;
			files = (
				C842763E1BB185E70041C3F9 /* RxSwift.framework in Embed Frameworks */,
				C8CD8E081B91E85B0050DF90 /* SwiftyJSON.framework in Embed Frameworks */,
				C8CD8E0D1B91E8660050DF90 /* Alamofire.framework in Embed Frameworks */,
				C84276421BB185E70041C3F9 /* RxCocoa.framework in Embed Frameworks */,
				C8CD8E1D1B91EABF0050DF90 /* Haneke.framework in Embed Frameworks */,
				C84276461BB185E70041C3F9 /* RxBlocking.framework in Embed Frameworks */,
			);
			name = "Embed Frameworks";
			runOnlyForDeploymentPostprocessing = 0;
		};
/* End PBXCopyFilesBuildPhase section */

/* Begin PBXFileReference section */
		C804B90B1B80840100AEC003 /* WebViewController.swift */ = {isa = PBXFileReference; fileEncoding = 4; lastKnownFileType = sourcecode.swift; path = WebViewController.swift; sourceTree = "<group>"; };
		C80881E11B6D2190002A1CE9 /* FIR.swift */ = {isa = PBXFileReference; fileEncoding = 4; lastKnownFileType = sourcecode.swift; path = FIR.swift; sourceTree = "<group>"; };
		C80FCD1D1B8CC3FC001F5A93 /* AddPlayerTableViewController.swift */ = {isa = PBXFileReference; fileEncoding = 4; lastKnownFileType = sourcecode.swift; path = AddPlayerTableViewController.swift; sourceTree = "<group>"; };
		C828823B1B9219620091F624 /* UIImageView.swift */ = {isa = PBXFileReference; fileEncoding = 4; lastKnownFileType = sourcecode.swift; path = UIImageView.swift; sourceTree = "<group>"; };
		C842761B1BB185930041C3F9 /* Rx.xcodeproj */ = {isa = PBXFileReference; lastKnownFileType = "wrapper.pb-project"; name = Rx.xcodeproj; path = RxSwift/Rx.xcodeproj; sourceTree = "<group>"; };
		C848F1B61B778626008DAC69 /* TrackingViewController.swift */ = {isa = PBXFileReference; fileEncoding = 4; lastKnownFileType = sourcecode.swift; path = TrackingViewController.swift; sourceTree = "<group>"; };
		C84FE8C91B7A360000F8EC74 /* CarTableViewController.swift */ = {isa = PBXFileReference; fileEncoding = 4; lastKnownFileType = sourcecode.swift; path = CarTableViewController.swift; sourceTree = "<group>"; };
		C8516DDB1AE2127A00BB0FF4 /* Images.xcassets */ = {isa = PBXFileReference; lastKnownFileType = folder.assetcatalog; path = Images.xcassets; sourceTree = "<group>"; };
		C8516DDD1AE240C500BB0FF4 /* CarIconEditViewController.swift */ = {isa = PBXFileReference; fileEncoding = 4; lastKnownFileType = sourcecode.swift; path = CarIconEditViewController.swift; sourceTree = "<group>"; };
		C85263901B6E2BEF00E43FE0 /* KMPlaceholderTextView.swift */ = {isa = PBXFileReference; fileEncoding = 4; lastKnownFileType = sourcecode.swift; path = KMPlaceholderTextView.swift; sourceTree = "<group>"; };
		C8556C7A1BA33D2200623154 /* libc++.dylib */ = {isa = PBXFileReference; lastKnownFileType = "compiled.mach-o.dylib"; name = "libc++.dylib"; path = "usr/lib/libc++.dylib"; sourceTree = SDKROOT; };
		C8556C7C1BA33D2C00623154 /* libstdc++.6.0.9.dylib */ = {isa = PBXFileReference; lastKnownFileType = "compiled.mach-o.dylib"; name = "libstdc++.6.0.9.dylib"; path = "usr/lib/libstdc++.6.0.9.dylib"; sourceTree = SDKROOT; };
		C8556C7E1BA33D3600623154 /* libz.dylib */ = {isa = PBXFileReference; lastKnownFileType = "compiled.mach-o.dylib"; name = libz.dylib; path = usr/lib/libz.dylib; sourceTree = SDKROOT; };
		C85DD70D1B072ABF00A658B6 /* CarInfoViewController.swift */ = {isa = PBXFileReference; fileEncoding = 4; lastKnownFileType = sourcecode.swift; path = CarInfoViewController.swift; sourceTree = "<group>"; };
		C865B4E51B765BFB00790A81 /* ModViewController.swift */ = {isa = PBXFileReference; fileEncoding = 4; lastKnownFileType = sourcecode.swift; path = ModViewController.swift; sourceTree = "<group>"; };
		C86780001B7757300000D7DF /* ModStoreViewController.swift */ = {isa = PBXFileReference; fileEncoding = 4; lastKnownFileType = sourcecode.swift; path = ModStoreViewController.swift; sourceTree = "<group>"; };
		C867FC661AD8FCAF00F99592 /* GetCarSwift.app */ = {isa = PBXFileReference; explicitFileType = wrapper.application; includeInIndex = 0; path = GetCarSwift.app; sourceTree = BUILT_PRODUCTS_DIR; };
		C867FC6A1AD8FCAF00F99592 /* Info.plist */ = {isa = PBXFileReference; lastKnownFileType = text.plist.xml; path = Info.plist; sourceTree = "<group>"; };
		C867FC6B1AD8FCAF00F99592 /* AppDelegate.swift */ = {isa = PBXFileReference; lastKnownFileType = sourcecode.swift; path = AppDelegate.swift; sourceTree = "<group>"; };
		C867FC721AD8FCAF00F99592 /* Base */ = {isa = PBXFileReference; lastKnownFileType = file.storyboard; name = Base; path = Base.lproj/Main.storyboard; sourceTree = "<group>"; };
		C867FC771AD8FCAF00F99592 /* Base */ = {isa = PBXFileReference; lastKnownFileType = file.xib; name = Base; path = Base.lproj/LaunchScreen.xib; sourceTree = "<group>"; };
		C867FC7D1AD8FCB000F99592 /* GetCarSwiftTests.xctest */ = {isa = PBXFileReference; explicitFileType = wrapper.cfbundle; includeInIndex = 0; path = GetCarSwiftTests.xctest; sourceTree = BUILT_PRODUCTS_DIR; };
		C867FC821AD8FCB000F99592 /* Info.plist */ = {isa = PBXFileReference; lastKnownFileType = text.plist.xml; path = Info.plist; sourceTree = "<group>"; };
		C867FC831AD8FCB000F99592 /* GetCarSwiftTests.swift */ = {isa = PBXFileReference; lastKnownFileType = sourcecode.swift; path = GetCarSwiftTests.swift; sourceTree = "<group>"; };
		C867FD1D1AD9071900F99592 /* Globals.swift */ = {isa = PBXFileReference; fileEncoding = 4; lastKnownFileType = sourcecode.swift; path = Globals.swift; sourceTree = "<group>"; };
		C867FD201AD909E400F99592 /* LoginViewController.swift */ = {isa = PBXFileReference; fileEncoding = 4; lastKnownFileType = sourcecode.swift; path = LoginViewController.swift; sourceTree = "<group>"; };
		C86F854F1B8215A100C7DC7C /* CoreMotion.framework */ = {isa = PBXFileReference; lastKnownFileType = wrapper.framework; name = CoreMotion.framework; path = System/Library/Frameworks/CoreMotion.framework; sourceTree = SDKROOT; };
		C86F85511B82169B00C7DC7C /* CoreGraphics.framework */ = {isa = PBXFileReference; lastKnownFileType = wrapper.framework; name = CoreGraphics.framework; path = System/Library/Frameworks/CoreGraphics.framework; sourceTree = SDKROOT; };
		C86F85531B8216A600C7DC7C /* QuartzCore.framework */ = {isa = PBXFileReference; lastKnownFileType = wrapper.framework; name = QuartzCore.framework; path = System/Library/Frameworks/QuartzCore.framework; sourceTree = SDKROOT; };
		C86F85571B8216BD00C7DC7C /* CoreLocation.framework */ = {isa = PBXFileReference; lastKnownFileType = wrapper.framework; name = CoreLocation.framework; path = System/Library/Frameworks/CoreLocation.framework; sourceTree = SDKROOT; };
		C86F85591B8216CD00C7DC7C /* CoreTelephony.framework */ = {isa = PBXFileReference; lastKnownFileType = wrapper.framework; name = CoreTelephony.framework; path = System/Library/Frameworks/CoreTelephony.framework; sourceTree = SDKROOT; };
		C86F855B1B8216D500C7DC7C /* SystemConfiguration.framework */ = {isa = PBXFileReference; lastKnownFileType = wrapper.framework; name = SystemConfiguration.framework; path = System/Library/Frameworks/SystemConfiguration.framework; sourceTree = SDKROOT; };
		C86F855D1B82170400C7DC7C /* Security.framework */ = {isa = PBXFileReference; lastKnownFileType = wrapper.framework; name = Security.framework; path = System/Library/Frameworks/Security.framework; sourceTree = SDKROOT; };
		C86F855F1B82171200C7DC7C /* libz.tbd */ = {isa = PBXFileReference; lastKnownFileType = "sourcecode.text-based-dylib-definition"; name = libz.tbd; path = usr/lib/libz.tbd; sourceTree = SDKROOT; };
		C86F85611B82172500C7DC7C /* libstdc++.6.0.9.tbd */ = {isa = PBXFileReference; lastKnownFileType = "sourcecode.text-based-dylib-definition"; name = "libstdc++.6.0.9.tbd"; path = "usr/lib/libstdc++.6.0.9.tbd"; sourceTree = SDKROOT; };
		C87AAD8D1B7CE3F000084EA0 /* CarRightTableViewController.swift */ = {isa = PBXFileReference; fileEncoding = 4; lastKnownFileType = sourcecode.swift; path = CarRightTableViewController.swift; sourceTree = "<group>"; };
		C87DA9C81B08C66600AA47AF /* AddCarViewController.swift */ = {isa = PBXFileReference; fileEncoding = 4; lastKnownFileType = sourcecode.swift; path = AddCarViewController.swift; sourceTree = "<group>"; };
		C87DA9CA1B08CEAB00AA47AF /* BrandsViewController.swift */ = {isa = PBXFileReference; fileEncoding = 4; lastKnownFileType = sourcecode.swift; path = BrandsViewController.swift; sourceTree = "<group>"; };
		C880DA761B78D21900F5E24D /* Nearby.swift */ = {isa = PBXFileReference; fileEncoding = 4; lastKnownFileType = sourcecode.swift; path = Nearby.swift; sourceTree = "<group>"; };
		C880DA7A1B78E8F500F5E24D /* RegisterViewController.swift */ = {isa = PBXFileReference; fileEncoding = 4; lastKnownFileType = sourcecode.swift; path = RegisterViewController.swift; sourceTree = "<group>"; };
		C88D822E1AE27E4900DBC0C1 /* UIImage.swift */ = {isa = PBXFileReference; fileEncoding = 4; lastKnownFileType = sourcecode.swift; path = UIImage.swift; sourceTree = "<group>"; };
		C89079331B7E161D002D18E0 /* CarTableNavigationController.swift */ = {isa = PBXFileReference; fileEncoding = 4; lastKnownFileType = sourcecode.swift; path = CarTableNavigationController.swift; sourceTree = "<group>"; };
		C894A3311B7F783D00D853C9 /* CarInfo.swift */ = {isa = PBXFileReference; fileEncoding = 4; lastKnownFileType = sourcecode.swift; path = CarInfo.swift; sourceTree = "<group>"; };
		C894F5FA1BA440B300645DA3 /* UITableView.swift */ = {isa = PBXFileReference; fileEncoding = 4; lastKnownFileType = sourcecode.swift; path = UITableView.swift; sourceTree = "<group>"; };
		C89791DC1B9F04280027D6A5 /* Comment.swift */ = {isa = PBXFileReference; fileEncoding = 4; lastKnownFileType = sourcecode.swift; path = Comment.swift; sourceTree = "<group>"; };
		C89884361B0650F5009634E1 /* BgChoiceViewController.swift */ = {isa = PBXFileReference; fileEncoding = 4; lastKnownFileType = sourcecode.swift; path = BgChoiceViewController.swift; sourceTree = "<group>"; };
		C89A05C21B6E058C00620C85 /* GaikeService.swift */ = {isa = PBXFileReference; fileEncoding = 4; lastKnownFileType = sourcecode.swift; path = GaikeService.swift; sourceTree = "<group>"; };
		C89A05C61B6E125400620C85 /* TraceViewController.swift */ = {isa = PBXFileReference; fileEncoding = 4; lastKnownFileType = sourcecode.swift; path = TraceViewController.swift; sourceTree = "<group>"; };
		C89A05C91B6E166400620C85 /* SwiftPages.swift */ = {isa = PBXFileReference; fileEncoding = 4; lastKnownFileType = sourcecode.swift; path = SwiftPages.swift; sourceTree = "<group>"; };
		C89A05CB1B6E195600620C85 /* DataViewController.swift */ = {isa = PBXFileReference; fileEncoding = 4; lastKnownFileType = sourcecode.swift; path = DataViewController.swift; sourceTree = "<group>"; };
		C89D6A491B9DB0F200B0F69B /* ModIntroContentViewController.swift */ = {isa = PBXFileReference; fileEncoding = 4; lastKnownFileType = sourcecode.swift; path = ModIntroContentViewController.swift; sourceTree = "<group>"; };
		C8A4C34C1B04EF0B006D6DBD /* MyHomepaeViewController.swift */ = {isa = PBXFileReference; fileEncoding = 4; lastKnownFileType = sourcecode.swift; path = MyHomepaeViewController.swift; sourceTree = "<group>"; };
		C8AEC1F61B982D2C002F39EB /* TrackDetailViewController.swift */ = {isa = PBXFileReference; fileEncoding = 4; lastKnownFileType = sourcecode.swift; path = TrackDetailViewController.swift; sourceTree = "<group>"; };
		C8AEC2011B983967002F39EB /* TrackViewController.swift */ = {isa = PBXFileReference; fileEncoding = 4; lastKnownFileType = sourcecode.swift; path = TrackViewController.swift; sourceTree = "<group>"; };
		C8AEC2031B985B5C002F39EB /* NSDate.swift */ = {isa = PBXFileReference; fileEncoding = 4; lastKnownFileType = sourcecode.swift; path = NSDate.swift; sourceTree = "<group>"; };
		C8AEC2121B996F41002F39EB /* NSAttributedString.swift */ = {isa = PBXFileReference; fileEncoding = 4; lastKnownFileType = sourcecode.swift; path = NSAttributedString.swift; sourceTree = "<group>"; };
		C8C2C08B1B8B527D006095DC /* MatchViewController.swift */ = {isa = PBXFileReference; fileEncoding = 4; lastKnownFileType = sourcecode.swift; path = MatchViewController.swift; sourceTree = "<group>"; };
		C8C2C08D1B8B5DEE006095DC /* CLLocationCoordinate2D.swift */ = {isa = PBXFileReference; fileEncoding = 4; lastKnownFileType = sourcecode.swift; path = CLLocationCoordinate2D.swift; sourceTree = "<group>"; };
		C8C2C08E1B8B5DEE006095DC /* JSON.swift */ = {isa = PBXFileReference; fileEncoding = 4; lastKnownFileType = sourcecode.swift; path = JSON.swift; sourceTree = "<group>"; };
		C8C2C08F1B8B5DEE006095DC /* String.swift */ = {isa = PBXFileReference; fileEncoding = 4; lastKnownFileType = sourcecode.swift; path = String.swift; sourceTree = "<group>"; };
		C8C2C0901B8B5DEE006095DC /* UIColor.swift */ = {isa = PBXFileReference; fileEncoding = 4; lastKnownFileType = sourcecode.swift; path = UIColor.swift; sourceTree = "<group>"; };
		C8C2C0951B8B5EAE006095DC /* AMapSearchKit.framework */ = {isa = PBXFileReference; lastKnownFileType = wrapper.framework; name = AMapSearchKit.framework; path = GetCarSwift/AMapSearchKit.framework; sourceTree = "<group>"; };
		C8C2C0961B8B5EAE006095DC /* Bugly.framework */ = {isa = PBXFileReference; lastKnownFileType = wrapper.framework; name = Bugly.framework; path = GetCarSwift/Bugly.framework; sourceTree = "<group>"; };
		C8C2C0971B8B5EAE006095DC /* MAMapKit.framework */ = {isa = PBXFileReference; lastKnownFileType = wrapper.framework; name = MAMapKit.framework; path = GetCarSwift/MAMapKit.framework; sourceTree = "<group>"; };
		C8C2C09B1B8B5EEE006095DC /* GetCarSwift-Bridging-Header.h */ = {isa = PBXFileReference; fileEncoding = 4; lastKnownFileType = sourcecode.c.h; path = "GetCarSwift-Bridging-Header.h"; sourceTree = "<group>"; };
		C8C6B4261ADFE6C500059523 /* InfoEditViewController.swift */ = {isa = PBXFileReference; fileEncoding = 4; lastKnownFileType = sourcecode.swift; path = InfoEditViewController.swift; sourceTree = "<group>"; };
		C8CB4C681B83549D008396BF /* libc++.tbd */ = {isa = PBXFileReference; lastKnownFileType = "sourcecode.text-based-dylib-definition"; name = "libc++.tbd"; path = "usr/lib/libc++.tbd"; sourceTree = SDKROOT; };
		C8CD8DC31B91CB8F0050DF90 /* Alamofire.xcodeproj */ = {isa = PBXFileReference; lastKnownFileType = "wrapper.pb-project"; name = Alamofire.xcodeproj; path = Alamofire/Alamofire.xcodeproj; sourceTree = "<group>"; };
		C8CD8DD91B91DDE60050DF90 /* SwiftyJSON.xcodeproj */ = {isa = PBXFileReference; lastKnownFileType = "wrapper.pb-project"; name = SwiftyJSON.xcodeproj; path = SwiftyJSON/SwiftyJSON.xcodeproj; sourceTree = "<group>"; };
		C8CD8DED1B91DF090050DF90 /* ENSideMenu.swift */ = {isa = PBXFileReference; fileEncoding = 4; lastKnownFileType = sourcecode.swift; name = ENSideMenu.swift; path = ENSwiftSideMenu/Library/ENSideMenu.swift; sourceTree = SOURCE_ROOT; };
		C8CD8DEE1B91DF090050DF90 /* ENSideMenuNavigationController.swift */ = {isa = PBXFileReference; fileEncoding = 4; lastKnownFileType = sourcecode.swift; name = ENSideMenuNavigationController.swift; path = ENSwiftSideMenu/Library/ENSideMenuNavigationController.swift; sourceTree = SOURCE_ROOT; };
		C8CD8E101B91EAAE0050DF90 /* Haneke.xcodeproj */ = {isa = PBXFileReference; lastKnownFileType = "wrapper.pb-project"; name = Haneke.xcodeproj; path = HanekeSwift/Haneke.xcodeproj; sourceTree = "<group>"; };
		C8D6B1EE1B0E2F3000A2ED60 /* PostViewController.swift */ = {isa = PBXFileReference; fileEncoding = 4; lastKnownFileType = sourcecode.swift; path = PostViewController.swift; sourceTree = "<group>"; };
		C8D6CAE51B8F511700A417CF /* UIViewController.swift */ = {isa = PBXFileReference; fileEncoding = 4; lastKnownFileType = sourcecode.swift; path = UIViewController.swift; sourceTree = "<group>"; };
		C8D6D7081B8E14B5006A068E /* PopupViewController.swift */ = {isa = PBXFileReference; fileEncoding = 4; lastKnownFileType = sourcecode.swift; path = PopupViewController.swift; sourceTree = "<group>"; };
		C8E2B8371AD92727003B07FE /* CommonTableViewCell.swift */ = {isa = PBXFileReference; fileEncoding = 4; lastKnownFileType = sourcecode.swift; path = CommonTableViewCell.swift; sourceTree = "<group>"; };
		C8E2B83A1AD92B27003B07FE /* CarBarViewController.swift */ = {isa = PBXFileReference; fileEncoding = 4; lastKnownFileType = sourcecode.swift; path = CarBarViewController.swift; sourceTree = "<group>"; };
		C8E2B83C1AD92D73003B07FE /* PostCell.swift */ = {isa = PBXFileReference; fileEncoding = 4; lastKnownFileType = sourcecode.swift; path = PostCell.swift; sourceTree = "<group>"; };
		C8E2B83F1AD93527003B07FE /* ModDoctorViewController.swift */ = {isa = PBXFileReference; fileEncoding = 4; lastKnownFileType = sourcecode.swift; path = ModDoctorViewController.swift; sourceTree = "<group>"; };
		C8E2B84A1AD95AD6003B07FE /* AccountCell.swift */ = {isa = PBXFileReference; fileEncoding = 4; lastKnownFileType = sourcecode.swift; path = AccountCell.swift; sourceTree = "<group>"; };
		C8E2B84C1AD95AE8003B07FE /* PersonInfoCell.swift */ = {isa = PBXFileReference; fileEncoding = 4; lastKnownFileType = sourcecode.swift; path = PersonInfoCell.swift; sourceTree = "<group>"; };
		C8E2B84E1AD95C5E003B07FE /* MineViewController.swift */ = {isa = PBXFileReference; fileEncoding = 4; lastKnownFileType = sourcecode.swift; path = MineViewController.swift; sourceTree = "<group>"; };
		C8E2B8521AD96B47003B07FE /* PersonInfoViewController.swift */ = {isa = PBXFileReference; fileEncoding = 4; lastKnownFileType = sourcecode.swift; path = PersonInfoViewController.swift; sourceTree = "<group>"; };
		C8E2B8551AD96F31003B07FE /* MapViewController.swift */ = {isa = PBXFileReference; fileEncoding = 4; lastKnownFileType = sourcecode.swift; path = MapViewController.swift; sourceTree = "<group>"; };
		C8EA68CF1B8211C8003CD510 /* AMap.bundle */ = {isa = PBXFileReference; lastKnownFileType = "wrapper.plug-in"; path = AMap.bundle; sourceTree = "<group>"; };
		C8EEB65C1BB2D3D300BB5704 /* Praise.swift */ = {isa = PBXFileReference; fileEncoding = 4; lastKnownFileType = sourcecode.swift; path = Praise.swift; sourceTree = "<group>"; };
		C8EEB65E1BB2D84D00BB5704 /* Comments.swift */ = {isa = PBXFileReference; fileEncoding = 4; lastKnownFileType = sourcecode.swift; path = Comments.swift; sourceTree = "<group>"; };
		C8F9CD6E1B7246BB0003AF1B /* User.swift */ = {isa = PBXFileReference; fileEncoding = 4; lastKnownFileType = sourcecode.swift; path = User.swift; sourceTree = "<group>"; };
		C8F9CD701B725CDD0003AF1B /* Toast.swift */ = {isa = PBXFileReference; fileEncoding = 4; lastKnownFileType = sourcecode.swift; path = Toast.swift; sourceTree = "<group>"; };
/* End PBXFileReference section */

/* Begin PBXFrameworksBuildPhase section */
		C867FC631AD8FCAF00F99592 /* Frameworks */ = {
			isa = PBXFrameworksBuildPhase;
			buildActionMask = 2147483647;
			files = (
				C84276411BB185E70041C3F9 /* RxCocoa.framework in Frameworks */,
				C8556C7F1BA33D3600623154 /* libz.dylib in Frameworks */,
				C8556C7D1BA33D2C00623154 /* libstdc++.6.0.9.dylib in Frameworks */,
				C8556C7B1BA33D2200623154 /* libc++.dylib in Frameworks */,
				C8C2C0991B8B5EAE006095DC /* Bugly.framework in Frameworks */,
				C8C2C09A1B8B5EAE006095DC /* MAMapKit.framework in Frameworks */,
				C86F855E1B82170400C7DC7C /* Security.framework in Frameworks */,
				C86F855C1B8216D500C7DC7C /* SystemConfiguration.framework in Frameworks */,
				C842763D1BB185E70041C3F9 /* RxSwift.framework in Frameworks */,
				C86F855A1B8216CD00C7DC7C /* CoreTelephony.framework in Frameworks */,
				C86F85581B8216BD00C7DC7C /* CoreLocation.framework in Frameworks */,
				C8C2C0981B8B5EAE006095DC /* AMapSearchKit.framework in Frameworks */,
				C86F85541B8216A600C7DC7C /* QuartzCore.framework in Frameworks */,
				C86F85521B82169B00C7DC7C /* CoreGraphics.framework in Frameworks */,
				C84276451BB185E70041C3F9 /* RxBlocking.framework in Frameworks */,
				C86F85501B8215A100C7DC7C /* CoreMotion.framework in Frameworks */,
				C8CD8E1C1B91EABF0050DF90 /* Haneke.framework in Frameworks */,
				C8CD8E071B91E85B0050DF90 /* SwiftyJSON.framework in Frameworks */,
				C8CD8E0C1B91E8660050DF90 /* Alamofire.framework in Frameworks */,
			);
			runOnlyForDeploymentPostprocessing = 0;
		};
		C867FC7A1AD8FCB000F99592 /* Frameworks */ = {
			isa = PBXFrameworksBuildPhase;
			buildActionMask = 2147483647;
			files = (
			);
			runOnlyForDeploymentPostprocessing = 0;
		};
/* End PBXFrameworksBuildPhase section */

/* Begin PBXGroup section */
		2C2ECC4D086E66923F2F9980 /* Frameworks */ = {
			isa = PBXGroup;
			children = (
				C8556C7E1BA33D3600623154 /* libz.dylib */,
				C8556C7C1BA33D2C00623154 /* libstdc++.6.0.9.dylib */,
				C8556C7A1BA33D2200623154 /* libc++.dylib */,
				C8C2C0951B8B5EAE006095DC /* AMapSearchKit.framework */,
				C8C2C0961B8B5EAE006095DC /* Bugly.framework */,
				C8C2C0971B8B5EAE006095DC /* MAMapKit.framework */,
				C8CB4C681B83549D008396BF /* libc++.tbd */,
				C86F85611B82172500C7DC7C /* libstdc++.6.0.9.tbd */,
				C86F855F1B82171200C7DC7C /* libz.tbd */,
				C86F855D1B82170400C7DC7C /* Security.framework */,
				C86F855B1B8216D500C7DC7C /* SystemConfiguration.framework */,
				C86F85591B8216CD00C7DC7C /* CoreTelephony.framework */,
				C86F85571B8216BD00C7DC7C /* CoreLocation.framework */,
				C86F85531B8216A600C7DC7C /* QuartzCore.framework */,
				C86F85511B82169B00C7DC7C /* CoreGraphics.framework */,
				C86F854F1B8215A100C7DC7C /* CoreMotion.framework */,
			);
			name = Frameworks;
			sourceTree = "<group>";
		};
		C80881E01B6D2171002A1CE9 /* servicce */ = {
			isa = PBXGroup;
			children = (
				C89A05C21B6E058C00620C85 /* GaikeService.swift */,
			);
			name = servicce;
			sourceTree = "<group>";
		};
		C842761C1BB185930041C3F9 /* Products */ = {
			isa = PBXGroup;
			children = (
				C842762E1BB185930041C3F9 /* RxSwift.framework */,
				C84276301BB185930041C3F9 /* RxSwift.framework */,
				C84276321BB185930041C3F9 /* RxCocoa.framework */,
				C84276341BB185930041C3F9 /* RxCocoa.framework */,
				C84276361BB185930041C3F9 /* RxBlocking.framework */,
				C84276381BB185930041C3F9 /* RxBlocking.framework */,
			);
			name = Products;
			sourceTree = "<group>";
		};
		C842765F1BB188D60041C3F9 /* Model */ = {
			isa = PBXGroup;
			children = (
				C880DA761B78D21900F5E24D /* Nearby.swift */,
				C80881E11B6D2190002A1CE9 /* FIR.swift */,
				C8F9CD6E1B7246BB0003AF1B /* User.swift */,
				C894A3311B7F783D00D853C9 /* CarInfo.swift */,
				C89791DC1B9F04280027D6A5 /* Comment.swift */,
				C8EEB65C1BB2D3D300BB5704 /* Praise.swift */,
				C8EEB65E1BB2D84D00BB5704 /* Comments.swift */,
			);
			name = Model;
			sourceTree = "<group>";
		};
		C867FC5D1AD8FCAF00F99592 = {
			isa = PBXGroup;
			children = (
				C842761B1BB185930041C3F9 /* Rx.xcodeproj */,
				C8CD8E101B91EAAE0050DF90 /* Haneke.xcodeproj */,
				C8CD8DD91B91DDE60050DF90 /* SwiftyJSON.xcodeproj */,
				C8CD8DC31B91CB8F0050DF90 /* Alamofire.xcodeproj */,
				C867FC681AD8FCAF00F99592 /* GetCarSwift */,
				C867FC801AD8FCB000F99592 /* GetCarSwiftTests */,
				C867FC671AD8FCAF00F99592 /* Products */,
				2C2ECC4D086E66923F2F9980 /* Frameworks */,
			);
			sourceTree = "<group>";
		};
		C867FC671AD8FCAF00F99592 /* Products */ = {
			isa = PBXGroup;
			children = (
				C867FC661AD8FCAF00F99592 /* GetCarSwift.app */,
				C867FC7D1AD8FCB000F99592 /* GetCarSwiftTests.xctest */,
			);
			name = Products;
			sourceTree = "<group>";
		};
		C867FC681AD8FCAF00F99592 /* GetCarSwift */ = {
			isa = PBXGroup;
			children = (
				C842765F1BB188D60041C3F9 /* Model */,
				C881F02F1B7B86BD00E062B6 /* Assets */,
				C80881E01B6D2171002A1CE9 /* servicce */,
				C8E2B8541AD96F19003B07FE /* Trace */,
				C8E2B8491AD95AB2003B07FE /* Mine */,
				C8E2B83E1AD93412003B07FE /* Mod */,
				C8E2B8391AD92AFA003B07FE /* CarBar */,
				C867FD1F1AD909B300F99592 /* Login */,
				C8E2B8361AD926C7003B07FE /* Widget */,
				C8AEC2051B985BAB002F39EB /* Extension */,
				C89A05C81B6E162500620C85 /* ThirdParty */,
				C867FD1D1AD9071900F99592 /* Globals.swift */,
				C867FC6B1AD8FCAF00F99592 /* AppDelegate.swift */,
				C867FC691AD8FCAF00F99592 /* Supporting Files */,
			);
			path = GetCarSwift;
			sourceTree = "<group>";
		};
		C867FC691AD8FCAF00F99592 /* Supporting Files */ = {
			isa = PBXGroup;
			children = (
				C8C2C09B1B8B5EEE006095DC /* GetCarSwift-Bridging-Header.h */,
				C867FC6A1AD8FCAF00F99592 /* Info.plist */,
			);
			name = "Supporting Files";
			sourceTree = "<group>";
		};
		C867FC801AD8FCB000F99592 /* GetCarSwiftTests */ = {
			isa = PBXGroup;
			children = (
				C867FC831AD8FCB000F99592 /* GetCarSwiftTests.swift */,
				C867FC811AD8FCB000F99592 /* Supporting Files */,
			);
			path = GetCarSwiftTests;
			sourceTree = "<group>";
		};
		C867FC811AD8FCB000F99592 /* Supporting Files */ = {
			isa = PBXGroup;
			children = (
				C867FC821AD8FCB000F99592 /* Info.plist */,
			);
			name = "Supporting Files";
			sourceTree = "<group>";
		};
		C867FD1F1AD909B300F99592 /* Login */ = {
			isa = PBXGroup;
			children = (
				C867FD201AD909E400F99592 /* LoginViewController.swift */,
				C880DA7A1B78E8F500F5E24D /* RegisterViewController.swift */,
				C84FE8C91B7A360000F8EC74 /* CarTableViewController.swift */,
				C87AAD8D1B7CE3F000084EA0 /* CarRightTableViewController.swift */,
				C89079331B7E161D002D18E0 /* CarTableNavigationController.swift */,
			);
			name = Login;
			sourceTree = "<group>";
		};
		C881F02F1B7B86BD00E062B6 /* Assets */ = {
			isa = PBXGroup;
			children = (
				C8EA68CF1B8211C8003CD510 /* AMap.bundle */,
				C867FC711AD8FCAF00F99592 /* Main.storyboard */,
				C867FC761AD8FCAF00F99592 /* LaunchScreen.xib */,
				C8516DDB1AE2127A00BB0FF4 /* Images.xcassets */,
			);
			name = Assets;
			sourceTree = "<group>";
		};
		C89A05C81B6E162500620C85 /* ThirdParty */ = {
			isa = PBXGroup;
			children = (
				C8CD8DEC1B91DEED0050DF90 /* ENSideMenu */,
				C85263901B6E2BEF00E43FE0 /* KMPlaceholderTextView.swift */,
				C8F9CD701B725CDD0003AF1B /* Toast.swift */,
			);
			name = ThirdParty;
			sourceTree = "<group>";
		};
		C8AEC2051B985BAB002F39EB /* Extension */ = {
			isa = PBXGroup;
			children = (
				C88D822E1AE27E4900DBC0C1 /* UIImage.swift */,
				C8C2C08D1B8B5DEE006095DC /* CLLocationCoordinate2D.swift */,
				C8C2C08E1B8B5DEE006095DC /* JSON.swift */,
				C8C2C08F1B8B5DEE006095DC /* String.swift */,
				C8C2C0901B8B5DEE006095DC /* UIColor.swift */,
				C8D6CAE51B8F511700A417CF /* UIViewController.swift */,
				C828823B1B9219620091F624 /* UIImageView.swift */,
				C8AEC2031B985B5C002F39EB /* NSDate.swift */,
				C8AEC2121B996F41002F39EB /* NSAttributedString.swift */,
				C894F5FA1BA440B300645DA3 /* UITableView.swift */,
			);
			name = Extension;
			sourceTree = "<group>";
		};
		C8CD8DC41B91CB8F0050DF90 /* Products */ = {
			isa = PBXGroup;
			children = (
				C8CD8DCC1B91CB900050DF90 /* Alamofire.framework */,
				C8CD8DCE1B91CB900050DF90 /* Alamofire.framework */,
				C820570B1BAAFF2800E59A74 /* Alamofire.framework */,
				C8CD8DD21B91CB900050DF90 /* Alamofire iOS Tests.xctest */,
				C8CD8DD41B91CB900050DF90 /* Alamofire OSX Tests.xctest */,
			);
			name = Products;
			sourceTree = "<group>";
		};
		C8CD8DDA1B91DDE60050DF90 /* Products */ = {
			isa = PBXGroup;
			children = (
				C8CD8DE11B91DDE70050DF90 /* SwiftyJSON.framework */,
				C8CD8DE31B91DDE70050DF90 /* SwiftyJSON iOS Tests.xctest */,
				C8CD8DE51B91DDE70050DF90 /* SwiftyJSON.framework */,
				C8CD8DE71B91DDE70050DF90 /* SwiftyJSON OSX Tests.xctest */,
				C82057131BAAFF2800E59A74 /* SwiftyJSON.framework */,
			);
			name = Products;
			sourceTree = "<group>";
		};
		C8CD8DEC1B91DEED0050DF90 /* ENSideMenu */ = {
			isa = PBXGroup;
			children = (
				C8CD8DED1B91DF090050DF90 /* ENSideMenu.swift */,
				C8CD8DEE1B91DF090050DF90 /* ENSideMenuNavigationController.swift */,
			);
			name = ENSideMenu;
			sourceTree = "<group>";
		};
		C8CD8E111B91EAAE0050DF90 /* Products */ = {
			isa = PBXGroup;
			children = (
				C8CD8E171B91EAAE0050DF90 /* Haneke.framework */,
				C8CD8E191B91EAAE0050DF90 /* HanekeTests.xctest */,
				C8CD8E1B1B91EAAE0050DF90 /* HanekeDemo.app */,
			);
			name = Products;
			sourceTree = "<group>";
		};
		C8E2B8361AD926C7003B07FE /* Widget */ = {
			isa = PBXGroup;
			children = (
				C89A05C91B6E166400620C85 /* SwiftPages.swift */,
				C8E2B8371AD92727003B07FE /* CommonTableViewCell.swift */,
				C804B90B1B80840100AEC003 /* WebViewController.swift */,
				C8D6D7081B8E14B5006A068E /* PopupViewController.swift */,
			);
			name = Widget;
			sourceTree = "<group>";
		};
		C8E2B8391AD92AFA003B07FE /* CarBar */ = {
			isa = PBXGroup;
			children = (
				C8E2B83A1AD92B27003B07FE /* CarBarViewController.swift */,
				C8E2B83C1AD92D73003B07FE /* PostCell.swift */,
				C8D6B1EE1B0E2F3000A2ED60 /* PostViewController.swift */,
				C8AEC1F61B982D2C002F39EB /* TrackDetailViewController.swift */,
				C8AEC2011B983967002F39EB /* TrackViewController.swift */,
			);
			name = CarBar;
			sourceTree = "<group>";
		};
		C8E2B83E1AD93412003B07FE /* Mod */ = {
			isa = PBXGroup;
			children = (
				C8E2B83F1AD93527003B07FE /* ModDoctorViewController.swift */,
				C865B4E51B765BFB00790A81 /* ModViewController.swift */,
				C86780001B7757300000D7DF /* ModStoreViewController.swift */,
				C89D6A491B9DB0F200B0F69B /* ModIntroContentViewController.swift */,
			);
			name = Mod;
			sourceTree = "<group>";
		};
		C8E2B8491AD95AB2003B07FE /* Mine */ = {
			isa = PBXGroup;
			children = (
				C8E2B84A1AD95AD6003B07FE /* AccountCell.swift */,
				C8E2B84C1AD95AE8003B07FE /* PersonInfoCell.swift */,
				C8E2B84E1AD95C5E003B07FE /* MineViewController.swift */,
				C8E2B8521AD96B47003B07FE /* PersonInfoViewController.swift */,
				C8C6B4261ADFE6C500059523 /* InfoEditViewController.swift */,
				C8516DDD1AE240C500BB0FF4 /* CarIconEditViewController.swift */,
				C8A4C34C1B04EF0B006D6DBD /* MyHomepaeViewController.swift */,
				C89884361B0650F5009634E1 /* BgChoiceViewController.swift */,
				C85DD70D1B072ABF00A658B6 /* CarInfoViewController.swift */,
				C87DA9C81B08C66600AA47AF /* AddCarViewController.swift */,
				C87DA9CA1B08CEAB00AA47AF /* BrandsViewController.swift */,
				C848F1B61B778626008DAC69 /* TrackingViewController.swift */,
			);
			name = Mine;
			sourceTree = "<group>";
		};
		C8E2B8541AD96F19003B07FE /* Trace */ = {
			isa = PBXGroup;
			children = (
				C8E2B8551AD96F31003B07FE /* MapViewController.swift */,
				C89A05C61B6E125400620C85 /* TraceViewController.swift */,
				C89A05CB1B6E195600620C85 /* DataViewController.swift */,
				C8C2C08B1B8B527D006095DC /* MatchViewController.swift */,
				C80FCD1D1B8CC3FC001F5A93 /* AddPlayerTableViewController.swift */,
			);
			name = Trace;
			sourceTree = "<group>";
		};
/* End PBXGroup section */

/* Begin PBXNativeTarget section */
		C867FC651AD8FCAF00F99592 /* GetCarSwift */ = {
			isa = PBXNativeTarget;
			buildConfigurationList = C867FC871AD8FCB000F99592 /* Build configuration list for PBXNativeTarget "GetCarSwift" */;
			buildPhases = (
				C867FC621AD8FCAF00F99592 /* Sources */,
				C867FC631AD8FCAF00F99592 /* Frameworks */,
				C867FC641AD8FCAF00F99592 /* Resources */,
				C873F9551B835894007A2BB6 /* Bugly auto uploader */,
				C8CD8E0B1B91E85B0050DF90 /* Embed Frameworks */,
			);
			buildRules = (
			);
			dependencies = (
				C8CD8E0A1B91E85B0050DF90 /* PBXTargetDependency */,
				C8CD8E0F1B91E8660050DF90 /* PBXTargetDependency */,
				C8CD8E1F1B91EABF0050DF90 /* PBXTargetDependency */,
				C84276401BB185E70041C3F9 /* PBXTargetDependency */,
				C84276441BB185E70041C3F9 /* PBXTargetDependency */,
				C84276481BB185E70041C3F9 /* PBXTargetDependency */,
			);
			name = GetCarSwift;
			productName = GetCarSwift;
			productReference = C867FC661AD8FCAF00F99592 /* GetCarSwift.app */;
			productType = "com.apple.product-type.application";
		};
		C867FC7C1AD8FCB000F99592 /* GetCarSwiftTests */ = {
			isa = PBXNativeTarget;
			buildConfigurationList = C867FC8A1AD8FCB000F99592 /* Build configuration list for PBXNativeTarget "GetCarSwiftTests" */;
			buildPhases = (
				C867FC791AD8FCB000F99592 /* Sources */,
				C867FC7A1AD8FCB000F99592 /* Frameworks */,
				C867FC7B1AD8FCB000F99592 /* Resources */,
			);
			buildRules = (
			);
			dependencies = (
				C867FC7F1AD8FCB000F99592 /* PBXTargetDependency */,
			);
			name = GetCarSwiftTests;
			productName = GetCarSwiftTests;
			productReference = C867FC7D1AD8FCB000F99592 /* GetCarSwiftTests.xctest */;
			productType = "com.apple.product-type.bundle.unit-test";
		};
/* End PBXNativeTarget section */

/* Begin PBXProject section */
		C867FC5E1AD8FCAF00F99592 /* Project object */ = {
			isa = PBXProject;
			attributes = {
				LastSwiftMigration = 0700;
				LastSwiftUpdateCheck = 0700;
				LastUpgradeCheck = 0700;
				ORGANIZATIONNAME = "周斌佳";
				TargetAttributes = {
					C867FC651AD8FCAF00F99592 = {
						CreatedOnToolsVersion = 6.2;
						DevelopmentTeam = TH2Q5PL4G4;
					};
					C867FC7C1AD8FCB000F99592 = {
						CreatedOnToolsVersion = 6.2;
						TestTargetID = C867FC651AD8FCAF00F99592;
					};
				};
			};
			buildConfigurationList = C867FC611AD8FCAF00F99592 /* Build configuration list for PBXProject "GetCarSwift" */;
			compatibilityVersion = "Xcode 3.2";
			developmentRegion = English;
			hasScannedForEncodings = 0;
			knownRegions = (
				en,
				Base,
			);
			mainGroup = C867FC5D1AD8FCAF00F99592;
			productRefGroup = C867FC671AD8FCAF00F99592 /* Products */;
			projectDirPath = "";
			projectReferences = (
				{
					ProductGroup = C8CD8DC41B91CB8F0050DF90 /* Products */;
					ProjectRef = C8CD8DC31B91CB8F0050DF90 /* Alamofire.xcodeproj */;
				},
				{
					ProductGroup = C8CD8E111B91EAAE0050DF90 /* Products */;
					ProjectRef = C8CD8E101B91EAAE0050DF90 /* Haneke.xcodeproj */;
				},
				{
					ProductGroup = C842761C1BB185930041C3F9 /* Products */;
					ProjectRef = C842761B1BB185930041C3F9 /* Rx.xcodeproj */;
				},
				{
					ProductGroup = C8CD8DDA1B91DDE60050DF90 /* Products */;
					ProjectRef = C8CD8DD91B91DDE60050DF90 /* SwiftyJSON.xcodeproj */;
				},
			);
			projectRoot = "";
			targets = (
				C867FC651AD8FCAF00F99592 /* GetCarSwift */,
				C867FC7C1AD8FCB000F99592 /* GetCarSwiftTests */,
			);
		};
/* End PBXProject section */

/* Begin PBXReferenceProxy section */
		C820570B1BAAFF2800E59A74 /* Alamofire.framework */ = {
			isa = PBXReferenceProxy;
			fileType = wrapper.framework;
			path = Alamofire.framework;
			remoteRef = C820570A1BAAFF2800E59A74 /* PBXContainerItemProxy */;
			sourceTree = BUILT_PRODUCTS_DIR;
		};
		C82057131BAAFF2800E59A74 /* SwiftyJSON.framework */ = {
			isa = PBXReferenceProxy;
			fileType = wrapper.framework;
			path = SwiftyJSON.framework;
			remoteRef = C82057121BAAFF2800E59A74 /* PBXContainerItemProxy */;
			sourceTree = BUILT_PRODUCTS_DIR;
		};
		C842762E1BB185930041C3F9 /* RxSwift.framework */ = {
			isa = PBXReferenceProxy;
			fileType = wrapper.framework;
			path = RxSwift.framework;
			remoteRef = C842762D1BB185930041C3F9 /* PBXContainerItemProxy */;
			sourceTree = BUILT_PRODUCTS_DIR;
		};
		C84276301BB185930041C3F9 /* RxSwift.framework */ = {
			isa = PBXReferenceProxy;
			fileType = wrapper.framework;
			path = RxSwift.framework;
			remoteRef = C842762F1BB185930041C3F9 /* PBXContainerItemProxy */;
			sourceTree = BUILT_PRODUCTS_DIR;
		};
		C84276321BB185930041C3F9 /* RxCocoa.framework */ = {
			isa = PBXReferenceProxy;
			fileType = wrapper.framework;
			path = RxCocoa.framework;
			remoteRef = C84276311BB185930041C3F9 /* PBXContainerItemProxy */;
			sourceTree = BUILT_PRODUCTS_DIR;
		};
		C84276341BB185930041C3F9 /* RxCocoa.framework */ = {
			isa = PBXReferenceProxy;
			fileType = wrapper.framework;
			path = RxCocoa.framework;
			remoteRef = C84276331BB185930041C3F9 /* PBXContainerItemProxy */;
			sourceTree = BUILT_PRODUCTS_DIR;
		};
		C84276361BB185930041C3F9 /* RxBlocking.framework */ = {
			isa = PBXReferenceProxy;
			fileType = wrapper.framework;
			path = RxBlocking.framework;
			remoteRef = C84276351BB185930041C3F9 /* PBXContainerItemProxy */;
			sourceTree = BUILT_PRODUCTS_DIR;
		};
		C84276381BB185930041C3F9 /* RxBlocking.framework */ = {
			isa = PBXReferenceProxy;
			fileType = wrapper.framework;
			path = RxBlocking.framework;
			remoteRef = C84276371BB185930041C3F9 /* PBXContainerItemProxy */;
			sourceTree = BUILT_PRODUCTS_DIR;
		};
		C8CD8DCC1B91CB900050DF90 /* Alamofire.framework */ = {
			isa = PBXReferenceProxy;
			fileType = wrapper.framework;
			path = Alamofire.framework;
			remoteRef = C8CD8DCB1B91CB900050DF90 /* PBXContainerItemProxy */;
			sourceTree = BUILT_PRODUCTS_DIR;
		};
		C8CD8DCE1B91CB900050DF90 /* Alamofire.framework */ = {
			isa = PBXReferenceProxy;
			fileType = wrapper.framework;
			path = Alamofire.framework;
			remoteRef = C8CD8DCD1B91CB900050DF90 /* PBXContainerItemProxy */;
			sourceTree = BUILT_PRODUCTS_DIR;
		};
		C8CD8DD21B91CB900050DF90 /* Alamofire iOS Tests.xctest */ = {
			isa = PBXReferenceProxy;
			fileType = wrapper.cfbundle;
			path = "Alamofire iOS Tests.xctest";
			remoteRef = C8CD8DD11B91CB900050DF90 /* PBXContainerItemProxy */;
			sourceTree = BUILT_PRODUCTS_DIR;
		};
		C8CD8DD41B91CB900050DF90 /* Alamofire OSX Tests.xctest */ = {
			isa = PBXReferenceProxy;
			fileType = wrapper.cfbundle;
			path = "Alamofire OSX Tests.xctest";
			remoteRef = C8CD8DD31B91CB900050DF90 /* PBXContainerItemProxy */;
			sourceTree = BUILT_PRODUCTS_DIR;
		};
		C8CD8DE11B91DDE70050DF90 /* SwiftyJSON.framework */ = {
			isa = PBXReferenceProxy;
			fileType = wrapper.framework;
			path = SwiftyJSON.framework;
			remoteRef = C8CD8DE01B91DDE70050DF90 /* PBXContainerItemProxy */;
			sourceTree = BUILT_PRODUCTS_DIR;
		};
		C8CD8DE31B91DDE70050DF90 /* SwiftyJSON iOS Tests.xctest */ = {
			isa = PBXReferenceProxy;
			fileType = wrapper.cfbundle;
			path = "SwiftyJSON iOS Tests.xctest";
			remoteRef = C8CD8DE21B91DDE70050DF90 /* PBXContainerItemProxy */;
			sourceTree = BUILT_PRODUCTS_DIR;
		};
		C8CD8DE51B91DDE70050DF90 /* SwiftyJSON.framework */ = {
			isa = PBXReferenceProxy;
			fileType = wrapper.framework;
			path = SwiftyJSON.framework;
			remoteRef = C8CD8DE41B91DDE70050DF90 /* PBXContainerItemProxy */;
			sourceTree = BUILT_PRODUCTS_DIR;
		};
		C8CD8DE71B91DDE70050DF90 /* SwiftyJSON OSX Tests.xctest */ = {
			isa = PBXReferenceProxy;
			fileType = wrapper.cfbundle;
			path = "SwiftyJSON OSX Tests.xctest";
			remoteRef = C8CD8DE61B91DDE70050DF90 /* PBXContainerItemProxy */;
			sourceTree = BUILT_PRODUCTS_DIR;
		};
		C8CD8E171B91EAAE0050DF90 /* Haneke.framework */ = {
			isa = PBXReferenceProxy;
			fileType = wrapper.framework;
			path = Haneke.framework;
			remoteRef = C8CD8E161B91EAAE0050DF90 /* PBXContainerItemProxy */;
			sourceTree = BUILT_PRODUCTS_DIR;
		};
		C8CD8E191B91EAAE0050DF90 /* HanekeTests.xctest */ = {
			isa = PBXReferenceProxy;
			fileType = wrapper.cfbundle;
			path = HanekeTests.xctest;
			remoteRef = C8CD8E181B91EAAE0050DF90 /* PBXContainerItemProxy */;
			sourceTree = BUILT_PRODUCTS_DIR;
		};
		C8CD8E1B1B91EAAE0050DF90 /* HanekeDemo.app */ = {
			isa = PBXReferenceProxy;
			fileType = wrapper.application;
			path = HanekeDemo.app;
			remoteRef = C8CD8E1A1B91EAAE0050DF90 /* PBXContainerItemProxy */;
			sourceTree = BUILT_PRODUCTS_DIR;
		};
/* End PBXReferenceProxy section */

/* Begin PBXResourcesBuildPhase section */
		C867FC641AD8FCAF00F99592 /* Resources */ = {
			isa = PBXResourcesBuildPhase;
			buildActionMask = 2147483647;
			files = (
				C86FE32B1BA3CC130037CD7F /* Main.storyboard in Resources */,
				C86FE32C1BA3CC130037CD7F /* LaunchScreen.xib in Resources */,
				C8EA68D01B8211C8003CD510 /* AMap.bundle in Resources */,
				C8516DDC1AE2127A00BB0FF4 /* Images.xcassets in Resources */,
			);
			runOnlyForDeploymentPostprocessing = 0;
		};
		C867FC7B1AD8FCB000F99592 /* Resources */ = {
			isa = PBXResourcesBuildPhase;
			buildActionMask = 2147483647;
			files = (
			);
			runOnlyForDeploymentPostprocessing = 0;
		};
/* End PBXResourcesBuildPhase section */

/* Begin PBXShellScriptBuildPhase section */
		C873F9551B835894007A2BB6 /* Bugly auto uploader */ = {
			isa = PBXShellScriptBuildPhase;
			buildActionMask = 2147483647;
			files = (
			);
			inputPaths = (
			);
			name = "Bugly auto uploader";
			outputPaths = (
			);
			runOnlyForDeploymentPostprocessing = 0;
			shellPath = /bin/sh;
			shellScript = "#!/bin/sh\n# Copyright 2014-2015 Bugly @Tencent. All rights reserved.\n#\n# V 1.1\n#\n################################################################################\n# 注意: 请配置下面的信息\n################################################################################\nBUGLY_APP_ID=\"900007462\"\nBUGLY_APP_KEY=\"CW0OcXMl7HbajZ4B\"\nBUNDLE_IDENTIFIER=\"com.gaike.GetCarSwift\"\n################################################################################\n# 自定义配置\n################################################################################\n# Debug模式编译是否上传，1＝上传 0＝不上传，默认不上传\nUPLOAD_DEBUG_SYMBOLS=0\n#\n# 模拟器编译是否上传，1=上传 0=不上传，默认不上传\nUPLOAD_SIMULATOR_SYMBOLS=0\n#\n# # 脚本默认配置的版本格式为CFBundleShortVersionString(CFBundleVersion),  如果你修改默认的版本格式, 请设置此变量, 如果不想修改, 请忽略此设置\n# CUSTOMIZED_APP_VERSION=\"\"\n#\n#\n#\n# This script will extract symbols from the .dSYM and generate .symbol file(Bugly supported) and upload to server.\n# You could visit http://bugly.qq.com to get more details about Bugly.\n#\n# Usage:\n#   * The instructions assume you have copyed this script into your project int Xcode.\n#   * Copy the \"buglySymbolIOS.jar\" file into the \"~/bin\" folder.\n#   * Open the project editor, select your build target.\n#   * Click \"Build Phases\" at the top of the project editor.\n#   * Click \"+\" button in the top left corner and select \"New Run Script Phase\".\n#   * Click \"Run Script\".\n#   * Paste the following script into the dark text box. You will have to uncomment the lines (remove the #) of course.\n#\n# --- SCRIPT BEGINS ON NEXT LINE, COPY AND EDIT FROM THERE ---\n#\n#\n#\n# --- END OF SCRIPT ---\n\n\n################################################################################\n# 注意: 如果你不知道此脚本的执行流程和用法，请不要随便修改！\n################################################################################\n\n# 退出执行并打印提示信息\nexitWithMessage() {\n    echo \"--------------------------------\"\n    echo -e \"${1}\"\n    echo \"--------------------------------\"\n    echo \"No upload and exit.\"\n    echo \"----------------------------------------------------------------\"\n    exit ${2}\n}\n\necho \"----------------------------------------------------------------\"\necho \"Copyright 2014-2015 Bugly @Tencent. All rights reserved.\"\n\necho \"This script will extract symbols from the .dSYM file and generate .symbol file(Bugly supported) and upload to server.\"\necho \"You could visit http://bugly.qq.com to get more details about Bugly.\"\necho \"----------------------------------------------------------------\"\n\necho \"Uploading dSYM to Bugly.\"\necho \"\"\n\n# Bugly服务域名\nDSYM_UPLOAD_DOMAIN=\"bugly.qq.com\"\n\n# 读取Info.plist文件中的版本信息\necho \"Info.Plist : ${INFOPLIST_FILE}\"\n\nBUNDLE_VERSION=$(/usr/libexec/PlistBuddy -c 'Print CFBundleVersion' \"${INFOPLIST_FILE}\")\nBUNDLE_SHORT_VERSION=$(/usr/libexec/PlistBuddy -c 'Print CFBundleShortVersionString' \"${INFOPLIST_FILE}\")\n\n# 组装Bugly默认识别的版本信息(格式为CFBundleShortVersionString(CFBundleVersion), 例如: 1.0(1))\nif [ ! \"${CUSTOMIZED_APP_VERSION}\" ]; then\nBUGLY_APP_VERSION=\"${BUNDLE_SHORT_VERSION}(${BUNDLE_VERSION})\"\nelse\nBUGLY_APP_VERSION=\"${CUSTOMIZED_APP_VERSION}\"\nfi\n\n# Bugly符号提取工具路径, 请确保已经把对应的buglySymboliOS.jar拷贝到目录~/bin\nBUGLY_SYMBOL_JAR_PATH=\"$HOME/bin/buglySymboliOS.jar\"\n\necho \"--------------------------------\"\necho \"Step 1: Prepare application information.\"\necho \"--------------------------------\"\n\necho \"Product Name: ${PRODUCT_NAME}\"\necho \"Bundle Identifier: ${BUNDLE_IDENTIFIER}\"\necho \"Version: ${BUNDLE_SHORT_VERSION}\"\necho \"Build: ${BUNDLE_VERSION}\"\n\necho \"Bugly App ID: ${BUGLY_APP_ID}\"\necho \"Bugly App key: ${BUGLY_APP_KEY}\"\necho \"Bugly App Version: ${BUGLY_APP_VERSION}\"\n\necho \"--------------------------------\"\necho \"Step 2: Check the arguments ...\"\n\n# 检查模拟器编译是否允许上传符号\nif [ \"$EFFECTIVE_PLATFORM_NAME\" == \"-iphonesimulator\" ]; then\nif [ $UPLOAD_SIMULATOR_SYMBOLS -eq 0 ]; then\nexitWithMessage \"Warning: Build for simulator and skipping to upload. \\nYou can modify 'UPLOAD_SIMULATOR_SYMBOLS' to 1 in the script.\" 0\nfi\nfi\n\nif [ \"${CONFIGURATION=}\" == \"Debug\" ]; then\nif [ $UPLOAD_DEBUG_SYMBOLS -eq 0 ]; then\nexitWithMessage \"Warning: Build for debug mode and skipping to upload. \\nYou can modify 'UPLOAD_DEBUG_SYMBOLS' to 1 in the script.\" 0\nfi\nfi\n\n# 检查必须参数是否设置\nif [ ! \"${BUGLY_APP_ID}\" ]; then\nexitWithMessage \"Error: Bugly App ID not defined.\" 1\nfi\n\nif [ ! \"${BUGLY_APP_KEY}\" ]; then\nexitWithMessage \"Error: Bugly APP Key not defined.\" 1\nfi\n\nif [ ! \"${BUNDLE_IDENTIFIER}\" ]; then\nexitWithMessage \"Error: Bundle Identifier not defined.\" 1\nfi\n\nfunction uploadDSYM {\n    DSYM_SRC=\"$1\"\n    echo \".dSYM file: ${DSYM_SRC}\"\n    if [ ! -d \"$DSYM_SRC\" ]; then\n    exitWithMessage \"dSYM source not found: ${DSYM_SRC}\" 1\n    fi\n    DSYM_FILE_NAME=${DSYM_SRC##*/}\n        DSYM_SYMBOL_OUT_ZIP_NAME=\"${DSYM_FILE_NAME}.bSymbol.zip\"\n        # 替换空格\n        DSYM_SYMBOL_OUT_ZIP_NAME=\"${DSYM_SYMBOL_OUT_ZIP_NAME// /_}\"\n        DSYM_ZIP_FPATH=\"${BUILT_PRODUCTS_DIR}/${DSYM_SYMBOL_OUT_ZIP_NAME}\"\n        \n        DSYM_SYMBOL_BACKUP_DIR=${BUILD_DIR}/Symbols\n        \n        if [ ! -e \"${DSYM_SYMBOL_BACKUP_DIR}\" ]; then\n        mkdir ${DSYM_SYMBOL_BACKUP_DIR}\n        fi\n        \n        # 备份并清理\n        find ${BUILT_PRODUCTS_DIR} -name \"*.zip\" -print0 | xargs -0 -I {} mv {} ${DSYM_SYMBOL_BACKUP_DIR}\n        /bin/rm -rf \"${BUILT_PRODUCTS_DIR}/*.zip\"\n        \n        echo \"Extract symbols from dSYM to ${DSYM_ZIP_FPATH}.\"\n        \n        echo \"--------------------------------\"\n        (/usr/bin/java -jar \"${BUGLY_SYMBOL_JAR_PATH}\" -i \"${DSYM_SRC}\" -o \"${DSYM_ZIP_FPATH}\" ) || exitWithMessage \"Error: Failed to extract symbols.\" 1\n        echo \"--------------------------------\"\n        \n        if [ ! -e \"${DSYM_ZIP_FPATH}\" ]; then\n        DSYM_SYMBOL_OUT_ZIP_NAME=$(ls ${BUILT_PRODUCTS_DIR} | grep \".zip\")\n        DSYM_ZIP_FPATH=\"${BUILT_PRODUCTS_DIR}/${DSYM_SYMBOL_OUT_ZIP_NAME}\"\n        DSYM_SYMBOL_OUT_ZIP_NAME=${DSYM_SYMBOL_OUT_ZIP_NAME//&/_}\n            fi\n            \n            if [ ! -e \"${DSYM_ZIP_FPATH}\" ] ; then\n            exitWithMessage \"no symbol file zip archive generated: ${DSYM_ZIP_FPATH}\" 1\n            fi\n            \n            # 提取符号信息\n            echo \"--------------------------------\"\n            echo \"Step 3: Extract symbol info from .dSYM file.\"\n            \n            if [ ! -e \"$BUGLY_SYMBOL_JAR_PATH\" ]; then\n            exitWithMessage \"Error: Jar file '${BUGLY_SYMBOL_JAR_PATH}' was not found. \\nPlease copy the jar file into ~/bin folder.\" 1\n            fi\n            \n            echo \"Step 4: Upload the symbols of dSYM.\"\n            echo \"--------------------------------\"\n            echo \"zip : ${DSYM_SYMBOL_OUT_ZIP_NAME}\"\n            echo \"dir : ${DSYM_ZIP_FPATH}\"\n            \n            echo \"dSYM upload domain: ${DSYM_UPLOAD_DOMAIN}\"\n            DSYM_UPLOAD_URL=\"http://${DSYM_UPLOAD_DOMAIN}/upload/dsym?app=${BUGLY_APP_ID}&pid=2&ver=${BUGLY_APP_VERSION}&n=${DSYM_SYMBOL_OUT_ZIP_NAME}&key=${BUGLY_APP_KEY}&bid=${BUNDLE_IDENTIFIER}\"\n            echo \"dSYM upload url: ${DSYM_UPLOAD_URL}\"\n            \n            # Upload dSYM to Bugly\n            echo \"curl --header \"Content-Type:application/zip\" --data-binary \"@${DSYM_ZIP_FPATH}\" \"${DSYM_UPLOAD_URL}\" --verbose\"\n            \n            echo \"--------------------------------\"\n            STATUS=$(/usr/bin/curl --header \"Content-Type:application/zip\" --data-binary \"@${DSYM_ZIP_FPATH}\" \"${DSYM_UPLOAD_URL}\" --verbose)\n            echo \"--------------------------------\"\n            \n            UPLOAD_RESULT=\"FAILTURE\"\n            echo \"Bugly server response: ${STATUS}\"\n            if [ ! \"${STATUS}\" ]; then\n            echo \"Error: Failed to upload the zip archive file.\"\n            elif [[ \"${STATUS}\" == *\":true\"* ]]; then\n            echo \"Success to upload the dSYM for the app [${BUNDLE_IDENTIFIER} ${BUGLY_APP_VERSION}]\"\n            UPLOAD_RESULT=\"SUCCESS\"\n            else\n            echo \"Error: Failed to upload the zip archive file to Bugly.\"\n            fi\n            \n            #Remove temp dSYM archive\n            echo \"Remove temporary zip archive: ${DSYM_ZIP_FPATH}\"\n            #/bin/rm -f \"${DSYM_ZIP_FPATH}\"\n            \n            if [ \"$?\" -ne 0 ]; then\n            exitWithMessage \"Error: Failed to remove temporary zip archive.\" 1\n            fi\n            \n            echo \"--------------------------------\"\n            echo \"${UPLOAD_RESULT} - dSYM upload complete.\"\n            \n            if [[ \"${UPLOAD_RESULT}\" == \"FAILTURE\" ]]; then\n            echo \"--------------------------------\"\n            echo \"Failed to upload the dSYM\"\n            echo \"Please check the script and try it again.\"\n            fi\n            \n            echo \"----------------------------------------------------------------\"\n        }\n        \n        # .dSYM文件信息\n        \n        echo \"DSYM FOLDER ${DWARF_DSYM_FOLDER_PATH}\"\n        \n        DSYM_FOLDER=\"${DWARF_DSYM_FOLDER_PATH}\"\n        \n        IFS=$'\\n'\n        \n        for dsymFile in $(find \"$DSYM_FOLDER\" -name '*.dSYM'); do\n        echo \"Found dSYM file: $dsymFile\"\n        uploadDSYM $dsymFile\n        done\n        \n";
			showEnvVarsInLog = 0;
		};
/* End PBXShellScriptBuildPhase section */

/* Begin PBXSourcesBuildPhase section */
		C867FC621AD8FCAF00F99592 /* Sources */ = {
			isa = PBXSourcesBuildPhase;
			buildActionMask = 2147483647;
			files = (
				C8E2B8381AD92727003B07FE /* CommonTableViewCell.swift in Sources */,
				C8E2B84B1AD95AD6003B07FE /* AccountCell.swift in Sources */,
				C8516DDE1AE240C500BB0FF4 /* CarIconEditViewController.swift in Sources */,
				C8D6B1EF1B0E2F3000A2ED60 /* PostViewController.swift in Sources */,
				C80881E21B6D2190002A1CE9 /* FIR.swift in Sources */,
				C8E2B8401AD93527003B07FE /* ModDoctorViewController.swift in Sources */,
				C8AEC1F71B982D2C002F39EB /* TrackDetailViewController.swift in Sources */,
				C8C2C0911B8B5DEE006095DC /* CLLocationCoordinate2D.swift in Sources */,
				C848F1B71B778626008DAC69 /* TrackingViewController.swift in Sources */,
				C89A05C31B6E058C00620C85 /* GaikeService.swift in Sources */,
				C8D6CAE61B8F511700A417CF /* UIViewController.swift in Sources */,
				C8EEB65F1BB2D84D00BB5704 /* Comments.swift in Sources */,
				C87DA9C91B08C66600AA47AF /* AddCarViewController.swift in Sources */,
				C8F9CD6F1B7246BB0003AF1B /* User.swift in Sources */,
				C85263911B6E2BEF00E43FE0 /* KMPlaceholderTextView.swift in Sources */,
				C89A05C71B6E125400620C85 /* TraceViewController.swift in Sources */,
				C8A4C34D1B04EF0B006D6DBD /* MyHomepaeViewController.swift in Sources */,
				C87DA9CB1B08CEAB00AA47AF /* BrandsViewController.swift in Sources */,
				C867FD211AD909E400F99592 /* LoginViewController.swift in Sources */,
				C8D6D7091B8E14B5006A068E /* PopupViewController.swift in Sources */,
				C87AAD8E1B7CE3F000084EA0 /* CarRightTableViewController.swift in Sources */,
				C8AEC2041B985B5C002F39EB /* NSDate.swift in Sources */,
				C8E2B8531AD96B47003B07FE /* PersonInfoViewController.swift in Sources */,
				C867FC6C1AD8FCAF00F99592 /* AppDelegate.swift in Sources */,
				C8F9CD711B725CDD0003AF1B /* Toast.swift in Sources */,
				C8C2C08C1B8B527D006095DC /* MatchViewController.swift in Sources */,
				C80FCD1E1B8CC3FC001F5A93 /* AddPlayerTableViewController.swift in Sources */,
				C85DD70E1B072ABF00A658B6 /* CarInfoViewController.swift in Sources */,
				C865B4E61B765BFB00790A81 /* ModViewController.swift in Sources */,
				C89D6A4A1B9DB0F200B0F69B /* ModIntroContentViewController.swift in Sources */,
				C89A05CA1B6E166400620C85 /* SwiftPages.swift in Sources */,
				C89884371B0650F5009634E1 /* BgChoiceViewController.swift in Sources */,
				C88D822F1AE27E4900DBC0C1 /* UIImage.swift in Sources */,
				C880DA771B78D21900F5E24D /* Nearby.swift in Sources */,
				C8CD8DEF1B91DF090050DF90 /* ENSideMenu.swift in Sources */,
				C8C6B4271ADFE6C500059523 /* InfoEditViewController.swift in Sources */,
				C8AEC2131B996F41002F39EB /* NSAttributedString.swift in Sources */,
				C89A05CC1B6E195600620C85 /* DataViewController.swift in Sources */,
				C8EEB65D1BB2D3D300BB5704 /* Praise.swift in Sources */,
				C867FD1E1AD9071900F99592 /* Globals.swift in Sources */,
				C894A3321B7F783D00D853C9 /* CarInfo.swift in Sources */,
				C89079341B7E161D002D18E0 /* CarTableNavigationController.swift in Sources */,
				C8E2B84D1AD95AE8003B07FE /* PersonInfoCell.swift in Sources */,
				C804B90C1B80840100AEC003 /* WebViewController.swift in Sources */,
				C8CD8DF01B91DF090050DF90 /* ENSideMenuNavigationController.swift in Sources */,
				C8C2C0931B8B5DEE006095DC /* String.swift in Sources */,
				C84FE8CA1B7A360000F8EC74 /* CarTableViewController.swift in Sources */,
				C86780011B7757300000D7DF /* ModStoreViewController.swift in Sources */,
				C8E2B83B1AD92B27003B07FE /* CarBarViewController.swift in Sources */,
				C8AEC2021B983967002F39EB /* TrackViewController.swift in Sources */,
				C8C2C0941B8B5DEE006095DC /* UIColor.swift in Sources */,
				C8E2B83D1AD92D73003B07FE /* PostCell.swift in Sources */,
				C894F5FB1BA440B300645DA3 /* UITableView.swift in Sources */,
				C8E2B8561AD96F31003B07FE /* MapViewController.swift in Sources */,
				C89791DD1B9F04280027D6A5 /* Comment.swift in Sources */,
				C880DA7B1B78E8F500F5E24D /* RegisterViewController.swift in Sources */,
				C8E2B84F1AD95C5E003B07FE /* MineViewController.swift in Sources */,
				C828823C1B9219620091F624 /* UIImageView.swift in Sources */,
				C8C2C0921B8B5DEE006095DC /* JSON.swift in Sources */,
			);
			runOnlyForDeploymentPostprocessing = 0;
		};
		C867FC791AD8FCB000F99592 /* Sources */ = {
			isa = PBXSourcesBuildPhase;
			buildActionMask = 2147483647;
			files = (
				C867FC841AD8FCB000F99592 /* GetCarSwiftTests.swift in Sources */,
			);
			runOnlyForDeploymentPostprocessing = 0;
		};
/* End PBXSourcesBuildPhase section */

/* Begin PBXTargetDependency section */
		C84276401BB185E70041C3F9 /* PBXTargetDependency */ = {
			isa = PBXTargetDependency;
			name = "RxSwift-iOS";
			targetProxy = C842763F1BB185E70041C3F9 /* PBXContainerItemProxy */;
		};
		C84276441BB185E70041C3F9 /* PBXTargetDependency */ = {
			isa = PBXTargetDependency;
			name = "RxCocoa-iOS";
			targetProxy = C84276431BB185E70041C3F9 /* PBXContainerItemProxy */;
		};
		C84276481BB185E70041C3F9 /* PBXTargetDependency */ = {
			isa = PBXTargetDependency;
			name = "RxBlocking-iOS";
			targetProxy = C84276471BB185E70041C3F9 /* PBXContainerItemProxy */;
		};
		C867FC7F1AD8FCB000F99592 /* PBXTargetDependency */ = {
			isa = PBXTargetDependency;
			target = C867FC651AD8FCAF00F99592 /* GetCarSwift */;
			targetProxy = C867FC7E1AD8FCB000F99592 /* PBXContainerItemProxy */;
		};
		C8CD8E0A1B91E85B0050DF90 /* PBXTargetDependency */ = {
			isa = PBXTargetDependency;
			name = "SwiftyJSON iOS";
			targetProxy = C8CD8E091B91E85B0050DF90 /* PBXContainerItemProxy */;
		};
		C8CD8E0F1B91E8660050DF90 /* PBXTargetDependency */ = {
			isa = PBXTargetDependency;
			name = "Alamofire iOS";
			targetProxy = C8CD8E0E1B91E8660050DF90 /* PBXContainerItemProxy */;
		};
		C8CD8E1F1B91EABF0050DF90 /* PBXTargetDependency */ = {
			isa = PBXTargetDependency;
			name = Haneke;
			targetProxy = C8CD8E1E1B91EABF0050DF90 /* PBXContainerItemProxy */;
		};
/* End PBXTargetDependency section */

/* Begin PBXVariantGroup section */
		C867FC711AD8FCAF00F99592 /* Main.storyboard */ = {
			isa = PBXVariantGroup;
			children = (
				C867FC721AD8FCAF00F99592 /* Base */,
			);
			name = Main.storyboard;
			sourceTree = "<group>";
		};
		C867FC761AD8FCAF00F99592 /* LaunchScreen.xib */ = {
			isa = PBXVariantGroup;
			children = (
				C867FC771AD8FCAF00F99592 /* Base */,
			);
			name = LaunchScreen.xib;
			sourceTree = "<group>";
		};
/* End PBXVariantGroup section */

/* Begin XCBuildConfiguration section */
		C867FC851AD8FCB000F99592 /* Debug */ = {
			isa = XCBuildConfiguration;
			buildSettings = {
				ALWAYS_SEARCH_USER_PATHS = NO;
				CLANG_CXX_LANGUAGE_STANDARD = "gnu++0x";
				CLANG_CXX_LIBRARY = "libc++";
				CLANG_ENABLE_MODULES = YES;
				CLANG_ENABLE_OBJC_ARC = YES;
				CLANG_WARN_BOOL_CONVERSION = YES;
				CLANG_WARN_CONSTANT_CONVERSION = YES;
				CLANG_WARN_DIRECT_OBJC_ISA_USAGE = YES_ERROR;
				CLANG_WARN_EMPTY_BODY = YES;
				CLANG_WARN_ENUM_CONVERSION = YES;
				CLANG_WARN_INT_CONVERSION = YES;
				CLANG_WARN_OBJC_ROOT_CLASS = YES_ERROR;
				CLANG_WARN_UNREACHABLE_CODE = YES;
				CLANG_WARN__DUPLICATE_METHOD_MATCH = YES;
				"CODE_SIGN_IDENTITY[sdk=iphoneos*]" = "iPhone Developer";
				COPY_PHASE_STRIP = NO;
				EMBEDDED_CONTENT_CONTAINS_SWIFT = NO;
				ENABLE_BITCODE = NO;
				ENABLE_STRICT_OBJC_MSGSEND = YES;
				ENABLE_TESTABILITY = YES;
				GCC_C_LANGUAGE_STANDARD = gnu99;
				GCC_DYNAMIC_NO_PIC = NO;
				GCC_OPTIMIZATION_LEVEL = 0;
				GCC_PREPROCESSOR_DEFINITIONS = (
					"DEBUG=1",
					"$(inherited)",
				);
				GCC_SYMBOLS_PRIVATE_EXTERN = NO;
				GCC_WARN_64_TO_32_BIT_CONVERSION = YES;
				GCC_WARN_ABOUT_RETURN_TYPE = YES_ERROR;
				GCC_WARN_UNDECLARED_SELECTOR = YES;
				GCC_WARN_UNINITIALIZED_AUTOS = YES_AGGRESSIVE;
				GCC_WARN_UNUSED_FUNCTION = YES;
				GCC_WARN_UNUSED_VARIABLE = YES;
				IPHONEOS_DEPLOYMENT_TARGET = 8.0;
				MTL_ENABLE_DEBUG_INFO = YES;
				ONLY_ACTIVE_ARCH = YES;
				SDKROOT = iphoneos;
				SWIFT_OPTIMIZATION_LEVEL = "-Owholemodule";
			};
			name = Debug;
		};
		C867FC861AD8FCB000F99592 /* Release */ = {
			isa = XCBuildConfiguration;
			buildSettings = {
				ALWAYS_SEARCH_USER_PATHS = NO;
				CLANG_CXX_LANGUAGE_STANDARD = "gnu++0x";
				CLANG_CXX_LIBRARY = "libc++";
				CLANG_ENABLE_MODULES = YES;
				CLANG_ENABLE_OBJC_ARC = YES;
				CLANG_WARN_BOOL_CONVERSION = YES;
				CLANG_WARN_CONSTANT_CONVERSION = YES;
				CLANG_WARN_DIRECT_OBJC_ISA_USAGE = YES_ERROR;
				CLANG_WARN_EMPTY_BODY = YES;
				CLANG_WARN_ENUM_CONVERSION = YES;
				CLANG_WARN_INT_CONVERSION = YES;
				CLANG_WARN_OBJC_ROOT_CLASS = YES_ERROR;
				CLANG_WARN_UNREACHABLE_CODE = YES;
				CLANG_WARN__DUPLICATE_METHOD_MATCH = YES;
				"CODE_SIGN_IDENTITY[sdk=iphoneos*]" = "iPhone Developer";
				COPY_PHASE_STRIP = NO;
				EMBEDDED_CONTENT_CONTAINS_SWIFT = NO;
				ENABLE_BITCODE = NO;
				ENABLE_NS_ASSERTIONS = NO;
				ENABLE_STRICT_OBJC_MSGSEND = YES;
				GCC_C_LANGUAGE_STANDARD = gnu99;
				GCC_WARN_64_TO_32_BIT_CONVERSION = YES;
				GCC_WARN_ABOUT_RETURN_TYPE = YES_ERROR;
				GCC_WARN_UNDECLARED_SELECTOR = YES;
				GCC_WARN_UNINITIALIZED_AUTOS = YES_AGGRESSIVE;
				GCC_WARN_UNUSED_FUNCTION = YES;
				GCC_WARN_UNUSED_VARIABLE = YES;
				IPHONEOS_DEPLOYMENT_TARGET = 8.0;
				MTL_ENABLE_DEBUG_INFO = NO;
				SDKROOT = iphoneos;
				SWIFT_OPTIMIZATION_LEVEL = "-Owholemodule";
				VALIDATE_PRODUCT = YES;
			};
			name = Release;
		};
		C867FC881AD8FCB000F99592 /* Debug */ = {
			isa = XCBuildConfiguration;
			buildSettings = {
				ASSETCATALOG_COMPILER_APPICON_NAME = AppIcon;
				CODE_SIGN_IDENTITY = "iPhone Developer";
				"CODE_SIGN_IDENTITY[sdk=iphoneos*]" = "iPhone Developer";
				EMBEDDED_CONTENT_CONTAINS_SWIFT = YES;
				FRAMEWORK_SEARCH_PATHS = (
					"$(inherited)",
					"$(PROJECT_DIR)",
					"$(PROJECT_DIR)/GetCarSwift",
				);
				INFOPLIST_FILE = GetCarSwift/Info.plist;
				IPHONEOS_DEPLOYMENT_TARGET = 8.0;
				LD_RUNPATH_SEARCH_PATHS = "$(inherited) @executable_path/Frameworks";
				OTHER_CFLAGS = "$(inherited)";
				PRODUCT_BUNDLE_IDENTIFIER = "com.gaike.$(PRODUCT_NAME:rfc1034identifier)";
				PRODUCT_NAME = "$(TARGET_NAME)";
				SWIFT_OBJC_BRIDGING_HEADER = "GetCarSwift/GetCarSwift-Bridging-Header.h";
				SWIFT_OPTIMIZATION_LEVEL = "-Owholemodule";
				TARGETED_DEVICE_FAMILY = 1;
			};
			name = Debug;
		};
		C867FC891AD8FCB000F99592 /* Release */ = {
			isa = XCBuildConfiguration;
			buildSettings = {
				ASSETCATALOG_COMPILER_APPICON_NAME = AppIcon;
				CODE_SIGN_IDENTITY = "iPhone Developer";
				"CODE_SIGN_IDENTITY[sdk=iphoneos*]" = "iPhone Developer";
				EMBEDDED_CONTENT_CONTAINS_SWIFT = YES;
				FRAMEWORK_SEARCH_PATHS = (
					"$(inherited)",
					"$(PROJECT_DIR)",
					"$(PROJECT_DIR)/GetCarSwift",
				);
				GCC_OPTIMIZATION_LEVEL = s;
				INFOPLIST_FILE = GetCarSwift/Info.plist;
				IPHONEOS_DEPLOYMENT_TARGET = 8.0;
				LD_RUNPATH_SEARCH_PATHS = "$(inherited) @executable_path/Frameworks";
				OTHER_CFLAGS = "$(inherited)";
				PRODUCT_BUNDLE_IDENTIFIER = "com.gaike.$(PRODUCT_NAME:rfc1034identifier)";
				PRODUCT_NAME = "$(TARGET_NAME)";
				PROVISIONING_PROFILE = "d0aa3ed6-28ac-4d9d-a0a7-894b9ef4b92f";
				SWIFT_OBJC_BRIDGING_HEADER = "GetCarSwift/GetCarSwift-Bridging-Header.h";
				SWIFT_OPTIMIZATION_LEVEL = "-Owholemodule";
				TARGETED_DEVICE_FAMILY = 1;
			};
			name = Release;
		};
		C867FC8B1AD8FCB000F99592 /* Debug */ = {
			isa = XCBuildConfiguration;
			buildSettings = {
				BUNDLE_LOADER = "$(TEST_HOST)";
				FRAMEWORK_SEARCH_PATHS = "$(inherited)";
				GCC_PREPROCESSOR_DEFINITIONS = (
					"DEBUG=1",
					"$(inherited)",
				);
				INFOPLIST_FILE = GetCarSwiftTests/Info.plist;
				LD_RUNPATH_SEARCH_PATHS = "$(inherited) @executable_path/Frameworks @loader_path/Frameworks";
				PRODUCT_BUNDLE_IDENTIFIER = "com.gaike.$(PRODUCT_NAME:rfc1034identifier)";
				PRODUCT_NAME = "$(TARGET_NAME)";
				TEST_HOST = "$(BUILT_PRODUCTS_DIR)/GetCarSwift.app/GetCarSwift";
			};
			name = Debug;
		};
		C867FC8C1AD8FCB000F99592 /* Release */ = {
			isa = XCBuildConfiguration;
			buildSettings = {
				BUNDLE_LOADER = "$(TEST_HOST)";
				FRAMEWORK_SEARCH_PATHS = "$(inherited)";
				INFOPLIST_FILE = GetCarSwiftTests/Info.plist;
				LD_RUNPATH_SEARCH_PATHS = "$(inherited) @executable_path/Frameworks @loader_path/Frameworks";
				PRODUCT_BUNDLE_IDENTIFIER = "com.gaike.$(PRODUCT_NAME:rfc1034identifier)";
				PRODUCT_NAME = "$(TARGET_NAME)";
				TEST_HOST = "$(BUILT_PRODUCTS_DIR)/GetCarSwift.app/GetCarSwift";
			};
			name = Release;
		};
/* End XCBuildConfiguration section */

/* Begin XCConfigurationList section */
		C867FC611AD8FCAF00F99592 /* Build configuration list for PBXProject "GetCarSwift" */ = {
			isa = XCConfigurationList;
			buildConfigurations = (
				C867FC851AD8FCB000F99592 /* Debug */,
				C867FC861AD8FCB000F99592 /* Release */,
			);
			defaultConfigurationIsVisible = 0;
			defaultConfigurationName = Release;
		};
		C867FC871AD8FCB000F99592 /* Build configuration list for PBXNativeTarget "GetCarSwift" */ = {
			isa = XCConfigurationList;
			buildConfigurations = (
				C867FC881AD8FCB000F99592 /* Debug */,
				C867FC891AD8FCB000F99592 /* Release */,
			);
			defaultConfigurationIsVisible = 0;
			defaultConfigurationName = Release;
		};
		C867FC8A1AD8FCB000F99592 /* Build configuration list for PBXNativeTarget "GetCarSwiftTests" */ = {
			isa = XCConfigurationList;
			buildConfigurations = (
				C867FC8B1AD8FCB000F99592 /* Debug */,
				C867FC8C1AD8FCB000F99592 /* Release */,
			);
			defaultConfigurationIsVisible = 0;
			defaultConfigurationName = Release;
		};
/* End XCConfigurationList section */
	};
	rootObject = C867FC5E1AD8FCAF00F99592 /* Project object */;
}
